
Microsoft Visual Studio Solution File, Format Version 10.00
# Visual Studio 2008
Project("{2150E333-8FDC-42A3-9474-1A3956D46DE8}") = "Core", "Core", "{1EAB961C-47EC-4015-B61E-E672AE1C82A1}"
EndProject
Project("{2150E333-8FDC-42A3-9474-1A3956D46DE8}") = "Platform Managers", "Platform Managers", "{676C7702-0B62-4E50-8211-EA5BC21A5DF5}"
EndProject
Project("{FAE04EC0-301F-11D3-BF4B-00C04F79EFBC}") = "Axiom.Platforms.Win32", "Axiom\Platforms\Win32\Axiom.Platforms.Win32.csproj", "{77AC0D3A-2A99-4EA6-A90E-C71BB53751C5}"
EndProject
Project("{FAE04EC0-301F-11D3-BF4B-00C04F79EFBC}") = "Axiom.Platforms.OpenTK", "Axiom\Platforms\OpenTK\Axiom.Platforms.OpenTK.csproj", "{081F78DE-8224-4CA6-BD34-8B7939CF21AB}"
EndProject
Project("{2150E333-8FDC-42A3-9474-1A3956D46DE8}") = "Render Systems", "Render Systems", "{FC473D51-36A2-4437-BC06-92A8E92374B7}"
EndProject
Project("{FAE04EC0-301F-11D3-BF4B-00C04F79EFBC}") = "Axiom.RenderSystems.DirectX9", "Axiom\RenderSystems\DirectX9\Axiom.RenderSystems.DirectX9.csproj", "{68DBB62F-F98D-47B5-A769-C20B461227AB}"
EndProject
Project("{FAE04EC0-301F-11D3-BF4B-00C04F79EFBC}") = "Axiom.RenderSystems.OpenGL.OpenTK", "Axiom\RenderSystems\OpenGL\Axiom.RenderSystems.OpenGL.OpenTK.csproj", "{B4CE9E05-F5E9-4839-A928-27B4D30F4EE3}"
EndProject
Project("{2150E333-8FDC-42A3-9474-1A3956D46DE8}") = "Scene Managers", "Scene Managers", "{E1A9CC1D-88A0-4CF6-9A8F-05E80D371DE4}"
EndProject
Project("{FAE04EC0-301F-11D3-BF4B-00C04F79EFBC}") = "Axiom.SceneManagers.Bsp", "Axiom\SceneManagers\Bsp\Axiom.SceneManagers.Bsp.csproj", "{161EA53F-8D78-4BD3-8217-442D94A593C1}"
EndProject
Project("{FAE04EC0-301F-11D3-BF4B-00C04F79EFBC}") = "Axiom.SceneManagers.Octree", "Axiom\SceneManagers\Octree\Axiom.SceneManagers.Octree.csproj", "{E0BB87B2-C59D-46D4-9AD9-A919E457E4EF}"
EndProject
Project("{FAE04EC0-301F-11D3-BF4B-00C04F79EFBC}") = "Axiom.SceneManagers.PortalConnected", "Axiom\SceneManagers\PCZ\Axiom.SceneManagers.PortalConnected.csproj", "{FF6735ED-CF54-4CF0-BE72-00C423EC07DD}"
EndProject
Project("{2150E333-8FDC-42A3-9474-1A3956D46DE8}") = "Plugins", "Plugins", "{DC26813F-4527-477E-8068-272E10CF5C37}"
EndProject
Project("{FAE04EC0-301F-11D3-BF4B-00C04F79EFBC}") = "Axiom.Plugins.CgProgramManager", "Axiom\Plugins\CgProgramManager\Axiom.Plugins.CgProgramManager.csproj", "{E2B64AA9-77C8-4BED-AB5B-10B2832E0D5B}"
EndProject
Project("{FAE04EC0-301F-11D3-BF4B-00C04F79EFBC}") = "Axiom.Plugins.ParticleFX", "Axiom\Plugins\ParticleFX\Axiom.Plugins.ParticleFX.csproj", "{F81F1AAF-8BC9-4064-94C2-AD0C0A9C0ED1}"
EndProject
Project("{FAE04EC0-301F-11D3-BF4B-00C04F79EFBC}") = "Axiom.Plugins.DevILCodecs", "Axiom\Plugins\DevILCodecs\Axiom.Plugins.DevILCodecs.csproj", "{B2BB7F09-2AD3-49C4-9268-D33BC13AA5E7}"
EndProject
Project("{FAE04EC0-301F-11D3-BF4B-00C04F79EFBC}") = "Axiom.Plugins.SystemDrawingCodecs", "Axiom\Plugins\Axiom.Plugins.SystemDrawingCodecs\Axiom.Plugins.SystemDrawingCodecs.csproj", "{7440613A-4487-46BE-998E-25F554ACE980}"
EndProject
Project("{FAE04EC0-301F-11D3-BF4B-00C04F79EFBC}") = "Axiom", "Axiom\Engine\Axiom.csproj", "{BAA6AE8A-B259-4883-9805-CE538660A59A}"
EndProject
Project("{2150E333-8FDC-42A3-9474-1A3956D46DE8}") = "Demos", "Demos", "{2A0C6270-CDA1-46F8-A4D8-09C005ECF3F9}"
EndProject
Project("{FAE04EC0-301F-11D3-BF4B-00C04F79EFBC}") = "Axiom.Demos", "AxiomDemos\Source\Demos\Axiom.Demos.csproj", "{C7286349-8DBA-4A39-991C-3D848AB10CCE}"
EndProject
Project("{FAE04EC0-301F-11D3-BF4B-00C04F79EFBC}") = "Axiom.Demos.Browser.WinForm.DirectX", "AxiomDemos\Source\Browser\WinForm\Axiom.Demos.Browser.WinForm.DirectX.csproj", "{EE5785DC-D49E-44DD-BFDA-DD776C012704}"
EndProject
Project("{FAE04EC0-301F-11D3-BF4B-00C04F79EFBC}") = "Axiom.Demos.Browser.WinForm.OpenGL", "AxiomDemos\Source\Browser\WinForm\Axiom.Demos.Browser.WinForm.OpenGL.csproj", "{9ABE0570-61D4-4C81-BDD4-860ABADFDA6E}"
EndProject
Project("{2150E333-8FDC-42A3-9474-1A3956D46DE8}") = "Solution Items", "Solution Items", "{CDC63BED-5686-4A70-A0F7-C383CE74F536}"
	ProjectSection(SolutionItems) = preProject
		..\ChangeLog.txt = ..\ChangeLog.txt
		..\Credits.txt = ..\Credits.txt
		..\license.txt = ..\license.txt
		..\readme.html = ..\readme.html
	EndProjectSection
EndProject
Project("{2150E333-8FDC-42A3-9474-1A3956D46DE8}") = "Tests", "Tests", "{0BA7646B-43C2-4D85-B82E-162A71C98E06}"
EndProject
Project("{FAE04EC0-301F-11D3-BF4B-00C04F79EFBC}") = "Axiom.Tests.Unit", "Tests\Axiom.Tests.Unit\Axiom.Tests.Unit.csproj", "{A836B773-8B22-4713-A9D4-D4E32BA73296}"
EndProject
Project("{FAE04EC0-301F-11D3-BF4B-00C04F79EFBC}") = "Axiom.Tests.Integration", "Tests\Axiom.Tests.Integration\Axiom.Tests.Integration.csproj", "{8124ACE3-BDDE-4545-95E2-2B705181258B}"
EndProject
Project("{FAE04EC0-301F-11D3-BF4B-00C04F79EFBC}") = "Axiom.Plugins.OctreeZone", "Axiom\Plugins\OctreeZone\Axiom.Plugins.OctreeZone.csproj", "{EB34FCD5-0CFB-41DA-BE80-1DFC703245B0}"
EndProject
Global
	GlobalSection(SolutionConfigurationPlatforms) = preSolution
		Debug|x64 = Debug|x64
		Debug|x86 = Debug|x86
		DirectX Debug|x64 = DirectX Debug|x64
		DirectX Debug|x86 = DirectX Debug|x86
		DirectX Release|x64 = DirectX Release|x64
		DirectX Release|x86 = DirectX Release|x86
		OpenGL Debug|x64 = OpenGL Debug|x64
		OpenGL Debug|x86 = OpenGL Debug|x86
		OpenGL Release|x64 = OpenGL Release|x64
		OpenGL Release|x86 = OpenGL Release|x86
		Release|x64 = Release|x64
		Release|x86 = Release|x86
		Xna Debug|x64 = Xna Debug|x64
		Xna Debug|x86 = Xna Debug|x86
		Xna Release|x64 = Xna Release|x64
		Xna Release|x86 = Xna Release|x86
	EndGlobalSection
	GlobalSection(ProjectConfigurationPlatforms) = postSolution
		{77AC0D3A-2A99-4EA6-A90E-C71BB53751C5}.Debug|x64.ActiveCfg = Debug|x86
		{77AC0D3A-2A99-4EA6-A90E-C71BB53751C5}.Debug|x86.ActiveCfg = Debug|x86
		{77AC0D3A-2A99-4EA6-A90E-C71BB53751C5}.Debug|x86.Build.0 = Debug|x86
		{77AC0D3A-2A99-4EA6-A90E-C71BB53751C5}.DirectX Debug|x64.ActiveCfg = Debug|x86
		{77AC0D3A-2A99-4EA6-A90E-C71BB53751C5}.DirectX Debug|x86.ActiveCfg = Debug|x86
		{77AC0D3A-2A99-4EA6-A90E-C71BB53751C5}.DirectX Debug|x86.Build.0 = Debug|x86
		{77AC0D3A-2A99-4EA6-A90E-C71BB53751C5}.DirectX Release|x64.ActiveCfg = Release|x86
		{77AC0D3A-2A99-4EA6-A90E-C71BB53751C5}.DirectX Release|x86.ActiveCfg = Release|x86
		{77AC0D3A-2A99-4EA6-A90E-C71BB53751C5}.DirectX Release|x86.Build.0 = Release|x86
		{77AC0D3A-2A99-4EA6-A90E-C71BB53751C5}.OpenGL Debug|x64.ActiveCfg = Debug|x86
		{77AC0D3A-2A99-4EA6-A90E-C71BB53751C5}.OpenGL Debug|x86.ActiveCfg = Debug|x86
		{77AC0D3A-2A99-4EA6-A90E-C71BB53751C5}.OpenGL Release|x64.ActiveCfg = Release|x86
		{77AC0D3A-2A99-4EA6-A90E-C71BB53751C5}.OpenGL Release|x86.ActiveCfg = Release|x86
		{77AC0D3A-2A99-4EA6-A90E-C71BB53751C5}.Release|x64.ActiveCfg = Release|x86
		{77AC0D3A-2A99-4EA6-A90E-C71BB53751C5}.Release|x86.ActiveCfg = Release|x86
		{77AC0D3A-2A99-4EA6-A90E-C71BB53751C5}.Release|x86.Build.0 = Release|x86
		{77AC0D3A-2A99-4EA6-A90E-C71BB53751C5}.Xna Debug|x64.ActiveCfg = Debug|x86
		{77AC0D3A-2A99-4EA6-A90E-C71BB53751C5}.Xna Debug|x86.ActiveCfg = Debug|x86
		{77AC0D3A-2A99-4EA6-A90E-C71BB53751C5}.Xna Debug|x86.Build.0 = Debug|x86
		{77AC0D3A-2A99-4EA6-A90E-C71BB53751C5}.Xna Release|x64.ActiveCfg = Release|x86
		{77AC0D3A-2A99-4EA6-A90E-C71BB53751C5}.Xna Release|x86.ActiveCfg = Release|x86
		{77AC0D3A-2A99-4EA6-A90E-C71BB53751C5}.Xna Release|x86.Build.0 = Release|x86
		{081F78DE-8224-4CA6-BD34-8B7939CF21AB}.Debug|x64.ActiveCfg = Debug|x86
		{081F78DE-8224-4CA6-BD34-8B7939CF21AB}.Debug|x86.ActiveCfg = Debug|x86
		{081F78DE-8224-4CA6-BD34-8B7939CF21AB}.Debug|x86.Build.0 = Debug|x86
		{081F78DE-8224-4CA6-BD34-8B7939CF21AB}.DirectX Debug|x64.ActiveCfg = Debug|x86
		{081F78DE-8224-4CA6-BD34-8B7939CF21AB}.DirectX Debug|x86.ActiveCfg = Debug|x86
		{081F78DE-8224-4CA6-BD34-8B7939CF21AB}.DirectX Release|x64.ActiveCfg = Release|x86
		{081F78DE-8224-4CA6-BD34-8B7939CF21AB}.DirectX Release|x86.ActiveCfg = Release|x86
		{081F78DE-8224-4CA6-BD34-8B7939CF21AB}.OpenGL Debug|x64.ActiveCfg = Debug|x86
		{081F78DE-8224-4CA6-BD34-8B7939CF21AB}.OpenGL Debug|x86.ActiveCfg = Debug|x86
		{081F78DE-8224-4CA6-BD34-8B7939CF21AB}.OpenGL Debug|x86.Build.0 = Debug|x86
		{081F78DE-8224-4CA6-BD34-8B7939CF21AB}.OpenGL Release|x64.ActiveCfg = Release|x86
		{081F78DE-8224-4CA6-BD34-8B7939CF21AB}.OpenGL Release|x86.ActiveCfg = Release|x86
		{081F78DE-8224-4CA6-BD34-8B7939CF21AB}.OpenGL Release|x86.Build.0 = Release|x86
		{081F78DE-8224-4CA6-BD34-8B7939CF21AB}.Release|x64.ActiveCfg = Release|x86
		{081F78DE-8224-4CA6-BD34-8B7939CF21AB}.Release|x86.ActiveCfg = Release|x86
		{081F78DE-8224-4CA6-BD34-8B7939CF21AB}.Release|x86.Build.0 = Release|x86
		{081F78DE-8224-4CA6-BD34-8B7939CF21AB}.Xna Debug|x64.ActiveCfg = Debug|x86
		{081F78DE-8224-4CA6-BD34-8B7939CF21AB}.Xna Debug|x86.ActiveCfg = Debug|x86
		{081F78DE-8224-4CA6-BD34-8B7939CF21AB}.Xna Release|x64.ActiveCfg = Release|x86
		{081F78DE-8224-4CA6-BD34-8B7939CF21AB}.Xna Release|x86.ActiveCfg = Release|x86
		{68DBB62F-F98D-47B5-A769-C20B461227AB}.Debug|x64.ActiveCfg = Debug|x86
		{68DBB62F-F98D-47B5-A769-C20B461227AB}.Debug|x86.ActiveCfg = Debug|x86
		{68DBB62F-F98D-47B5-A769-C20B461227AB}.Debug|x86.Build.0 = Debug|x86
		{68DBB62F-F98D-47B5-A769-C20B461227AB}.DirectX Debug|x64.ActiveCfg = Debug|x86
		{68DBB62F-F98D-47B5-A769-C20B461227AB}.DirectX Debug|x86.ActiveCfg = Debug|x86
		{68DBB62F-F98D-47B5-A769-C20B461227AB}.DirectX Debug|x86.Build.0 = Debug|x86
		{68DBB62F-F98D-47B5-A769-C20B461227AB}.DirectX Release|x64.ActiveCfg = Release|x86
		{68DBB62F-F98D-47B5-A769-C20B461227AB}.DirectX Release|x86.ActiveCfg = Release|x86
		{68DBB62F-F98D-47B5-A769-C20B461227AB}.DirectX Release|x86.Build.0 = Release|x86
		{68DBB62F-F98D-47B5-A769-C20B461227AB}.OpenGL Debug|x64.ActiveCfg = Debug|x86
		{68DBB62F-F98D-47B5-A769-C20B461227AB}.OpenGL Debug|x86.ActiveCfg = Debug|x86
		{68DBB62F-F98D-47B5-A769-C20B461227AB}.OpenGL Release|x64.ActiveCfg = Release|x86
		{68DBB62F-F98D-47B5-A769-C20B461227AB}.OpenGL Release|x86.ActiveCfg = Release|x86
		{68DBB62F-F98D-47B5-A769-C20B461227AB}.Release|x64.ActiveCfg = Release|x86
		{68DBB62F-F98D-47B5-A769-C20B461227AB}.Release|x86.ActiveCfg = Release|x86
		{68DBB62F-F98D-47B5-A769-C20B461227AB}.Release|x86.Build.0 = Release|x86
		{68DBB62F-F98D-47B5-A769-C20B461227AB}.Xna Debug|x64.ActiveCfg = Debug|x86
		{68DBB62F-F98D-47B5-A769-C20B461227AB}.Xna Debug|x86.ActiveCfg = Debug|x86
		{68DBB62F-F98D-47B5-A769-C20B461227AB}.Xna Release|x64.ActiveCfg = Release|x86
		{68DBB62F-F98D-47B5-A769-C20B461227AB}.Xna Release|x86.ActiveCfg = Release|x86
		{B4CE9E05-F5E9-4839-A928-27B4D30F4EE3}.Debug|x64.ActiveCfg = Debug|x86
		{B4CE9E05-F5E9-4839-A928-27B4D30F4EE3}.Debug|x86.ActiveCfg = Debug|x86
		{B4CE9E05-F5E9-4839-A928-27B4D30F4EE3}.Debug|x86.Build.0 = Debug|x86
		{B4CE9E05-F5E9-4839-A928-27B4D30F4EE3}.DirectX Debug|x64.ActiveCfg = Debug|x86
		{B4CE9E05-F5E9-4839-A928-27B4D30F4EE3}.DirectX Debug|x86.ActiveCfg = Debug|x86
		{B4CE9E05-F5E9-4839-A928-27B4D30F4EE3}.DirectX Release|x64.ActiveCfg = Release|x86
		{B4CE9E05-F5E9-4839-A928-27B4D30F4EE3}.DirectX Release|x86.ActiveCfg = Release|x86
		{B4CE9E05-F5E9-4839-A928-27B4D30F4EE3}.OpenGL Debug|x64.ActiveCfg = Debug|x86
		{B4CE9E05-F5E9-4839-A928-27B4D30F4EE3}.OpenGL Debug|x86.ActiveCfg = Debug|x86
		{B4CE9E05-F5E9-4839-A928-27B4D30F4EE3}.OpenGL Debug|x86.Build.0 = Debug|x86
		{B4CE9E05-F5E9-4839-A928-27B4D30F4EE3}.OpenGL Release|x64.ActiveCfg = Release|x86
		{B4CE9E05-F5E9-4839-A928-27B4D30F4EE3}.OpenGL Release|x86.ActiveCfg = Release|x86
		{B4CE9E05-F5E9-4839-A928-27B4D30F4EE3}.OpenGL Release|x86.Build.0 = Release|x86
		{B4CE9E05-F5E9-4839-A928-27B4D30F4EE3}.Release|x64.ActiveCfg = Release|x86
		{B4CE9E05-F5E9-4839-A928-27B4D30F4EE3}.Release|x86.ActiveCfg = Release|x86
		{B4CE9E05-F5E9-4839-A928-27B4D30F4EE3}.Release|x86.Build.0 = Release|x86
		{B4CE9E05-F5E9-4839-A928-27B4D30F4EE3}.Xna Debug|x64.ActiveCfg = Debug|x86
		{B4CE9E05-F5E9-4839-A928-27B4D30F4EE3}.Xna Debug|x86.ActiveCfg = Debug|x86
		{B4CE9E05-F5E9-4839-A928-27B4D30F4EE3}.Xna Release|x64.ActiveCfg = Release|x86
		{B4CE9E05-F5E9-4839-A928-27B4D30F4EE3}.Xna Release|x86.ActiveCfg = Release|x86
		{161EA53F-8D78-4BD3-8217-442D94A593C1}.Debug|x64.ActiveCfg = Debug|x86
		{161EA53F-8D78-4BD3-8217-442D94A593C1}.Debug|x86.ActiveCfg = Debug|x86
		{161EA53F-8D78-4BD3-8217-442D94A593C1}.Debug|x86.Build.0 = Debug|x86
		{161EA53F-8D78-4BD3-8217-442D94A593C1}.DirectX Debug|x64.ActiveCfg = Debug|x86
		{161EA53F-8D78-4BD3-8217-442D94A593C1}.DirectX Debug|x86.ActiveCfg = Debug|x86
		{161EA53F-8D78-4BD3-8217-442D94A593C1}.DirectX Debug|x86.Build.0 = Debug|x86
		{161EA53F-8D78-4BD3-8217-442D94A593C1}.DirectX Release|x64.ActiveCfg = Release|x86
		{161EA53F-8D78-4BD3-8217-442D94A593C1}.DirectX Release|x86.ActiveCfg = Release|x86
		{161EA53F-8D78-4BD3-8217-442D94A593C1}.DirectX Release|x86.Build.0 = Release|x86
		{161EA53F-8D78-4BD3-8217-442D94A593C1}.OpenGL Debug|x64.ActiveCfg = Debug|x86
		{161EA53F-8D78-4BD3-8217-442D94A593C1}.OpenGL Debug|x86.ActiveCfg = Debug|x86
		{161EA53F-8D78-4BD3-8217-442D94A593C1}.OpenGL Debug|x86.Build.0 = Debug|x86
		{161EA53F-8D78-4BD3-8217-442D94A593C1}.OpenGL Release|x64.ActiveCfg = Release|x86
		{161EA53F-8D78-4BD3-8217-442D94A593C1}.OpenGL Release|x86.ActiveCfg = Release|x86
		{161EA53F-8D78-4BD3-8217-442D94A593C1}.OpenGL Release|x86.Build.0 = Release|x86
		{161EA53F-8D78-4BD3-8217-442D94A593C1}.Release|x64.ActiveCfg = Release|x86
		{161EA53F-8D78-4BD3-8217-442D94A593C1}.Release|x86.ActiveCfg = Release|x86
		{161EA53F-8D78-4BD3-8217-442D94A593C1}.Release|x86.Build.0 = Release|x86
		{161EA53F-8D78-4BD3-8217-442D94A593C1}.Xna Debug|x64.ActiveCfg = Debug|x86
		{161EA53F-8D78-4BD3-8217-442D94A593C1}.Xna Debug|x86.ActiveCfg = Debug|x86
		{161EA53F-8D78-4BD3-8217-442D94A593C1}.Xna Debug|x86.Build.0 = Debug|x86
		{161EA53F-8D78-4BD3-8217-442D94A593C1}.Xna Release|x64.ActiveCfg = Release|x86
		{161EA53F-8D78-4BD3-8217-442D94A593C1}.Xna Release|x86.ActiveCfg = Release|x86
		{161EA53F-8D78-4BD3-8217-442D94A593C1}.Xna Release|x86.Build.0 = Release|x86
		{E0BB87B2-C59D-46D4-9AD9-A919E457E4EF}.Debug|x64.ActiveCfg = Debug|x86
		{E0BB87B2-C59D-46D4-9AD9-A919E457E4EF}.Debug|x86.ActiveCfg = Debug|x86
		{E0BB87B2-C59D-46D4-9AD9-A919E457E4EF}.Debug|x86.Build.0 = Debug|x86
		{E0BB87B2-C59D-46D4-9AD9-A919E457E4EF}.DirectX Debug|x64.ActiveCfg = Debug|x86
		{E0BB87B2-C59D-46D4-9AD9-A919E457E4EF}.DirectX Debug|x86.ActiveCfg = Debug|x86
		{E0BB87B2-C59D-46D4-9AD9-A919E457E4EF}.DirectX Debug|x86.Build.0 = Debug|x86
		{E0BB87B2-C59D-46D4-9AD9-A919E457E4EF}.DirectX Release|x64.ActiveCfg = Release|x86
		{E0BB87B2-C59D-46D4-9AD9-A919E457E4EF}.DirectX Release|x86.ActiveCfg = Release|x86
		{E0BB87B2-C59D-46D4-9AD9-A919E457E4EF}.DirectX Release|x86.Build.0 = Release|x86
		{E0BB87B2-C59D-46D4-9AD9-A919E457E4EF}.OpenGL Debug|x64.ActiveCfg = Debug|x86
		{E0BB87B2-C59D-46D4-9AD9-A919E457E4EF}.OpenGL Debug|x86.ActiveCfg = Debug|x86
		{E0BB87B2-C59D-46D4-9AD9-A919E457E4EF}.OpenGL Debug|x86.Build.0 = Debug|x86
		{E0BB87B2-C59D-46D4-9AD9-A919E457E4EF}.OpenGL Release|x64.ActiveCfg = Release|x86
		{E0BB87B2-C59D-46D4-9AD9-A919E457E4EF}.OpenGL Release|x86.ActiveCfg = Release|x86
		{E0BB87B2-C59D-46D4-9AD9-A919E457E4EF}.OpenGL Release|x86.Build.0 = Release|x86
		{E0BB87B2-C59D-46D4-9AD9-A919E457E4EF}.Release|x64.ActiveCfg = Release|x86
		{E0BB87B2-C59D-46D4-9AD9-A919E457E4EF}.Release|x86.ActiveCfg = Release|x86
		{E0BB87B2-C59D-46D4-9AD9-A919E457E4EF}.Release|x86.Build.0 = Release|x86
		{E0BB87B2-C59D-46D4-9AD9-A919E457E4EF}.Xna Debug|x64.ActiveCfg = Debug|x86
		{E0BB87B2-C59D-46D4-9AD9-A919E457E4EF}.Xna Debug|x86.ActiveCfg = Debug|x86
		{E0BB87B2-C59D-46D4-9AD9-A919E457E4EF}.Xna Debug|x86.Build.0 = Debug|x86
		{E0BB87B2-C59D-46D4-9AD9-A919E457E4EF}.Xna Release|x64.ActiveCfg = Release|x86
		{E0BB87B2-C59D-46D4-9AD9-A919E457E4EF}.Xna Release|x86.ActiveCfg = Release|x86
		{E0BB87B2-C59D-46D4-9AD9-A919E457E4EF}.Xna Release|x86.Build.0 = Release|x86
		{FF6735ED-CF54-4CF0-BE72-00C423EC07DD}.Debug|x64.ActiveCfg = Debug|x86
		{FF6735ED-CF54-4CF0-BE72-00C423EC07DD}.Debug|x86.ActiveCfg = Debug|x86
		{FF6735ED-CF54-4CF0-BE72-00C423EC07DD}.Debug|x86.Build.0 = Debug|x86
		{FF6735ED-CF54-4CF0-BE72-00C423EC07DD}.DirectX Debug|x64.ActiveCfg = Debug|x86
		{FF6735ED-CF54-4CF0-BE72-00C423EC07DD}.DirectX Debug|x86.ActiveCfg = Debug|x86
		{FF6735ED-CF54-4CF0-BE72-00C423EC07DD}.DirectX Debug|x86.Build.0 = Debug|x86
		{FF6735ED-CF54-4CF0-BE72-00C423EC07DD}.DirectX Release|x64.ActiveCfg = Release|x86
		{FF6735ED-CF54-4CF0-BE72-00C423EC07DD}.DirectX Release|x86.ActiveCfg = Release|x86
		{FF6735ED-CF54-4CF0-BE72-00C423EC07DD}.DirectX Release|x86.Build.0 = Release|x86
		{FF6735ED-CF54-4CF0-BE72-00C423EC07DD}.OpenGL Debug|x64.ActiveCfg = Debug|x86
		{FF6735ED-CF54-4CF0-BE72-00C423EC07DD}.OpenGL Debug|x86.ActiveCfg = Debug|x86
		{FF6735ED-CF54-4CF0-BE72-00C423EC07DD}.OpenGL Debug|x86.Build.0 = Debug|x86
		{FF6735ED-CF54-4CF0-BE72-00C423EC07DD}.OpenGL Release|x64.ActiveCfg = Release|x86
		{FF6735ED-CF54-4CF0-BE72-00C423EC07DD}.OpenGL Release|x86.ActiveCfg = Release|x86
		{FF6735ED-CF54-4CF0-BE72-00C423EC07DD}.OpenGL Release|x86.Build.0 = Release|x86
		{FF6735ED-CF54-4CF0-BE72-00C423EC07DD}.Release|x64.ActiveCfg = Release|x86
		{FF6735ED-CF54-4CF0-BE72-00C423EC07DD}.Release|x86.ActiveCfg = Release|x86
		{FF6735ED-CF54-4CF0-BE72-00C423EC07DD}.Release|x86.Build.0 = Release|x86
		{FF6735ED-CF54-4CF0-BE72-00C423EC07DD}.Xna Debug|x64.ActiveCfg = Debug|x86
		{FF6735ED-CF54-4CF0-BE72-00C423EC07DD}.Xna Debug|x86.ActiveCfg = Debug|x86
		{FF6735ED-CF54-4CF0-BE72-00C423EC07DD}.Xna Debug|x86.Build.0 = Debug|x86
		{FF6735ED-CF54-4CF0-BE72-00C423EC07DD}.Xna Release|x64.ActiveCfg = Release|x86
		{FF6735ED-CF54-4CF0-BE72-00C423EC07DD}.Xna Release|x86.ActiveCfg = Release|x86
		{FF6735ED-CF54-4CF0-BE72-00C423EC07DD}.Xna Release|x86.Build.0 = Release|x86
		{E2B64AA9-77C8-4BED-AB5B-10B2832E0D5B}.Debug|x64.ActiveCfg = Debug|x86
		{E2B64AA9-77C8-4BED-AB5B-10B2832E0D5B}.Debug|x86.ActiveCfg = Debug|x86
		{E2B64AA9-77C8-4BED-AB5B-10B2832E0D5B}.Debug|x86.Build.0 = Debug|x86
		{E2B64AA9-77C8-4BED-AB5B-10B2832E0D5B}.DirectX Debug|x64.ActiveCfg = Debug|x86
		{E2B64AA9-77C8-4BED-AB5B-10B2832E0D5B}.DirectX Debug|x86.ActiveCfg = Debug|x86
		{E2B64AA9-77C8-4BED-AB5B-10B2832E0D5B}.DirectX Debug|x86.Build.0 = Debug|x86
		{E2B64AA9-77C8-4BED-AB5B-10B2832E0D5B}.DirectX Release|x64.ActiveCfg = Release|x86
		{E2B64AA9-77C8-4BED-AB5B-10B2832E0D5B}.DirectX Release|x86.ActiveCfg = Release|x86
		{E2B64AA9-77C8-4BED-AB5B-10B2832E0D5B}.DirectX Release|x86.Build.0 = Release|x86
		{E2B64AA9-77C8-4BED-AB5B-10B2832E0D5B}.OpenGL Debug|x64.ActiveCfg = Debug|x86
		{E2B64AA9-77C8-4BED-AB5B-10B2832E0D5B}.OpenGL Debug|x86.ActiveCfg = Debug|x86
		{E2B64AA9-77C8-4BED-AB5B-10B2832E0D5B}.OpenGL Debug|x86.Build.0 = Debug|x86
		{E2B64AA9-77C8-4BED-AB5B-10B2832E0D5B}.OpenGL Release|x64.ActiveCfg = Release|x86
		{E2B64AA9-77C8-4BED-AB5B-10B2832E0D5B}.OpenGL Release|x86.ActiveCfg = Release|x86
		{E2B64AA9-77C8-4BED-AB5B-10B2832E0D5B}.OpenGL Release|x86.Build.0 = Release|x86
		{E2B64AA9-77C8-4BED-AB5B-10B2832E0D5B}.Release|x64.ActiveCfg = Release|x86
		{E2B64AA9-77C8-4BED-AB5B-10B2832E0D5B}.Release|x86.ActiveCfg = Release|x86
		{E2B64AA9-77C8-4BED-AB5B-10B2832E0D5B}.Release|x86.Build.0 = Release|x86
		{E2B64AA9-77C8-4BED-AB5B-10B2832E0D5B}.Xna Debug|x64.ActiveCfg = Debug|x86
		{E2B64AA9-77C8-4BED-AB5B-10B2832E0D5B}.Xna Debug|x86.ActiveCfg = Debug|x86
		{E2B64AA9-77C8-4BED-AB5B-10B2832E0D5B}.Xna Debug|x86.Build.0 = Debug|x86
		{E2B64AA9-77C8-4BED-AB5B-10B2832E0D5B}.Xna Release|x64.ActiveCfg = Release|x86
		{E2B64AA9-77C8-4BED-AB5B-10B2832E0D5B}.Xna Release|x86.ActiveCfg = Release|x86
		{E2B64AA9-77C8-4BED-AB5B-10B2832E0D5B}.Xna Release|x86.Build.0 = Release|x86
		{F81F1AAF-8BC9-4064-94C2-AD0C0A9C0ED1}.Debug|x64.ActiveCfg = Debug|x86
		{F81F1AAF-8BC9-4064-94C2-AD0C0A9C0ED1}.Debug|x86.ActiveCfg = Debug|x86
		{F81F1AAF-8BC9-4064-94C2-AD0C0A9C0ED1}.Debug|x86.Build.0 = Debug|x86
		{F81F1AAF-8BC9-4064-94C2-AD0C0A9C0ED1}.DirectX Debug|x64.ActiveCfg = Debug|x86
		{F81F1AAF-8BC9-4064-94C2-AD0C0A9C0ED1}.DirectX Debug|x86.ActiveCfg = Debug|x86
		{F81F1AAF-8BC9-4064-94C2-AD0C0A9C0ED1}.DirectX Debug|x86.Build.0 = Debug|x86
		{F81F1AAF-8BC9-4064-94C2-AD0C0A9C0ED1}.DirectX Release|x64.ActiveCfg = Release|x86
		{F81F1AAF-8BC9-4064-94C2-AD0C0A9C0ED1}.DirectX Release|x86.ActiveCfg = Release|x86
		{F81F1AAF-8BC9-4064-94C2-AD0C0A9C0ED1}.DirectX Release|x86.Build.0 = Release|x86
		{F81F1AAF-8BC9-4064-94C2-AD0C0A9C0ED1}.OpenGL Debug|x64.ActiveCfg = Debug|x86
		{F81F1AAF-8BC9-4064-94C2-AD0C0A9C0ED1}.OpenGL Debug|x86.ActiveCfg = Debug|x86
		{F81F1AAF-8BC9-4064-94C2-AD0C0A9C0ED1}.OpenGL Debug|x86.Build.0 = Debug|x86
		{F81F1AAF-8BC9-4064-94C2-AD0C0A9C0ED1}.OpenGL Release|x64.ActiveCfg = Release|x86
		{F81F1AAF-8BC9-4064-94C2-AD0C0A9C0ED1}.OpenGL Release|x86.ActiveCfg = Release|x86
		{F81F1AAF-8BC9-4064-94C2-AD0C0A9C0ED1}.OpenGL Release|x86.Build.0 = Release|x86
		{F81F1AAF-8BC9-4064-94C2-AD0C0A9C0ED1}.Release|x64.ActiveCfg = Release|x86
		{F81F1AAF-8BC9-4064-94C2-AD0C0A9C0ED1}.Release|x86.ActiveCfg = Release|x86
		{F81F1AAF-8BC9-4064-94C2-AD0C0A9C0ED1}.Release|x86.Build.0 = Release|x86
		{F81F1AAF-8BC9-4064-94C2-AD0C0A9C0ED1}.Xna Debug|x64.ActiveCfg = Debug|x86
		{F81F1AAF-8BC9-4064-94C2-AD0C0A9C0ED1}.Xna Debug|x86.ActiveCfg = Debug|x86
		{F81F1AAF-8BC9-4064-94C2-AD0C0A9C0ED1}.Xna Debug|x86.Build.0 = Debug|x86
		{F81F1AAF-8BC9-4064-94C2-AD0C0A9C0ED1}.Xna Release|x64.ActiveCfg = Release|x86
		{F81F1AAF-8BC9-4064-94C2-AD0C0A9C0ED1}.Xna Release|x86.ActiveCfg = Release|x86
		{F81F1AAF-8BC9-4064-94C2-AD0C0A9C0ED1}.Xna Release|x86.Build.0 = Release|x86
		{B2BB7F09-2AD3-49C4-9268-D33BC13AA5E7}.Debug|x64.ActiveCfg = Debug|x86
		{B2BB7F09-2AD3-49C4-9268-D33BC13AA5E7}.Debug|x86.ActiveCfg = Debug|x86
		{B2BB7F09-2AD3-49C4-9268-D33BC13AA5E7}.Debug|x86.Build.0 = Debug|x86
		{B2BB7F09-2AD3-49C4-9268-D33BC13AA5E7}.DirectX Debug|x64.ActiveCfg = Debug|x86
		{B2BB7F09-2AD3-49C4-9268-D33BC13AA5E7}.DirectX Debug|x86.ActiveCfg = Debug|x86
		{B2BB7F09-2AD3-49C4-9268-D33BC13AA5E7}.DirectX Debug|x86.Build.0 = Debug|x86
		{B2BB7F09-2AD3-49C4-9268-D33BC13AA5E7}.DirectX Release|x64.ActiveCfg = Release|x86
		{B2BB7F09-2AD3-49C4-9268-D33BC13AA5E7}.DirectX Release|x86.ActiveCfg = Release|x86
		{B2BB7F09-2AD3-49C4-9268-D33BC13AA5E7}.DirectX Release|x86.Build.0 = Release|x86
		{B2BB7F09-2AD3-49C4-9268-D33BC13AA5E7}.OpenGL Debug|x64.ActiveCfg = Debug|x86
		{B2BB7F09-2AD3-49C4-9268-D33BC13AA5E7}.OpenGL Debug|x86.ActiveCfg = Debug|x86
		{B2BB7F09-2AD3-49C4-9268-D33BC13AA5E7}.OpenGL Debug|x86.Build.0 = Debug|x86
		{B2BB7F09-2AD3-49C4-9268-D33BC13AA5E7}.OpenGL Release|x64.ActiveCfg = Release|x86
		{B2BB7F09-2AD3-49C4-9268-D33BC13AA5E7}.OpenGL Release|x86.ActiveCfg = Release|x86
		{B2BB7F09-2AD3-49C4-9268-D33BC13AA5E7}.OpenGL Release|x86.Build.0 = Release|x86
		{B2BB7F09-2AD3-49C4-9268-D33BC13AA5E7}.Release|x64.ActiveCfg = Release|x86
		{B2BB7F09-2AD3-49C4-9268-D33BC13AA5E7}.Release|x86.ActiveCfg = Release|x86
		{B2BB7F09-2AD3-49C4-9268-D33BC13AA5E7}.Release|x86.Build.0 = Release|x86
		{B2BB7F09-2AD3-49C4-9268-D33BC13AA5E7}.Xna Debug|x64.ActiveCfg = Debug|x86
		{B2BB7F09-2AD3-49C4-9268-D33BC13AA5E7}.Xna Debug|x86.ActiveCfg = Debug|x86
		{B2BB7F09-2AD3-49C4-9268-D33BC13AA5E7}.Xna Debug|x86.Build.0 = Debug|x86
		{B2BB7F09-2AD3-49C4-9268-D33BC13AA5E7}.Xna Release|x64.ActiveCfg = Release|x86
		{B2BB7F09-2AD3-49C4-9268-D33BC13AA5E7}.Xna Release|x86.ActiveCfg = Release|x86
		{B2BB7F09-2AD3-49C4-9268-D33BC13AA5E7}.Xna Release|x86.Build.0 = Release|x86
		{7440613A-4487-46BE-998E-25F554ACE980}.Debug|x64.ActiveCfg = Debug|x86
		{7440613A-4487-46BE-998E-25F554ACE980}.Debug|x86.ActiveCfg = Debug|x86
		{7440613A-4487-46BE-998E-25F554ACE980}.Debug|x86.Build.0 = Debug|x86
		{7440613A-4487-46BE-998E-25F554ACE980}.DirectX Debug|x64.ActiveCfg = Debug|x86
		{7440613A-4487-46BE-998E-25F554ACE980}.DirectX Debug|x86.ActiveCfg = Debug|x86
		{7440613A-4487-46BE-998E-25F554ACE980}.DirectX Debug|x86.Build.0 = Debug|x86
		{7440613A-4487-46BE-998E-25F554ACE980}.DirectX Release|x64.ActiveCfg = Release|x86
		{7440613A-4487-46BE-998E-25F554ACE980}.DirectX Release|x86.ActiveCfg = Release|x86
		{7440613A-4487-46BE-998E-25F554ACE980}.DirectX Release|x86.Build.0 = Release|x86
		{7440613A-4487-46BE-998E-25F554ACE980}.OpenGL Debug|x64.ActiveCfg = Debug|x86
		{7440613A-4487-46BE-998E-25F554ACE980}.OpenGL Debug|x86.ActiveCfg = Debug|x86
		{7440613A-4487-46BE-998E-25F554ACE980}.OpenGL Debug|x86.Build.0 = Debug|x86
		{7440613A-4487-46BE-998E-25F554ACE980}.OpenGL Release|x64.ActiveCfg = Release|x86
		{7440613A-4487-46BE-998E-25F554ACE980}.OpenGL Release|x86.ActiveCfg = Release|x86
		{7440613A-4487-46BE-998E-25F554ACE980}.OpenGL Release|x86.Build.0 = Release|x86
		{7440613A-4487-46BE-998E-25F554ACE980}.Release|x64.ActiveCfg = Release|x86
		{7440613A-4487-46BE-998E-25F554ACE980}.Release|x86.ActiveCfg = Release|x86
		{7440613A-4487-46BE-998E-25F554ACE980}.Release|x86.Build.0 = Release|x86
		{7440613A-4487-46BE-998E-25F554ACE980}.Xna Debug|x64.ActiveCfg = Debug|x86
		{7440613A-4487-46BE-998E-25F554ACE980}.Xna Debug|x86.ActiveCfg = Debug|x86
		{7440613A-4487-46BE-998E-25F554ACE980}.Xna Debug|x86.Build.0 = Debug|x86
		{7440613A-4487-46BE-998E-25F554ACE980}.Xna Release|x64.ActiveCfg = Release|x86
		{7440613A-4487-46BE-998E-25F554ACE980}.Xna Release|x86.ActiveCfg = Release|x86
		{7440613A-4487-46BE-998E-25F554ACE980}.Xna Release|x86.Build.0 = Release|x86
		{BAA6AE8A-B259-4883-9805-CE538660A59A}.Debug|x64.ActiveCfg = Debug|x86
		{BAA6AE8A-B259-4883-9805-CE538660A59A}.Debug|x86.ActiveCfg = Debug|x86
		{BAA6AE8A-B259-4883-9805-CE538660A59A}.Debug|x86.Build.0 = Debug|x86
		{BAA6AE8A-B259-4883-9805-CE538660A59A}.DirectX Debug|x64.ActiveCfg = Debug|x86
		{BAA6AE8A-B259-4883-9805-CE538660A59A}.DirectX Debug|x86.ActiveCfg = Debug|x86
		{BAA6AE8A-B259-4883-9805-CE538660A59A}.DirectX Debug|x86.Build.0 = Debug|x86
		{BAA6AE8A-B259-4883-9805-CE538660A59A}.DirectX Release|x64.ActiveCfg = Release|x86
		{BAA6AE8A-B259-4883-9805-CE538660A59A}.DirectX Release|x86.ActiveCfg = Release|x86
		{BAA6AE8A-B259-4883-9805-CE538660A59A}.DirectX Release|x86.Build.0 = Release|x86
		{BAA6AE8A-B259-4883-9805-CE538660A59A}.OpenGL Debug|x64.ActiveCfg = Debug|x86
		{BAA6AE8A-B259-4883-9805-CE538660A59A}.OpenGL Debug|x86.ActiveCfg = Debug|x86
		{BAA6AE8A-B259-4883-9805-CE538660A59A}.OpenGL Debug|x86.Build.0 = Debug|x86
		{BAA6AE8A-B259-4883-9805-CE538660A59A}.OpenGL Release|x64.ActiveCfg = Release|x86
		{BAA6AE8A-B259-4883-9805-CE538660A59A}.OpenGL Release|x86.ActiveCfg = Release|x86
		{BAA6AE8A-B259-4883-9805-CE538660A59A}.OpenGL Release|x86.Build.0 = Release|x86
		{BAA6AE8A-B259-4883-9805-CE538660A59A}.Release|x64.ActiveCfg = Release|x86
		{BAA6AE8A-B259-4883-9805-CE538660A59A}.Release|x86.ActiveCfg = Release|x86
		{BAA6AE8A-B259-4883-9805-CE538660A59A}.Release|x86.Build.0 = Release|x86
		{BAA6AE8A-B259-4883-9805-CE538660A59A}.Xna Debug|x64.ActiveCfg = Debug|x86
		{BAA6AE8A-B259-4883-9805-CE538660A59A}.Xna Debug|x86.ActiveCfg = Debug|x86
		{BAA6AE8A-B259-4883-9805-CE538660A59A}.Xna Debug|x86.Build.0 = Debug|x86
		{BAA6AE8A-B259-4883-9805-CE538660A59A}.Xna Release|x64.ActiveCfg = Release|x86
		{BAA6AE8A-B259-4883-9805-CE538660A59A}.Xna Release|x86.ActiveCfg = Release|x86
		{BAA6AE8A-B259-4883-9805-CE538660A59A}.Xna Release|x86.Build.0 = Release|x86
		{C7286349-8DBA-4A39-991C-3D848AB10CCE}.Debug|x64.ActiveCfg = Debug|x86
		{C7286349-8DBA-4A39-991C-3D848AB10CCE}.Debug|x86.ActiveCfg = Debug|x86
		{C7286349-8DBA-4A39-991C-3D848AB10CCE}.Debug|x86.Build.0 = Debug|x86
		{C7286349-8DBA-4A39-991C-3D848AB10CCE}.DirectX Debug|x64.ActiveCfg = Debug|x86
		{C7286349-8DBA-4A39-991C-3D848AB10CCE}.DirectX Debug|x86.ActiveCfg = Debug|x86
		{C7286349-8DBA-4A39-991C-3D848AB10CCE}.DirectX Debug|x86.Build.0 = Debug|x86
		{C7286349-8DBA-4A39-991C-3D848AB10CCE}.DirectX Release|x64.ActiveCfg = Release|x86
		{C7286349-8DBA-4A39-991C-3D848AB10CCE}.DirectX Release|x86.ActiveCfg = Release|x86
		{C7286349-8DBA-4A39-991C-3D848AB10CCE}.DirectX Release|x86.Build.0 = Release|x86
		{C7286349-8DBA-4A39-991C-3D848AB10CCE}.OpenGL Debug|x64.ActiveCfg = Debug|x86
		{C7286349-8DBA-4A39-991C-3D848AB10CCE}.OpenGL Debug|x86.ActiveCfg = Debug|x86
		{C7286349-8DBA-4A39-991C-3D848AB10CCE}.OpenGL Debug|x86.Build.0 = Debug|x86
		{C7286349-8DBA-4A39-991C-3D848AB10CCE}.OpenGL Release|x64.ActiveCfg = Release|x86
		{C7286349-8DBA-4A39-991C-3D848AB10CCE}.OpenGL Release|x86.ActiveCfg = Release|x86
		{C7286349-8DBA-4A39-991C-3D848AB10CCE}.OpenGL Release|x86.Build.0 = Release|x86
		{C7286349-8DBA-4A39-991C-3D848AB10CCE}.Release|x64.ActiveCfg = Release|x86
		{C7286349-8DBA-4A39-991C-3D848AB10CCE}.Release|x86.ActiveCfg = Release|x86
		{C7286349-8DBA-4A39-991C-3D848AB10CCE}.Release|x86.Build.0 = Release|x86
		{C7286349-8DBA-4A39-991C-3D848AB10CCE}.Xna Debug|x64.ActiveCfg = Debug|x86
		{C7286349-8DBA-4A39-991C-3D848AB10CCE}.Xna Debug|x86.ActiveCfg = Debug|x86
		{C7286349-8DBA-4A39-991C-3D848AB10CCE}.Xna Debug|x86.Build.0 = Debug|x86
		{C7286349-8DBA-4A39-991C-3D848AB10CCE}.Xna Release|x64.ActiveCfg = Release|x86
		{C7286349-8DBA-4A39-991C-3D848AB10CCE}.Xna Release|x86.ActiveCfg = Release|x86
		{C7286349-8DBA-4A39-991C-3D848AB10CCE}.Xna Release|x86.Build.0 = Release|x86
		{EE5785DC-D49E-44DD-BFDA-DD776C012704}.Debug|x64.ActiveCfg = Debug|x86
		{EE5785DC-D49E-44DD-BFDA-DD776C012704}.Debug|x86.ActiveCfg = Debug|x86
		{EE5785DC-D49E-44DD-BFDA-DD776C012704}.Debug|x86.Build.0 = Debug|x86
		{EE5785DC-D49E-44DD-BFDA-DD776C012704}.DirectX Debug|x64.ActiveCfg = Debug|x86
		{EE5785DC-D49E-44DD-BFDA-DD776C012704}.DirectX Debug|x86.ActiveCfg = Debug|x86
		{EE5785DC-D49E-44DD-BFDA-DD776C012704}.DirectX Debug|x86.Build.0 = Debug|x86
		{EE5785DC-D49E-44DD-BFDA-DD776C012704}.DirectX Release|x64.ActiveCfg = Release|x86
		{EE5785DC-D49E-44DD-BFDA-DD776C012704}.DirectX Release|x86.ActiveCfg = Release|x86
		{EE5785DC-D49E-44DD-BFDA-DD776C012704}.DirectX Release|x86.Build.0 = Release|x86
		{EE5785DC-D49E-44DD-BFDA-DD776C012704}.OpenGL Debug|x64.ActiveCfg = Debug|x86
		{EE5785DC-D49E-44DD-BFDA-DD776C012704}.OpenGL Debug|x86.ActiveCfg = Debug|x86
		{EE5785DC-D49E-44DD-BFDA-DD776C012704}.OpenGL Release|x64.ActiveCfg = Release|x86
		{EE5785DC-D49E-44DD-BFDA-DD776C012704}.OpenGL Release|x86.ActiveCfg = Release|x86
		{EE5785DC-D49E-44DD-BFDA-DD776C012704}.Release|x64.ActiveCfg = Release|x86
		{EE5785DC-D49E-44DD-BFDA-DD776C012704}.Release|x86.ActiveCfg = Release|x86
		{EE5785DC-D49E-44DD-BFDA-DD776C012704}.Release|x86.Build.0 = Release|x86
		{EE5785DC-D49E-44DD-BFDA-DD776C012704}.Xna Debug|x64.ActiveCfg = Debug|x86
		{EE5785DC-D49E-44DD-BFDA-DD776C012704}.Xna Debug|x86.ActiveCfg = Debug|x86
		{EE5785DC-D49E-44DD-BFDA-DD776C012704}.Xna Release|x64.ActiveCfg = Release|x86
		{EE5785DC-D49E-44DD-BFDA-DD776C012704}.Xna Release|x86.ActiveCfg = Release|x86
		{9ABE0570-61D4-4C81-BDD4-860ABADFDA6E}.Debug|x64.ActiveCfg = Debug|x86
		{9ABE0570-61D4-4C81-BDD4-860ABADFDA6E}.Debug|x86.ActiveCfg = Debug|x86
		{9ABE0570-61D4-4C81-BDD4-860ABADFDA6E}.Debug|x86.Build.0 = Debug|x86
		{9ABE0570-61D4-4C81-BDD4-860ABADFDA6E}.DirectX Debug|x64.ActiveCfg = Debug|x86
		{9ABE0570-61D4-4C81-BDD4-860ABADFDA6E}.DirectX Debug|x86.ActiveCfg = Debug|x86
		{9ABE0570-61D4-4C81-BDD4-860ABADFDA6E}.DirectX Release|x64.ActiveCfg = Release|x86
		{9ABE0570-61D4-4C81-BDD4-860ABADFDA6E}.DirectX Release|x86.ActiveCfg = Release|x86
		{9ABE0570-61D4-4C81-BDD4-860ABADFDA6E}.OpenGL Debug|x64.ActiveCfg = Debug|x86
		{9ABE0570-61D4-4C81-BDD4-860ABADFDA6E}.OpenGL Debug|x86.ActiveCfg = Debug|x86
		{9ABE0570-61D4-4C81-BDD4-860ABADFDA6E}.OpenGL Debug|x86.Build.0 = Debug|x86
		{9ABE0570-61D4-4C81-BDD4-860ABADFDA6E}.OpenGL Release|x64.ActiveCfg = Release|x86
		{9ABE0570-61D4-4C81-BDD4-860ABADFDA6E}.OpenGL Release|x86.ActiveCfg = Release|x86
		{9ABE0570-61D4-4C81-BDD4-860ABADFDA6E}.OpenGL Release|x86.Build.0 = Release|x86
		{9ABE0570-61D4-4C81-BDD4-860ABADFDA6E}.Release|x64.ActiveCfg = Release|x86
		{9ABE0570-61D4-4C81-BDD4-860ABADFDA6E}.Release|x86.ActiveCfg = Release|x86
		{9ABE0570-61D4-4C81-BDD4-860ABADFDA6E}.Release|x86.Build.0 = Release|x86
		{9ABE0570-61D4-4C81-BDD4-860ABADFDA6E}.Xna Debug|x64.ActiveCfg = Debug|x86
		{9ABE0570-61D4-4C81-BDD4-860ABADFDA6E}.Xna Debug|x86.ActiveCfg = Debug|x86
		{9ABE0570-61D4-4C81-BDD4-860ABADFDA6E}.Xna Release|x64.ActiveCfg = Release|x86
		{9ABE0570-61D4-4C81-BDD4-860ABADFDA6E}.Xna Release|x86.ActiveCfg = Release|x86
		{A836B773-8B22-4713-A9D4-D4E32BA73296}.Debug|x64.ActiveCfg = Debug|x86
		{A836B773-8B22-4713-A9D4-D4E32BA73296}.Debug|x86.ActiveCfg = Debug|x86
		{A836B773-8B22-4713-A9D4-D4E32BA73296}.DirectX Debug|x64.ActiveCfg = Debug|x86
		{A836B773-8B22-4713-A9D4-D4E32BA73296}.DirectX Debug|x86.ActiveCfg = Debug|x86
		{A836B773-8B22-4713-A9D4-D4E32BA73296}.DirectX Release|x64.ActiveCfg = Release|x86
		{A836B773-8B22-4713-A9D4-D4E32BA73296}.DirectX Release|x86.ActiveCfg = Release|x86
		{A836B773-8B22-4713-A9D4-D4E32BA73296}.OpenGL Debug|x64.ActiveCfg = Debug|x86
		{A836B773-8B22-4713-A9D4-D4E32BA73296}.OpenGL Debug|x86.ActiveCfg = Debug|x86
		{A836B773-8B22-4713-A9D4-D4E32BA73296}.OpenGL Release|x64.ActiveCfg = Release|x86
		{A836B773-8B22-4713-A9D4-D4E32BA73296}.OpenGL Release|x86.ActiveCfg = Release|x86
		{A836B773-8B22-4713-A9D4-D4E32BA73296}.Release|x64.ActiveCfg = Release|x86
		{A836B773-8B22-4713-A9D4-D4E32BA73296}.Release|x86.ActiveCfg = Release|x86
		{A836B773-8B22-4713-A9D4-D4E32BA73296}.Release|x86.Build.0 = Release|x86
		{A836B773-8B22-4713-A9D4-D4E32BA73296}.Xna Debug|x64.ActiveCfg = Debug|x86
		{A836B773-8B22-4713-A9D4-D4E32BA73296}.Xna Debug|x86.ActiveCfg = Debug|x86
		{A836B773-8B22-4713-A9D4-D4E32BA73296}.Xna Release|x64.ActiveCfg = Release|x86
		{A836B773-8B22-4713-A9D4-D4E32BA73296}.Xna Release|x86.ActiveCfg = Release|x86
		{8124ACE3-BDDE-4545-95E2-2B705181258B}.Debug|x64.ActiveCfg = Debug|x86
		{8124ACE3-BDDE-4545-95E2-2B705181258B}.Debug|x86.ActiveCfg = Debug|x86
		{8124ACE3-BDDE-4545-95E2-2B705181258B}.DirectX Debug|x64.ActiveCfg = Debug|x86
		{8124ACE3-BDDE-4545-95E2-2B705181258B}.DirectX Debug|x86.ActiveCfg = Debug|x86
		{8124ACE3-BDDE-4545-95E2-2B705181258B}.DirectX Release|x64.ActiveCfg = Release|x86
		{8124ACE3-BDDE-4545-95E2-2B705181258B}.DirectX Release|x86.ActiveCfg = Release|x86
		{8124ACE3-BDDE-4545-95E2-2B705181258B}.OpenGL Debug|x64.ActiveCfg = Debug|x86
		{8124ACE3-BDDE-4545-95E2-2B705181258B}.OpenGL Debug|x86.ActiveCfg = Debug|x86
		{8124ACE3-BDDE-4545-95E2-2B705181258B}.OpenGL Release|x64.ActiveCfg = Release|x86
		{8124ACE3-BDDE-4545-95E2-2B705181258B}.OpenGL Release|x86.ActiveCfg = Release|x86
		{8124ACE3-BDDE-4545-95E2-2B705181258B}.Release|x64.ActiveCfg = Release|x86
		{8124ACE3-BDDE-4545-95E2-2B705181258B}.Release|x86.ActiveCfg = Release|x86
		{8124ACE3-BDDE-4545-95E2-2B705181258B}.Release|x86.Build.0 = Release|x86
		{8124ACE3-BDDE-4545-95E2-2B705181258B}.Xna Debug|x64.ActiveCfg = Debug|x86
		{8124ACE3-BDDE-4545-95E2-2B705181258B}.Xna Debug|x86.ActiveCfg = Debug|x86
		{8124ACE3-BDDE-4545-95E2-2B705181258B}.Xna Release|x64.ActiveCfg = Release|x86
		{8124ACE3-BDDE-4545-95E2-2B705181258B}.Xna Release|x86.ActiveCfg = Release|x86
		{EB34FCD5-0CFB-41DA-BE80-1DFC703245B0}.Debug|x64.ActiveCfg = Debug|x64
		{EB34FCD5-0CFB-41DA-BE80-1DFC703245B0}.Debug|x64.Build.0 = Debug|x64
		{EB34FCD5-0CFB-41DA-BE80-1DFC703245B0}.Debug|x86.ActiveCfg = Debug|x86
		{EB34FCD5-0CFB-41DA-BE80-1DFC703245B0}.Debug|x86.Build.0 = Debug|x86
		{EB34FCD5-0CFB-41DA-BE80-1DFC703245B0}.DirectX Debug|x64.ActiveCfg = Debug|x64
		{EB34FCD5-0CFB-41DA-BE80-1DFC703245B0}.DirectX Debug|x64.Build.0 = Debug|x64
		{EB34FCD5-0CFB-41DA-BE80-1DFC703245B0}.DirectX Debug|x86.ActiveCfg = Debug|x86
		{EB34FCD5-0CFB-41DA-BE80-1DFC703245B0}.DirectX Debug|x86.Build.0 = Debug|x86
		{EB34FCD5-0CFB-41DA-BE80-1DFC703245B0}.DirectX Release|x64.ActiveCfg = Release|x64
		{EB34FCD5-0CFB-41DA-BE80-1DFC703245B0}.DirectX Release|x64.Build.0 = Release|x64
		{EB34FCD5-0CFB-41DA-BE80-1DFC703245B0}.DirectX Release|x86.ActiveCfg = Release|x86
		{EB34FCD5-0CFB-41DA-BE80-1DFC703245B0}.DirectX Release|x86.Build.0 = Release|x86
		{EB34FCD5-0CFB-41DA-BE80-1DFC703245B0}.OpenGL Debug|x64.ActiveCfg = Debug|x64
		{EB34FCD5-0CFB-41DA-BE80-1DFC703245B0}.OpenGL Debug|x64.Build.0 = Debug|x64
		{EB34FCD5-0CFB-41DA-BE80-1DFC703245B0}.OpenGL Debug|x86.ActiveCfg = Debug|x86
		{EB34FCD5-0CFB-41DA-BE80-1DFC703245B0}.OpenGL Debug|x86.Build.0 = Debug|x86
		{EB34FCD5-0CFB-41DA-BE80-1DFC703245B0}.OpenGL Release|x64.ActiveCfg = Release|x64
		{EB34FCD5-0CFB-41DA-BE80-1DFC703245B0}.OpenGL Release|x64.Build.0 = Release|x64
		{EB34FCD5-0CFB-41DA-BE80-1DFC703245B0}.OpenGL Release|x86.ActiveCfg = Release|x86
		{EB34FCD5-0CFB-41DA-BE80-1DFC703245B0}.OpenGL Release|x86.Build.0 = Release|x86
		{EB34FCD5-0CFB-41DA-BE80-1DFC703245B0}.Release|x64.ActiveCfg = Release|x64
		{EB34FCD5-0CFB-41DA-BE80-1DFC703245B0}.Release|x64.Build.0 = Release|x64
		{EB34FCD5-0CFB-41DA-BE80-1DFC703245B0}.Release|x86.ActiveCfg = Release|x86
		{EB34FCD5-0CFB-41DA-BE80-1DFC703245B0}.Release|x86.Build.0 = Release|x86
		{EB34FCD5-0CFB-41DA-BE80-1DFC703245B0}.Xna Debug|x64.ActiveCfg = Debug|x64
		{EB34FCD5-0CFB-41DA-BE80-1DFC703245B0}.Xna Debug|x64.Build.0 = Debug|x64
		{EB34FCD5-0CFB-41DA-BE80-1DFC703245B0}.Xna Debug|x86.ActiveCfg = Debug|x86
		{EB34FCD5-0CFB-41DA-BE80-1DFC703245B0}.Xna Debug|x86.Build.0 = Debug|x86
		{EB34FCD5-0CFB-41DA-BE80-1DFC703245B0}.Xna Release|x64.ActiveCfg = Release|x64
		{EB34FCD5-0CFB-41DA-BE80-1DFC703245B0}.Xna Release|x64.Build.0 = Release|x64
		{EB34FCD5-0CFB-41DA-BE80-1DFC703245B0}.Xna Release|x86.ActiveCfg = Release|x86
		{EB34FCD5-0CFB-41DA-BE80-1DFC703245B0}.Xna Release|x86.Build.0 = Release|x86
	EndGlobalSection
	GlobalSection(SolutionProperties) = preSolution
		HideSolutionNode = FALSE
	EndGlobalSection
	GlobalSection(NestedProjects) = preSolution
		{676C7702-0B62-4E50-8211-EA5BC21A5DF5} = {1EAB961C-47EC-4015-B61E-E672AE1C82A1}
		{FC473D51-36A2-4437-BC06-92A8E92374B7} = {1EAB961C-47EC-4015-B61E-E672AE1C82A1}
		{E1A9CC1D-88A0-4CF6-9A8F-05E80D371DE4} = {1EAB961C-47EC-4015-B61E-E672AE1C82A1}
		{DC26813F-4527-477E-8068-272E10CF5C37} = {1EAB961C-47EC-4015-B61E-E672AE1C82A1}
		{BAA6AE8A-B259-4883-9805-CE538660A59A} = {1EAB961C-47EC-4015-B61E-E672AE1C82A1}
		{77AC0D3A-2A99-4EA6-A90E-C71BB53751C5} = {676C7702-0B62-4E50-8211-EA5BC21A5DF5}
		{081F78DE-8224-4CA6-BD34-8B7939CF21AB} = {676C7702-0B62-4E50-8211-EA5BC21A5DF5}
		{68DBB62F-F98D-47B5-A769-C20B461227AB} = {FC473D51-36A2-4437-BC06-92A8E92374B7}
		{B4CE9E05-F5E9-4839-A928-27B4D30F4EE3} = {FC473D51-36A2-4437-BC06-92A8E92374B7}
		{161EA53F-8D78-4BD3-8217-442D94A593C1} = {E1A9CC1D-88A0-4CF6-9A8F-05E80D371DE4}
		{E0BB87B2-C59D-46D4-9AD9-A919E457E4EF} = {E1A9CC1D-88A0-4CF6-9A8F-05E80D371DE4}
		{FF6735ED-CF54-4CF0-BE72-00C423EC07DD} = {E1A9CC1D-88A0-4CF6-9A8F-05E80D371DE4}
		{E2B64AA9-77C8-4BED-AB5B-10B2832E0D5B} = {DC26813F-4527-477E-8068-272E10CF5C37}
		{F81F1AAF-8BC9-4064-94C2-AD0C0A9C0ED1} = {DC26813F-4527-477E-8068-272E10CF5C37}
		{B2BB7F09-2AD3-49C4-9268-D33BC13AA5E7} = {DC26813F-4527-477E-8068-272E10CF5C37}
		{7440613A-4487-46BE-998E-25F554ACE980} = {DC26813F-4527-477E-8068-272E10CF5C37}
		{EB34FCD5-0CFB-41DA-BE80-1DFC703245B0} = {DC26813F-4527-477E-8068-272E10CF5C37}
		{C7286349-8DBA-4A39-991C-3D848AB10CCE} = {2A0C6270-CDA1-46F8-A4D8-09C005ECF3F9}
		{EE5785DC-D49E-44DD-BFDA-DD776C012704} = {2A0C6270-CDA1-46F8-A4D8-09C005ECF3F9}
		{9ABE0570-61D4-4C81-BDD4-860ABADFDA6E} = {2A0C6270-CDA1-46F8-A4D8-09C005ECF3F9}
		{A836B773-8B22-4713-A9D4-D4E32BA73296} = {0BA7646B-43C2-4D85-B82E-162A71C98E06}
		{8124ACE3-BDDE-4545-95E2-2B705181258B} = {0BA7646B-43C2-4D85-B82E-162A71C98E06}
	EndGlobalSection
	GlobalSection(MonoDevelopProperties) = preSolution
		StartupItem = AxiomDemos\Source\Browser\WinForm\Axiom.Demos.Browser.WinForm.Linux.csproj
		Policies = $0
		$0.TextStylePolicy = $1
		$1.inheritsSet = null
		$1.scope = text/x-csharp
		$0.CSharpFormattingPolicy = $2
		$2.inheritsSet = Mono
		$2.inheritsScope = text/x-csharp
		$2.scope = text/x-csharp
		$0.StandardHeader = $3
		$3.Text = 
		$3.inheritsSet = Apache2License
		$0.VersionControlPolicy = $4
		$4.inheritsSet = Mono
		$0.ChangeLogPolicy = $5
		$5.UpdateMode = None
		$5.MessageStyle = $6
		$6.LineAlign = 0
		$5.inheritsSet = Mono
	EndGlobalSection
EndGlobal
