Microsoft Visual Studio Solution File, Format Version 9.00
# Visual Studio 2005
Project("{FAE04EC0-301F-11D3-BF4B-00C04F79EFBC}") = "Axiom.RenderSystems.Xna", "Axiom3D\RenderSystems\XNA\Axiom.RenderSystems.Xna.csproj", "{DD053894-35C8-4F38-9E47-3A2B1E0C26FB}"
EndProject
Project("{FAE04EC0-301F-11D3-BF4B-00C04F79EFBC}") = "Axiom.RenderSystems.Xna.Test", "Axiom3D\RenderSystems\XNA.Test\Axiom.RenderSystems.Xna.Test.csproj", "{2140B840-B135-4FDE-BF5B-A0EB464FEEC5}"
EndProject
Project("{2150E333-8FDC-42A3-9474-1A3956D46DE8}") = "MDX 2.0", "MDX 2.0", "{3664BBDD-B06C-4B9A-96BB-0FD4FEA80C1D}"
	ProjectSection(SolutionItems) = preProject
		Axiom3D\RenderSystems\DirectX9\D3D9RenderSystem.cs = Axiom3D\RenderSystems\DirectX9\D3D9RenderSystem.cs
		Axiom3D\RenderSystems\DirectX9\D3DGpuProgram.cs = Axiom3D\RenderSystems\DirectX9\D3DGpuProgram.cs
		Axiom3D\RenderSystems\DirectX9\D3DGpuProgramManager.cs = Axiom3D\RenderSystems\DirectX9\D3DGpuProgramManager.cs
		Axiom3D\RenderSystems\DirectX9\D3DHardwareBufferManager.cs = Axiom3D\RenderSystems\DirectX9\D3DHardwareBufferManager.cs
		Axiom3D\RenderSystems\DirectX9\D3DHardwareIndexBuffer.cs = Axiom3D\RenderSystems\DirectX9\D3DHardwareIndexBuffer.cs
		Axiom3D\RenderSystems\DirectX9\D3DHardwareOcclusionQuery.cs = Axiom3D\RenderSystems\DirectX9\D3DHardwareOcclusionQuery.cs
		Axiom3D\RenderSystems\DirectX9\D3DHardwareVertexBuffer.cs = Axiom3D\RenderSystems\DirectX9\D3DHardwareVertexBuffer.cs
		Axiom3D\RenderSystems\DirectX9\D3DHelper.cs = Axiom3D\RenderSystems\DirectX9\D3DHelper.cs
		Axiom3D\RenderSystems\DirectX9\D3DRenderTexture.cs = Axiom3D\RenderSystems\DirectX9\D3DRenderTexture.cs
		Axiom3D\RenderSystems\DirectX9\D3DTexture.cs = Axiom3D\RenderSystems\DirectX9\D3DTexture.cs
		Axiom3D\RenderSystems\DirectX9\D3DTextureManager.cs = Axiom3D\RenderSystems\DirectX9\D3DTextureManager.cs
		Axiom3D\RenderSystems\DirectX9\D3DVertexDeclaration.cs = Axiom3D\RenderSystems\DirectX9\D3DVertexDeclaration.cs
		Axiom3D\RenderSystems\DirectX9\D3DWindow.cs = Axiom3D\RenderSystems\DirectX9\D3DWindow.cs
		Axiom3D\RenderSystems\DirectX9\DefaultForm.cs = Axiom3D\RenderSystems\DirectX9\DefaultForm.cs
		Axiom3D\RenderSystems\DirectX9\Driver.cs = Axiom3D\RenderSystems\DirectX9\Driver.cs
		Axiom3D\RenderSystems\DirectX9\DriverCollection.cs = Axiom3D\RenderSystems\DirectX9\DriverCollection.cs
		Axiom3D\RenderSystems\DirectX9\Plugin.cs = Axiom3D\RenderSystems\DirectX9\Plugin.cs
		Axiom3D\RenderSystems\DirectX9\VideoMode.cs = Axiom3D\RenderSystems\DirectX9\VideoMode.cs
		Axiom3D\RenderSystems\DirectX9\VideoModeCollection.cs = Axiom3D\RenderSystems\DirectX9\VideoModeCollection.cs
	EndProjectSection
EndProject
Project("{2150E333-8FDC-42A3-9474-1A3956D46DE8}") = "HLSL", "HLSL", "{3A23DD1E-F351-48DE-99CF-51C5FA7D03AF}"
	ProjectSection(SolutionItems) = preProject
		Axiom3D\RenderSystems\DirectX9\HLSL\HLSLProgram.cs = Axiom3D\RenderSystems\DirectX9\HLSL\HLSLProgram.cs
		Axiom3D\RenderSystems\DirectX9\HLSL\HLSLProgramFactory.cs = Axiom3D\RenderSystems\DirectX9\HLSL\HLSLProgramFactory.cs
	EndProjectSection
EndProject
Project("{FAE04EC0-301F-11D3-BF4B-00C04F79EFBC}") = "Axiom", "E:\Development\Axiom3D Graphics Engine\trunk\Projects\Axiom\Source\Engine\Axiom.csproj", "{F1839A5A-40B4-41B0-950C-369DCC0A5914}"
EndProject
Project("{FAE04EC0-301F-11D3-BF4B-00C04F79EFBC}") = "Axiom.Plugins.XnaMediaCodecs", "..\..\..\Woodhall\Projects\Plugins\Axiom.Plugins.XnaMediaCodecs\Axiom.Plugins.XnaMediaCodecs.csproj", "{111FB25F-F5C9-4611-A1C5-0E805D52385F}"
EndProject
Global
	GlobalSection(SolutionConfigurationPlatforms) = preSolution
		Debug|Any CPU = Debug|Any CPU
		Release|Any CPU = Release|Any CPU
	EndGlobalSection
	GlobalSection(ProjectConfigurationPlatforms) = postSolution
		{DD053894-35C8-4F38-9E47-3A2B1E0C26FB}.Debug|Any CPU.ActiveCfg = Debug|Any CPU
		{DD053894-35C8-4F38-9E47-3A2B1E0C26FB}.Debug|Any CPU.Build.0 = Debug|Any CPU
		{DD053894-35C8-4F38-9E47-3A2B1E0C26FB}.Release|Any CPU.ActiveCfg = Release|Any CPU
		{DD053894-35C8-4F38-9E47-3A2B1E0C26FB}.Release|Any CPU.Build.0 = Release|Any CPU
		{2140B840-B135-4FDE-BF5B-A0EB464FEEC5}.Debug|Any CPU.ActiveCfg = Debug|Any CPU
		{2140B840-B135-4FDE-BF5B-A0EB464FEEC5}.Debug|Any CPU.Build.0 = Debug|Any CPU
		{2140B840-B135-4FDE-BF5B-A0EB464FEEC5}.Release|Any CPU.ActiveCfg = Release|Any CPU
		{2140B840-B135-4FDE-BF5B-A0EB464FEEC5}.Release|Any CPU.Build.0 = Release|Any CPU
		{F1839A5A-40B4-41B0-950C-369DCC0A5914}.Debug|Any CPU.ActiveCfg = Debug|Any CPU
		{F1839A5A-40B4-41B0-950C-369DCC0A5914}.Debug|Any CPU.Build.0 = Debug|Any CPU
		{F1839A5A-40B4-41B0-950C-369DCC0A5914}.Release|Any CPU.ActiveCfg = Release|Any CPU
		{F1839A5A-40B4-41B0-950C-369DCC0A5914}.Release|Any CPU.Build.0 = Release|Any CPU
		{111FB25F-F5C9-4611-A1C5-0E805D52385F}.Debug|Any CPU.ActiveCfg = Debug|Any CPU
		{111FB25F-F5C9-4611-A1C5-0E805D52385F}.Debug|Any CPU.Build.0 = Debug|Any CPU
		{111FB25F-F5C9-4611-A1C5-0E805D52385F}.Release|Any CPU.ActiveCfg = Release|Any CPU
		{111FB25F-F5C9-4611-A1C5-0E805D52385F}.Release|Any CPU.Build.0 = Release|Any CPU
	EndGlobalSection
	GlobalSection(SolutionProperties) = preSolution
		HideSolutionNode = FALSE
	EndGlobalSection
	GlobalSection(NestedProjects) = preSolution
		{3A23DD1E-F351-48DE-99CF-51C5FA7D03AF} = {3664BBDD-B06C-4B9A-96BB-0FD4FEA80C1D}
	EndGlobalSection
EndGlobal
