
Microsoft Visual Studio Solution File, Format Version 11.00
# Visual Studio 2010
Project("{2150E333-8FDC-42A3-9474-1A3956D46DE8}") = "Core", "Core", "{1EAB961C-47EC-4015-B61E-E672AE1C82A1}"
EndProject
Project("{2150E333-8FDC-42A3-9474-1A3956D46DE8}") = "Platform Managers", "Platform Managers", "{676C7702-0B62-4E50-8211-EA5BC21A5DF5}"
EndProject
Project("{FAE04EC0-301F-11D3-BF4B-00C04F79EFBC}") = "Axiom.Platforms.Win32.2010", "Axiom\Platforms\Win32\Axiom.Platforms.Win32.2010.csproj", "{77AC0D3A-2A99-4EA6-A90E-C71BB53751C5}"
EndProject
Project("{FAE04EC0-301F-11D3-BF4B-00C04F79EFBC}") = "Axiom.Platforms.OpenTK.2010", "Axiom\Platforms\OpenTK\Axiom.Platforms.OpenTK.2010.csproj", "{081F78DE-8224-4CA6-BD34-8B7939CF21AB}"
EndProject
Project("{2150E333-8FDC-42A3-9474-1A3956D46DE8}") = "Render Systems", "Render Systems", "{FC473D51-36A2-4437-BC06-92A8E92374B7}"
EndProject
Project("{FAE04EC0-301F-11D3-BF4B-00C04F79EFBC}") = "Axiom.RenderSystems.DirectX9.2010", "Axiom\RenderSystems\DirectX9\Axiom.RenderSystems.DirectX9.2010.csproj", "{68DBB62F-F98D-47B5-A769-C20B461227AB}"
EndProject
Project("{FAE04EC0-301F-11D3-BF4B-00C04F79EFBC}") = "Axiom.RenderSystems.Xna.2010", "Axiom\RenderSystems\XNA\Axiom.RenderSystems.Xna.2010.csproj", "{628E7ED7-EC58-4C93-B8AB-CB69087D381B}"
EndProject
Project("{FAE04EC0-301F-11D3-BF4B-00C04F79EFBC}") = "Axiom.RenderSystems.OpenGL.OpenTK.2010", "Axiom\RenderSystems\OpenGL\Axiom.RenderSystems.OpenGL.OpenTK.2010.csproj", "{B4CE9E05-F5E9-4839-A928-27B4D30F4EE3}"
EndProject
Project("{FAE04EC0-301F-11D3-BF4B-00C04F79EFBC}") = "Axiom.RenderSystems.Xna.Content.x86.2010", "Axiom\Tools\Axiom.RenderSystems.Xna.Content\Axiom.RenderSystems.Xna.Content.x86.2010.csproj", "{6E5E6221-0235-49C9-9273-449F5F0E8EF6}"
EndProject
Project("{2150E333-8FDC-42A3-9474-1A3956D46DE8}") = "Scene Managers", "Scene Managers", "{E1A9CC1D-88A0-4CF6-9A8F-05E80D371DE4}"
EndProject
Project("{FAE04EC0-301F-11D3-BF4B-00C04F79EFBC}") = "Axiom.SceneManagers.Bsp.2010", "Axiom\SceneManagers\Bsp\Axiom.SceneManagers.Bsp.2010.csproj", "{161EA53F-8D78-4BD3-8217-442D94A593C1}"
EndProject
Project("{FAE04EC0-301F-11D3-BF4B-00C04F79EFBC}") = "Axiom.SceneManagers.Octree.2010", "Axiom\SceneManagers\Octree\Axiom.SceneManagers.Octree.2010.csproj", "{E0BB87B2-C59D-46D4-9AD9-A919E457E4EF}"
EndProject
Project("{FAE04EC0-301F-11D3-BF4B-00C04F79EFBC}") = "Axiom.SceneManagers.PortalConnected.2010", "Axiom\SceneManagers\PCZ\Axiom.SceneManagers.PortalConnected.2010.csproj", "{2F61CAE2-E060-44F7-9F12-EF58F12923CD}"
EndProject
Project("{2150E333-8FDC-42A3-9474-1A3956D46DE8}") = "Plugins", "Plugins", "{DC26813F-4527-477E-8068-272E10CF5C37}"
EndProject
Project("{FAE04EC0-301F-11D3-BF4B-00C04F79EFBC}") = "Axiom.Plugins.CgProgramManager.2010", "Axiom\Plugins\CgProgramManager\Axiom.Plugins.CgProgramManager.2010.csproj", "{E2B64AA9-77C8-4BED-AB5B-10B2832E0D5B}"
EndProject
Project("{FAE04EC0-301F-11D3-BF4B-00C04F79EFBC}") = "Axiom.Plugins.ParticleFX.2010", "Axiom\Plugins\ParticleFX\Axiom.Plugins.ParticleFX.2010.csproj", "{F81F1AAF-8BC9-4064-94C2-AD0C0A9C0ED1}"
EndProject
Project("{FAE04EC0-301F-11D3-BF4B-00C04F79EFBC}") = "Axiom.Plugins.OctreeZone.2010", "Axiom\Plugins\OctreeZone\Axiom.Plugins.OctreeZone.2010.csproj", "{BBEAD250-47B9-4DE8-BA58-BFADB4563C3C}"
EndProject
Project("{FAE04EC0-301F-11D3-BF4B-00C04F79EFBC}") = "Axiom.Plugins.DevILCodecs.2010", "Axiom\Plugins\DevILCodecs\Axiom.Plugins.DevILCodecs.2010.csproj", "{B2BB7F09-2AD3-49C4-9268-D33BC13AA5E7}"
EndProject
Project("{FAE04EC0-301F-11D3-BF4B-00C04F79EFBC}") = "Axiom.Plugins.SystemDrawingCodecs.2010", "Axiom\Plugins\Axiom.Plugins.SystemDrawingCodecs\Axiom.Plugins.SystemDrawingCodecs.2010.csproj", "{7440613A-4487-46BE-998E-25F554ACE980}"
EndProject
Project("{FAE04EC0-301F-11D3-BF4B-00C04F79EFBC}") = "Axiom.Plugins.FreeImageCodecs", "Axiom\Plugins\Axiom.Plugins.FreeImageCodecs\Axiom.Plugins.FreeImageCodecs.csproj", "{3FA3E842-91DE-4A78-99A8-DE3546763136}"
EndProject
Project("{FAE04EC0-301F-11D3-BF4B-00C04F79EFBC}") = "Axiom.2010", "Axiom\Engine\Axiom.2010.csproj", "{BAA6AE8A-B259-4883-9805-CE538660A59A}"
EndProject
Project("{2150E333-8FDC-42A3-9474-1A3956D46DE8}") = "Demos", "Demos", "{2A0C6270-CDA1-46F8-A4D8-09C005ECF3F9}"
EndProject
Project("{FAE04EC0-301F-11D3-BF4B-00C04F79EFBC}") = "Axiom.Demos.2010", "AxiomDemos\Source\Demos\Axiom.Demos.2010.csproj", "{C7286349-8DBA-4A39-991C-3D848AB10CCE}"
EndProject
Project("{FAE04EC0-301F-11D3-BF4B-00C04F79EFBC}") = "Axiom.Demos.Browser.WinForm.DirectX.2010", "AxiomDemos\Source\Browser\WinForm\Axiom.Demos.Browser.WinForm.DirectX.2010.csproj", "{EE5785DC-D49E-44DD-BFDA-DD776C012704}"
EndProject
Project("{FAE04EC0-301F-11D3-BF4B-00C04F79EFBC}") = "Axiom.Demos.Browser.WinForm.OpenGL.2010", "AxiomDemos\Source\Browser\WinForm\Axiom.Demos.Browser.WinForm.OpenGL.2010.csproj", "{9ABE0570-61D4-4C81-BDD4-860ABADFDA6E}"
EndProject
Project("{FAE04EC0-301F-11D3-BF4B-00C04F79EFBC}") = "Axiom.Demos.Browser.WinForm.Xna.2010", "AxiomDemos\Source\Browser\WinForm\Axiom.Demos.Browser.WinForm.Xna.2010.csproj", "{77AC4C2F-775D-4388-8157-2767C585C24E}"
EndProject
Project("{2150E333-8FDC-42A3-9474-1A3956D46DE8}") = "Solution Items", "Solution Items", "{CDC63BED-5686-4A70-A0F7-C383CE74F536}"
	ProjectSection(SolutionItems) = preProject
		..\ChangeLog.txt = ..\ChangeLog.txt
		..\Credits.txt = ..\Credits.txt
		..\license.txt = ..\license.txt
		..\readme.txt = ..\readme.txt
	EndProjectSection
EndProject
Project("{2150E333-8FDC-42A3-9474-1A3956D46DE8}") = "Documentation", "Documentation", "{A563E7C1-7542-4C45-B7AA-185A03D07DCF}"
EndProject
Project("{2150E333-8FDC-42A3-9474-1A3956D46DE8}") = "Tools", "Tools", "{5326DA77-945E-47D4-B9D8-D2AF047D5D63}"
EndProject
Project("{2150E333-8FDC-42A3-9474-1A3956D46DE8}") = "build", "build", "{E8E2F297-B384-4311-B5C0-F6AB9354D91B}"
EndProject
Project("{FAE04EC0-301F-11D3-BF4B-00C04F79EFBC}") = "MetaBuild", "..\tools\MetaBuild\MetaBuild.csproj", "{02F641D0-6C8A-4DF0-AEB9-8E9AC1F82CCC}"
EndProject
Project("{FAE04EC0-301F-11D3-BF4B-00C04F79EFBC}") = "Axiom.SDK.Build", "..\tools\Axiom.SDK.Build\Axiom.SDK.Build.csproj", "{721891E7-3A22-4679-9233-73C05301057D}"
EndProject
Project("{2150E333-8FDC-42A3-9474-1A3956D46DE8}") = "Samples", "Samples", "{EBD96CBA-6CF8-4FC3-B200-3B31F49BC147}"
EndProject
Project("{FAE04EC0-301F-11D3-BF4B-00C04F79EFBC}") = "Axiom.Samples.BezierPatch.2010", "Samples\BezierPatch\Axiom.Samples.BezierPatch.2010.csproj", "{0CA3866C-03D4-46BF-8157-E234A880F060}"
EndProject
Project("{FAE04EC0-301F-11D3-BF4B-00C04F79EFBC}") = "Axiom.Samples.Bsp.2010", "Samples\Bsp\Axiom.Samples.Bsp.2010.csproj", "{4B199736-110C-4CF4-9A81-8AF9F8C9E66B}"
EndProject
Project("{FAE04EC0-301F-11D3-BF4B-00C04F79EFBC}") = "Axiom.Samples.CameraTracking.2010", "Samples\CameraTracking\Axiom.Samples.CameraTracking.2010.csproj", "{B872A709-3A4E-4B33-9B22-E75509FA8100}"
EndProject
Project("{FAE04EC0-301F-11D3-BF4B-00C04F79EFBC}") = "Axiom.Samples.Primitives.2010", "Samples\Primitives\Axiom.Samples.Primitives.2010.csproj", "{A4C56A5A-BF67-4BEE-9CA5-B91CB53238E8}"
EndProject
Project("{FAE04EC0-301F-11D3-BF4B-00C04F79EFBC}") = "Axiom.Samples.Common.2010", "Samples\Common\Axiom.Samples.Common.2010.csproj", "{A9B352AA-24CF-42F6-9D2E-812382055F5E}"
EndProject
Project("{FAE04EC0-301F-11D3-BF4B-00C04F79EFBC}") = "Axiom.Samples.CharacterSample.2010", "Samples\Character\Axiom.Samples.CharacterSample.2010.csproj", "{D6DA8F0B-6858-4696-A58D-922C5BA4310B}"
EndProject
Project("{FAE04EC0-301F-11D3-BF4B-00C04F79EFBC}") = "Axiom.Samples.Ocean.2010", "Samples\Ocean\Axiom.Samples.Ocean.2010.csproj", "{387ECF0B-1A87-478E-A826-5F74BDCCA215}"
EndProject
Project("{FAE04EC0-301F-11D3-BF4B-00C04F79EFBC}") = "Axiom.Samples.ParticleFX.2010", "Samples\ParticleFX\Axiom.Samples.ParticleFX.2010.csproj", "{3782EF9E-008D-43AE-8E25-C974371BC250}"
EndProject
Project("{FAE04EC0-301F-11D3-BF4B-00C04F79EFBC}") = "Axiom.Samples.SphereMapping.2010", "Samples\SphereMapping\Axiom.Samples.SphereMapping.2010.csproj", "{A4A4146B-AA5E-4262-8370-DFC148C423B3}"
EndProject
Project("{FAE04EC0-301F-11D3-BF4B-00C04F79EFBC}") = "Axiom.Samples.Media.2010", "Samples\Media\Axiom.Samples.Media.2010.csproj", "{82D00A5B-1943-4DDF-859A-7552F75CBF1F}"
EndProject
Project("{FAE04EC0-301F-11D3-BF4B-00C04F79EFBC}") = "Axiom.Samples.VolumeTexture.2010", "Samples\VolumeTexture\Axiom.Samples.VolumeTexture.2010.csproj", "{0EDB7324-39CB-4BED-866C-1340037CFD5A}"
EndProject
Project("{FAE04EC0-301F-11D3-BF4B-00C04F79EFBC}") = "Axiom.Samples.DynamicTexture.2010", "Samples\DynamicTexture\Axiom.Samples.DynamicTexture.2010.csproj", "{E5E34175-B1D7-4764-92A4-B5884A2DBF86}"
EndProject
Project("{2150E333-8FDC-42A3-9474-1A3956D46DE8}") = "Browser", "Browser", "{1DA4A67D-7B3A-4E4F-9854-D9C7FC67FF81}"
EndProject
Project("{FAE04EC0-301F-11D3-BF4B-00C04F79EFBC}") = "Axiom.Samples.Browser.Win32.2010", "Samples\Browser\Axiom.Samples.Browser.Win32.2010.csproj", "{0F73B59A-4204-4BD7-A9C0-D53C1A62F84F}"
EndProject
Project("{FAE04EC0-301F-11D3-BF4B-00C04F79EFBC}") = "Axiom.Samples.Browser.Linux.2010", "Samples\Browser\Axiom.Samples.Browser.Linux.2010.csproj", "{4E65C33E-A3AA-4DBB-988F-03A291A06ECF}"
EndProject
Project("{FAE04EC0-301F-11D3-BF4B-00C04F79EFBC}") = "Axiom.Samples.Smoke.2010", "Samples\Smoke\Axiom.Samples.Smoke.2010.csproj", "{B8A08085-7E36-475E-BA03-43A3B4593B89}"
EndProject
Project("{FAE04EC0-301F-11D3-BF4B-00C04F79EFBC}") = "Axiom.Samples.Terrain.2010", "Samples\Axiom.Samples.Terrain\Axiom.Samples.Terrain.2010.csproj", "{B99D3D2B-0DF1-43D3-8542-04B3AD5BFAE2}"
EndProject
Project("{FAE04EC0-301F-11D3-BF4B-00C04F79EFBC}") = "Axiom.Samples.MousePicking.2010", "Samples\MousePicking\Axiom.Samples.MousePicking.2010.csproj", "{5EF4FD98-8D4F-4441-A6C3-F75930A36618}"
EndProject
Project("{FAE04EC0-301F-11D3-BF4B-00C04F79EFBC}") = "Axiom.Framework.2010", "Axiom.Framework\Axiom.Framework.2010.csproj", "{AF0AAC88-68C8-4CF4-AFFA-526AD899758A}"
EndProject
Project("{2150E333-8FDC-42A3-9474-1A3956D46DE8}") = "Components", "Components", "{47B1A6E3-B79C-481B-9A52-10E561745651}"
EndProject
Project("{FAE04EC0-301F-11D3-BF4B-00C04F79EFBC}") = "Axiom.Components.Terrain.2010", "Components\Terrain\Axiom.Components.Terrain.2010.csproj", "{79674E34-9EC2-4819-B47E-3DD75DFA4173}"
EndProject
Project("{FAE04EC0-301F-11D3-BF4B-00C04F79EFBC}") = "Axiom.Components.Paging.2010", "Components\Paging\Axiom.Components.Paging.2010.csproj", "{89C3D207-913D-4BCB-BD6E-F8673E20D8EA}"
EndProject
Global
	GlobalSection(SolutionConfigurationPlatforms) = preSolution
		Debug|x86 = Debug|x86
		DirectX Debug|x86 = DirectX Debug|x86
		DirectX Release|x86 = DirectX Release|x86
		OpenGL Debug|x86 = OpenGL Debug|x86
		OpenGL Release|x86 = OpenGL Release|x86
		Release|x86 = Release|x86
		Xna Debug|x86 = Xna Debug|x86
		Xna Release|x86 = Xna Release|x86
	EndGlobalSection
	GlobalSection(ProjectConfigurationPlatforms) = postSolution
		{02F641D0-6C8A-4DF0-AEB9-8E9AC1F82CCC}.Debug|x86.ActiveCfg = Debug|x86
		{02F641D0-6C8A-4DF0-AEB9-8E9AC1F82CCC}.DirectX Debug|x86.ActiveCfg = Debug|x86
		{02F641D0-6C8A-4DF0-AEB9-8E9AC1F82CCC}.DirectX Release|x86.ActiveCfg = Release|x86
		{02F641D0-6C8A-4DF0-AEB9-8E9AC1F82CCC}.OpenGL Debug|x86.ActiveCfg = Debug|x86
		{02F641D0-6C8A-4DF0-AEB9-8E9AC1F82CCC}.OpenGL Release|x86.ActiveCfg = Release|x86
		{02F641D0-6C8A-4DF0-AEB9-8E9AC1F82CCC}.Release|x86.ActiveCfg = Release|x86
		{02F641D0-6C8A-4DF0-AEB9-8E9AC1F82CCC}.Xna Debug|x86.ActiveCfg = Debug|x86
		{02F641D0-6C8A-4DF0-AEB9-8E9AC1F82CCC}.Xna Release|x86.ActiveCfg = Release|x86
		{081F78DE-8224-4CA6-BD34-8B7939CF21AB}.Debug|x86.ActiveCfg = Debug|x86
		{081F78DE-8224-4CA6-BD34-8B7939CF21AB}.Debug|x86.Build.0 = Debug|x86
		{081F78DE-8224-4CA6-BD34-8B7939CF21AB}.DirectX Debug|x86.ActiveCfg = Debug|x86
		{081F78DE-8224-4CA6-BD34-8B7939CF21AB}.DirectX Release|x86.ActiveCfg = Release|x86
		{081F78DE-8224-4CA6-BD34-8B7939CF21AB}.OpenGL Debug|x86.ActiveCfg = Debug|x86
		{081F78DE-8224-4CA6-BD34-8B7939CF21AB}.OpenGL Debug|x86.Build.0 = Debug|x86
		{081F78DE-8224-4CA6-BD34-8B7939CF21AB}.OpenGL Release|x86.ActiveCfg = Release|x86
		{081F78DE-8224-4CA6-BD34-8B7939CF21AB}.OpenGL Release|x86.Build.0 = Release|x86
		{081F78DE-8224-4CA6-BD34-8B7939CF21AB}.Release|x86.ActiveCfg = Release|x86
		{081F78DE-8224-4CA6-BD34-8B7939CF21AB}.Release|x86.Build.0 = Release|x86
		{081F78DE-8224-4CA6-BD34-8B7939CF21AB}.Xna Debug|x86.ActiveCfg = Debug|x86
		{081F78DE-8224-4CA6-BD34-8B7939CF21AB}.Xna Release|x86.ActiveCfg = Release|x86
		{0CA3866C-03D4-46BF-8157-E234A880F060}.Debug|x86.ActiveCfg = Debug|x86
		{0CA3866C-03D4-46BF-8157-E234A880F060}.Debug|x86.Build.0 = Debug|x86
		{0CA3866C-03D4-46BF-8157-E234A880F060}.DirectX Debug|x86.ActiveCfg = Debug|x86
		{0CA3866C-03D4-46BF-8157-E234A880F060}.DirectX Debug|x86.Build.0 = Debug|x86
		{0CA3866C-03D4-46BF-8157-E234A880F060}.DirectX Release|x86.ActiveCfg = Release|x86
		{0CA3866C-03D4-46BF-8157-E234A880F060}.DirectX Release|x86.Build.0 = Release|x86
		{0CA3866C-03D4-46BF-8157-E234A880F060}.OpenGL Debug|x86.ActiveCfg = Debug|x86
		{0CA3866C-03D4-46BF-8157-E234A880F060}.OpenGL Debug|x86.Build.0 = Debug|x86
		{0CA3866C-03D4-46BF-8157-E234A880F060}.OpenGL Release|x86.ActiveCfg = Release|x86
		{0CA3866C-03D4-46BF-8157-E234A880F060}.OpenGL Release|x86.Build.0 = Release|x86
		{0CA3866C-03D4-46BF-8157-E234A880F060}.Release|x86.ActiveCfg = Release|x86
		{0CA3866C-03D4-46BF-8157-E234A880F060}.Release|x86.Build.0 = Release|x86
		{0CA3866C-03D4-46BF-8157-E234A880F060}.Xna Debug|x86.ActiveCfg = Debug|x86
		{0CA3866C-03D4-46BF-8157-E234A880F060}.Xna Debug|x86.Build.0 = Debug|x86
		{0CA3866C-03D4-46BF-8157-E234A880F060}.Xna Release|x86.ActiveCfg = Release|x86
		{0CA3866C-03D4-46BF-8157-E234A880F060}.Xna Release|x86.Build.0 = Release|x86
		{0EDB7324-39CB-4BED-866C-1340037CFD5A}.Debug|x86.ActiveCfg = Debug|x86
		{0EDB7324-39CB-4BED-866C-1340037CFD5A}.Debug|x86.Build.0 = Debug|x86
		{0EDB7324-39CB-4BED-866C-1340037CFD5A}.DirectX Debug|x86.ActiveCfg = Debug|x86
		{0EDB7324-39CB-4BED-866C-1340037CFD5A}.DirectX Debug|x86.Build.0 = Debug|x86
		{0EDB7324-39CB-4BED-866C-1340037CFD5A}.DirectX Release|x86.ActiveCfg = Release|x86
		{0EDB7324-39CB-4BED-866C-1340037CFD5A}.DirectX Release|x86.Build.0 = Release|x86
		{0EDB7324-39CB-4BED-866C-1340037CFD5A}.OpenGL Debug|x86.ActiveCfg = Debug|x86
		{0EDB7324-39CB-4BED-866C-1340037CFD5A}.OpenGL Debug|x86.Build.0 = Debug|x86
		{0EDB7324-39CB-4BED-866C-1340037CFD5A}.OpenGL Release|x86.ActiveCfg = Release|x86
		{0EDB7324-39CB-4BED-866C-1340037CFD5A}.OpenGL Release|x86.Build.0 = Release|x86
		{0EDB7324-39CB-4BED-866C-1340037CFD5A}.Release|x86.ActiveCfg = Release|x86
		{0EDB7324-39CB-4BED-866C-1340037CFD5A}.Release|x86.Build.0 = Release|x86
		{0EDB7324-39CB-4BED-866C-1340037CFD5A}.Xna Debug|x86.ActiveCfg = Debug|x86
		{0EDB7324-39CB-4BED-866C-1340037CFD5A}.Xna Debug|x86.Build.0 = Debug|x86
		{0EDB7324-39CB-4BED-866C-1340037CFD5A}.Xna Release|x86.ActiveCfg = Release|x86
		{0EDB7324-39CB-4BED-866C-1340037CFD5A}.Xna Release|x86.Build.0 = Release|x86
		{0F73B59A-4204-4BD7-A9C0-D53C1A62F84F}.Debug|x86.ActiveCfg = Debug|x86
		{0F73B59A-4204-4BD7-A9C0-D53C1A62F84F}.Debug|x86.Build.0 = Debug|x86
		{0F73B59A-4204-4BD7-A9C0-D53C1A62F84F}.DirectX Debug|x86.ActiveCfg = Debug|x86
		{0F73B59A-4204-4BD7-A9C0-D53C1A62F84F}.DirectX Debug|x86.Build.0 = Debug|x86
		{0F73B59A-4204-4BD7-A9C0-D53C1A62F84F}.DirectX Release|x86.ActiveCfg = Release|x86
		{0F73B59A-4204-4BD7-A9C0-D53C1A62F84F}.DirectX Release|x86.Build.0 = Release|x86
		{0F73B59A-4204-4BD7-A9C0-D53C1A62F84F}.OpenGL Debug|x86.ActiveCfg = Debug|x86
		{0F73B59A-4204-4BD7-A9C0-D53C1A62F84F}.OpenGL Release|x86.ActiveCfg = Release|x86
		{0F73B59A-4204-4BD7-A9C0-D53C1A62F84F}.Release|x86.ActiveCfg = Release|x86
		{0F73B59A-4204-4BD7-A9C0-D53C1A62F84F}.Release|x86.Build.0 = Release|x86
		{0F73B59A-4204-4BD7-A9C0-D53C1A62F84F}.Xna Debug|x86.ActiveCfg = Debug|x86
		{0F73B59A-4204-4BD7-A9C0-D53C1A62F84F}.Xna Debug|x86.Build.0 = Debug|x86
		{0F73B59A-4204-4BD7-A9C0-D53C1A62F84F}.Xna Release|x86.ActiveCfg = Release|x86
		{0F73B59A-4204-4BD7-A9C0-D53C1A62F84F}.Xna Release|x86.Build.0 = Release|x86
		{161EA53F-8D78-4BD3-8217-442D94A593C1}.Debug|x86.ActiveCfg = Debug|x86
		{161EA53F-8D78-4BD3-8217-442D94A593C1}.Debug|x86.Build.0 = Debug|x86
		{161EA53F-8D78-4BD3-8217-442D94A593C1}.DirectX Debug|x86.ActiveCfg = Debug|x86
		{161EA53F-8D78-4BD3-8217-442D94A593C1}.DirectX Debug|x86.Build.0 = Debug|x86
		{161EA53F-8D78-4BD3-8217-442D94A593C1}.DirectX Release|x86.ActiveCfg = Release|x86
		{161EA53F-8D78-4BD3-8217-442D94A593C1}.DirectX Release|x86.Build.0 = Release|x86
		{161EA53F-8D78-4BD3-8217-442D94A593C1}.OpenGL Debug|x86.ActiveCfg = Debug|x86
		{161EA53F-8D78-4BD3-8217-442D94A593C1}.OpenGL Debug|x86.Build.0 = Debug|x86
		{161EA53F-8D78-4BD3-8217-442D94A593C1}.OpenGL Release|x86.ActiveCfg = Release|x86
		{161EA53F-8D78-4BD3-8217-442D94A593C1}.OpenGL Release|x86.Build.0 = Release|x86
		{161EA53F-8D78-4BD3-8217-442D94A593C1}.Release|x86.ActiveCfg = Release|x86
		{161EA53F-8D78-4BD3-8217-442D94A593C1}.Release|x86.Build.0 = Release|x86
		{161EA53F-8D78-4BD3-8217-442D94A593C1}.Xna Debug|x86.ActiveCfg = Debug|x86
		{161EA53F-8D78-4BD3-8217-442D94A593C1}.Xna Debug|x86.Build.0 = Debug|x86
		{161EA53F-8D78-4BD3-8217-442D94A593C1}.Xna Release|x86.ActiveCfg = Release|x86
		{161EA53F-8D78-4BD3-8217-442D94A593C1}.Xna Release|x86.Build.0 = Release|x86
		{2F61CAE2-E060-44F7-9F12-EF58F12923CD}.Debug|x86.ActiveCfg = Debug|x86
		{2F61CAE2-E060-44F7-9F12-EF58F12923CD}.Debug|x86.Build.0 = Debug|x86
		{2F61CAE2-E060-44F7-9F12-EF58F12923CD}.DirectX Debug|x86.ActiveCfg = Debug|x86
		{2F61CAE2-E060-44F7-9F12-EF58F12923CD}.DirectX Debug|x86.Build.0 = Debug|x86
		{2F61CAE2-E060-44F7-9F12-EF58F12923CD}.DirectX Release|x86.ActiveCfg = Release|x86
		{2F61CAE2-E060-44F7-9F12-EF58F12923CD}.DirectX Release|x86.Build.0 = Release|x86
		{2F61CAE2-E060-44F7-9F12-EF58F12923CD}.OpenGL Debug|x86.ActiveCfg = Debug|x86
		{2F61CAE2-E060-44F7-9F12-EF58F12923CD}.OpenGL Debug|x86.Build.0 = Debug|x86
		{2F61CAE2-E060-44F7-9F12-EF58F12923CD}.OpenGL Release|x86.ActiveCfg = Release|x86
		{2F61CAE2-E060-44F7-9F12-EF58F12923CD}.OpenGL Release|x86.Build.0 = Release|x86
		{2F61CAE2-E060-44F7-9F12-EF58F12923CD}.Release|x86.ActiveCfg = Release|x86
		{2F61CAE2-E060-44F7-9F12-EF58F12923CD}.Release|x86.Build.0 = Release|x86
		{2F61CAE2-E060-44F7-9F12-EF58F12923CD}.Xna Debug|x86.ActiveCfg = Debug|x86
		{2F61CAE2-E060-44F7-9F12-EF58F12923CD}.Xna Debug|x86.Build.0 = Debug|x86
		{2F61CAE2-E060-44F7-9F12-EF58F12923CD}.Xna Release|x86.ActiveCfg = Release|x86
		{2F61CAE2-E060-44F7-9F12-EF58F12923CD}.Xna Release|x86.Build.0 = Release|x86
		{3782EF9E-008D-43AE-8E25-C974371BC250}.Debug|x86.ActiveCfg = Debug|x86
		{3782EF9E-008D-43AE-8E25-C974371BC250}.Debug|x86.Build.0 = Debug|x86
		{3782EF9E-008D-43AE-8E25-C974371BC250}.DirectX Debug|x86.ActiveCfg = Debug|x86
		{3782EF9E-008D-43AE-8E25-C974371BC250}.DirectX Debug|x86.Build.0 = Debug|x86
		{3782EF9E-008D-43AE-8E25-C974371BC250}.DirectX Release|x86.ActiveCfg = Release|x86
		{3782EF9E-008D-43AE-8E25-C974371BC250}.DirectX Release|x86.Build.0 = Release|x86
		{3782EF9E-008D-43AE-8E25-C974371BC250}.OpenGL Debug|x86.ActiveCfg = Debug|x86
		{3782EF9E-008D-43AE-8E25-C974371BC250}.OpenGL Debug|x86.Build.0 = Debug|x86
		{3782EF9E-008D-43AE-8E25-C974371BC250}.OpenGL Release|x86.ActiveCfg = Release|x86
		{3782EF9E-008D-43AE-8E25-C974371BC250}.OpenGL Release|x86.Build.0 = Release|x86
		{3782EF9E-008D-43AE-8E25-C974371BC250}.Release|x86.ActiveCfg = Release|x86
		{3782EF9E-008D-43AE-8E25-C974371BC250}.Release|x86.Build.0 = Release|x86
		{3782EF9E-008D-43AE-8E25-C974371BC250}.Xna Debug|x86.ActiveCfg = Debug|x86
		{3782EF9E-008D-43AE-8E25-C974371BC250}.Xna Debug|x86.Build.0 = Debug|x86
		{3782EF9E-008D-43AE-8E25-C974371BC250}.Xna Release|x86.ActiveCfg = Release|x86
		{3782EF9E-008D-43AE-8E25-C974371BC250}.Xna Release|x86.Build.0 = Release|x86
		{387ECF0B-1A87-478E-A826-5F74BDCCA215}.Debug|x86.ActiveCfg = Debug|x86
		{387ECF0B-1A87-478E-A826-5F74BDCCA215}.Debug|x86.Build.0 = Debug|x86
		{387ECF0B-1A87-478E-A826-5F74BDCCA215}.DirectX Debug|x86.ActiveCfg = Debug|x86
		{387ECF0B-1A87-478E-A826-5F74BDCCA215}.DirectX Debug|x86.Build.0 = Debug|x86
		{387ECF0B-1A87-478E-A826-5F74BDCCA215}.DirectX Release|x86.ActiveCfg = Release|x86
		{387ECF0B-1A87-478E-A826-5F74BDCCA215}.DirectX Release|x86.Build.0 = Release|x86
		{387ECF0B-1A87-478E-A826-5F74BDCCA215}.OpenGL Debug|x86.ActiveCfg = Debug|x86
		{387ECF0B-1A87-478E-A826-5F74BDCCA215}.OpenGL Debug|x86.Build.0 = Debug|x86
		{387ECF0B-1A87-478E-A826-5F74BDCCA215}.OpenGL Release|x86.ActiveCfg = Release|x86
		{387ECF0B-1A87-478E-A826-5F74BDCCA215}.OpenGL Release|x86.Build.0 = Release|x86
		{387ECF0B-1A87-478E-A826-5F74BDCCA215}.Release|x86.ActiveCfg = Release|x86
		{387ECF0B-1A87-478E-A826-5F74BDCCA215}.Release|x86.Build.0 = Release|x86
		{387ECF0B-1A87-478E-A826-5F74BDCCA215}.Xna Debug|x86.ActiveCfg = Debug|x86
		{387ECF0B-1A87-478E-A826-5F74BDCCA215}.Xna Debug|x86.Build.0 = Debug|x86
		{387ECF0B-1A87-478E-A826-5F74BDCCA215}.Xna Release|x86.ActiveCfg = Release|x86
		{387ECF0B-1A87-478E-A826-5F74BDCCA215}.Xna Release|x86.Build.0 = Release|x86
		{3FA3E842-91DE-4A78-99A8-DE3546763136}.Debug|x86.ActiveCfg = Debug|x86
		{3FA3E842-91DE-4A78-99A8-DE3546763136}.Debug|x86.Build.0 = Debug|x86
		{3FA3E842-91DE-4A78-99A8-DE3546763136}.DirectX Debug|x86.ActiveCfg = Debug|x86
		{3FA3E842-91DE-4A78-99A8-DE3546763136}.DirectX Debug|x86.Build.0 = Debug|x86
		{3FA3E842-91DE-4A78-99A8-DE3546763136}.DirectX Release|x86.ActiveCfg = Release|x86
		{3FA3E842-91DE-4A78-99A8-DE3546763136}.DirectX Release|x86.Build.0 = Release|x86
		{3FA3E842-91DE-4A78-99A8-DE3546763136}.OpenGL Debug|x86.ActiveCfg = Debug|x86
		{3FA3E842-91DE-4A78-99A8-DE3546763136}.OpenGL Debug|x86.Build.0 = Debug|x86
		{3FA3E842-91DE-4A78-99A8-DE3546763136}.OpenGL Release|x86.ActiveCfg = Release|x86
		{3FA3E842-91DE-4A78-99A8-DE3546763136}.OpenGL Release|x86.Build.0 = Release|x86
		{3FA3E842-91DE-4A78-99A8-DE3546763136}.Release|x86.ActiveCfg = Release|x86
		{3FA3E842-91DE-4A78-99A8-DE3546763136}.Release|x86.Build.0 = Release|x86
		{3FA3E842-91DE-4A78-99A8-DE3546763136}.Xna Debug|x86.ActiveCfg = Debug|x86
		{3FA3E842-91DE-4A78-99A8-DE3546763136}.Xna Debug|x86.Build.0 = Debug|x86
		{3FA3E842-91DE-4A78-99A8-DE3546763136}.Xna Release|x86.ActiveCfg = Release|x86
		{3FA3E842-91DE-4A78-99A8-DE3546763136}.Xna Release|x86.Build.0 = Release|x86
		{4B199736-110C-4CF4-9A81-8AF9F8C9E66B}.Debug|x86.ActiveCfg = Debug|x86
		{4B199736-110C-4CF4-9A81-8AF9F8C9E66B}.Debug|x86.Build.0 = Debug|x86
		{4B199736-110C-4CF4-9A81-8AF9F8C9E66B}.DirectX Debug|x86.ActiveCfg = Debug|x86
		{4B199736-110C-4CF4-9A81-8AF9F8C9E66B}.DirectX Debug|x86.Build.0 = Debug|x86
		{4B199736-110C-4CF4-9A81-8AF9F8C9E66B}.DirectX Release|x86.ActiveCfg = Release|x86
		{4B199736-110C-4CF4-9A81-8AF9F8C9E66B}.DirectX Release|x86.Build.0 = Release|x86
		{4B199736-110C-4CF4-9A81-8AF9F8C9E66B}.OpenGL Debug|x86.ActiveCfg = Debug|x86
		{4B199736-110C-4CF4-9A81-8AF9F8C9E66B}.OpenGL Debug|x86.Build.0 = Debug|x86
		{4B199736-110C-4CF4-9A81-8AF9F8C9E66B}.OpenGL Release|x86.ActiveCfg = Release|x86
		{4B199736-110C-4CF4-9A81-8AF9F8C9E66B}.OpenGL Release|x86.Build.0 = Release|x86
		{4B199736-110C-4CF4-9A81-8AF9F8C9E66B}.Release|x86.ActiveCfg = Release|x86
		{4B199736-110C-4CF4-9A81-8AF9F8C9E66B}.Release|x86.Build.0 = Release|x86
		{4B199736-110C-4CF4-9A81-8AF9F8C9E66B}.Xna Debug|x86.ActiveCfg = Debug|x86
		{4B199736-110C-4CF4-9A81-8AF9F8C9E66B}.Xna Debug|x86.Build.0 = Debug|x86
		{4B199736-110C-4CF4-9A81-8AF9F8C9E66B}.Xna Release|x86.ActiveCfg = Release|x86
		{4B199736-110C-4CF4-9A81-8AF9F8C9E66B}.Xna Release|x86.Build.0 = Release|x86
		{4E65C33E-A3AA-4DBB-988F-03A291A06ECF}.Debug|x86.ActiveCfg = Debug|x86
		{4E65C33E-A3AA-4DBB-988F-03A291A06ECF}.Debug|x86.Build.0 = Debug|x86
		{4E65C33E-A3AA-4DBB-988F-03A291A06ECF}.DirectX Debug|x86.ActiveCfg = Debug|x86
		{4E65C33E-A3AA-4DBB-988F-03A291A06ECF}.DirectX Release|x86.ActiveCfg = Release|x86
		{4E65C33E-A3AA-4DBB-988F-03A291A06ECF}.DirectX Release|x86.Build.0 = Release|x86
		{4E65C33E-A3AA-4DBB-988F-03A291A06ECF}.OpenGL Debug|x86.ActiveCfg = Debug|x86
		{4E65C33E-A3AA-4DBB-988F-03A291A06ECF}.OpenGL Debug|x86.Build.0 = Debug|x86
		{4E65C33E-A3AA-4DBB-988F-03A291A06ECF}.OpenGL Release|x86.ActiveCfg = Release|x86
		{4E65C33E-A3AA-4DBB-988F-03A291A06ECF}.OpenGL Release|x86.Build.0 = Release|x86
		{4E65C33E-A3AA-4DBB-988F-03A291A06ECF}.Release|x86.ActiveCfg = Release|x86
		{4E65C33E-A3AA-4DBB-988F-03A291A06ECF}.Release|x86.Build.0 = Release|x86
		{4E65C33E-A3AA-4DBB-988F-03A291A06ECF}.Xna Debug|x86.ActiveCfg = Debug|x86
		{4E65C33E-A3AA-4DBB-988F-03A291A06ECF}.Xna Debug|x86.Build.0 = Debug|x86
		{4E65C33E-A3AA-4DBB-988F-03A291A06ECF}.Xna Release|x86.ActiveCfg = Release|x86
		{4E65C33E-A3AA-4DBB-988F-03A291A06ECF}.Xna Release|x86.Build.0 = Release|x86
		{5EF4FD98-8D4F-4441-A6C3-F75930A36618}.Debug|x86.ActiveCfg = Debug|x86
		{5EF4FD98-8D4F-4441-A6C3-F75930A36618}.Debug|x86.Build.0 = Debug|x86
		{5EF4FD98-8D4F-4441-A6C3-F75930A36618}.DirectX Debug|x86.ActiveCfg = Debug|x86
		{5EF4FD98-8D4F-4441-A6C3-F75930A36618}.DirectX Debug|x86.Build.0 = Debug|x86
		{5EF4FD98-8D4F-4441-A6C3-F75930A36618}.DirectX Release|x86.ActiveCfg = Release|x86
		{5EF4FD98-8D4F-4441-A6C3-F75930A36618}.DirectX Release|x86.Build.0 = Release|x86
		{5EF4FD98-8D4F-4441-A6C3-F75930A36618}.OpenGL Debug|x86.ActiveCfg = Debug|x86
		{5EF4FD98-8D4F-4441-A6C3-F75930A36618}.OpenGL Debug|x86.Build.0 = Debug|x86
		{5EF4FD98-8D4F-4441-A6C3-F75930A36618}.OpenGL Release|x86.ActiveCfg = Release|x86
		{5EF4FD98-8D4F-4441-A6C3-F75930A36618}.OpenGL Release|x86.Build.0 = Release|x86
		{5EF4FD98-8D4F-4441-A6C3-F75930A36618}.Release|x86.ActiveCfg = Release|x86
		{5EF4FD98-8D4F-4441-A6C3-F75930A36618}.Release|x86.Build.0 = Release|x86
		{5EF4FD98-8D4F-4441-A6C3-F75930A36618}.Xna Debug|x86.ActiveCfg = Debug|x86
		{5EF4FD98-8D4F-4441-A6C3-F75930A36618}.Xna Debug|x86.Build.0 = Debug|x86
		{5EF4FD98-8D4F-4441-A6C3-F75930A36618}.Xna Release|x86.ActiveCfg = Release|x86
		{5EF4FD98-8D4F-4441-A6C3-F75930A36618}.Xna Release|x86.Build.0 = Release|x86
		{628E7ED7-EC58-4C93-B8AB-CB69087D381B}.Debug|x86.ActiveCfg = Debug|x86
		{628E7ED7-EC58-4C93-B8AB-CB69087D381B}.Debug|x86.Build.0 = Debug|x86
		{628E7ED7-EC58-4C93-B8AB-CB69087D381B}.DirectX Debug|x86.ActiveCfg = Debug|x86
		{628E7ED7-EC58-4C93-B8AB-CB69087D381B}.DirectX Release|x86.ActiveCfg = Release|x86
		{628E7ED7-EC58-4C93-B8AB-CB69087D381B}.OpenGL Debug|x86.ActiveCfg = Debug|x86
		{628E7ED7-EC58-4C93-B8AB-CB69087D381B}.OpenGL Release|x86.ActiveCfg = Release|x86
		{628E7ED7-EC58-4C93-B8AB-CB69087D381B}.Release|x86.ActiveCfg = Release|x86
		{628E7ED7-EC58-4C93-B8AB-CB69087D381B}.Release|x86.Build.0 = Release|x86
		{628E7ED7-EC58-4C93-B8AB-CB69087D381B}.Xna Debug|x86.ActiveCfg = Debug|x86
		{628E7ED7-EC58-4C93-B8AB-CB69087D381B}.Xna Debug|x86.Build.0 = Debug|x86
		{628E7ED7-EC58-4C93-B8AB-CB69087D381B}.Xna Release|x86.ActiveCfg = Release|x86
		{628E7ED7-EC58-4C93-B8AB-CB69087D381B}.Xna Release|x86.Build.0 = Release|x86
		{68DBB62F-F98D-47B5-A769-C20B461227AB}.Debug|x86.ActiveCfg = Debug|x86
		{68DBB62F-F98D-47B5-A769-C20B461227AB}.Debug|x86.Build.0 = Debug|x86
		{68DBB62F-F98D-47B5-A769-C20B461227AB}.DirectX Debug|x86.ActiveCfg = Debug|x86
		{68DBB62F-F98D-47B5-A769-C20B461227AB}.DirectX Debug|x86.Build.0 = Debug|x86
		{68DBB62F-F98D-47B5-A769-C20B461227AB}.DirectX Release|x86.ActiveCfg = Release|x86
		{68DBB62F-F98D-47B5-A769-C20B461227AB}.DirectX Release|x86.Build.0 = Release|x86
		{68DBB62F-F98D-47B5-A769-C20B461227AB}.OpenGL Debug|x86.ActiveCfg = Debug|x86
		{68DBB62F-F98D-47B5-A769-C20B461227AB}.OpenGL Release|x86.ActiveCfg = Release|x86
		{68DBB62F-F98D-47B5-A769-C20B461227AB}.Release|x86.ActiveCfg = Release|x86
		{68DBB62F-F98D-47B5-A769-C20B461227AB}.Release|x86.Build.0 = Release|x86
		{68DBB62F-F98D-47B5-A769-C20B461227AB}.Xna Debug|x86.ActiveCfg = Debug|x86
		{68DBB62F-F98D-47B5-A769-C20B461227AB}.Xna Release|x86.ActiveCfg = Release|x86
		{6E5E6221-0235-49C9-9273-449F5F0E8EF6}.Debug|x86.ActiveCfg = Debug|x86
		{6E5E6221-0235-49C9-9273-449F5F0E8EF6}.Debug|x86.Build.0 = Debug|x86
		{6E5E6221-0235-49C9-9273-449F5F0E8EF6}.DirectX Debug|x86.ActiveCfg = Debug|x86
		{6E5E6221-0235-49C9-9273-449F5F0E8EF6}.DirectX Release|x86.ActiveCfg = Release|x86
		{6E5E6221-0235-49C9-9273-449F5F0E8EF6}.OpenGL Debug|x86.ActiveCfg = Debug|x86
		{6E5E6221-0235-49C9-9273-449F5F0E8EF6}.OpenGL Release|x86.ActiveCfg = Release|x86
		{6E5E6221-0235-49C9-9273-449F5F0E8EF6}.Release|x86.ActiveCfg = Release|x86
		{6E5E6221-0235-49C9-9273-449F5F0E8EF6}.Release|x86.Build.0 = Release|x86
		{6E5E6221-0235-49C9-9273-449F5F0E8EF6}.Xna Debug|x86.ActiveCfg = Debug|x86
		{6E5E6221-0235-49C9-9273-449F5F0E8EF6}.Xna Debug|x86.Build.0 = Debug|x86
		{6E5E6221-0235-49C9-9273-449F5F0E8EF6}.Xna Release|x86.ActiveCfg = Release|x86
		{6E5E6221-0235-49C9-9273-449F5F0E8EF6}.Xna Release|x86.Build.0 = Release|x86
		{721891E7-3A22-4679-9233-73C05301057D}.Debug|x86.ActiveCfg = Debug|x86
		{721891E7-3A22-4679-9233-73C05301057D}.DirectX Debug|x86.ActiveCfg = Debug|x86
		{721891E7-3A22-4679-9233-73C05301057D}.DirectX Release|x86.ActiveCfg = Release|x86
		{721891E7-3A22-4679-9233-73C05301057D}.OpenGL Debug|x86.ActiveCfg = Debug|x86
		{721891E7-3A22-4679-9233-73C05301057D}.OpenGL Release|x86.ActiveCfg = Release|x86
		{721891E7-3A22-4679-9233-73C05301057D}.Release|x86.ActiveCfg = Release|x86
		{721891E7-3A22-4679-9233-73C05301057D}.Xna Debug|x86.ActiveCfg = Debug|x86
		{721891E7-3A22-4679-9233-73C05301057D}.Xna Release|x86.ActiveCfg = Release|x86
		{7440613A-4487-46BE-998E-25F554ACE980}.Debug|x86.ActiveCfg = Debug|x86
		{7440613A-4487-46BE-998E-25F554ACE980}.Debug|x86.Build.0 = Debug|x86
		{7440613A-4487-46BE-998E-25F554ACE980}.DirectX Debug|x86.ActiveCfg = Debug|x86
		{7440613A-4487-46BE-998E-25F554ACE980}.DirectX Debug|x86.Build.0 = Debug|x86
		{7440613A-4487-46BE-998E-25F554ACE980}.DirectX Release|x86.ActiveCfg = Release|x86
		{7440613A-4487-46BE-998E-25F554ACE980}.DirectX Release|x86.Build.0 = Release|x86
		{7440613A-4487-46BE-998E-25F554ACE980}.OpenGL Debug|x86.ActiveCfg = Debug|x86
		{7440613A-4487-46BE-998E-25F554ACE980}.OpenGL Debug|x86.Build.0 = Debug|x86
		{7440613A-4487-46BE-998E-25F554ACE980}.OpenGL Release|x86.ActiveCfg = Release|x86
		{7440613A-4487-46BE-998E-25F554ACE980}.OpenGL Release|x86.Build.0 = Release|x86
		{7440613A-4487-46BE-998E-25F554ACE980}.Release|x86.ActiveCfg = Release|x86
		{7440613A-4487-46BE-998E-25F554ACE980}.Release|x86.Build.0 = Release|x86
		{7440613A-4487-46BE-998E-25F554ACE980}.Xna Debug|x86.ActiveCfg = Debug|x86
		{7440613A-4487-46BE-998E-25F554ACE980}.Xna Debug|x86.Build.0 = Debug|x86
		{7440613A-4487-46BE-998E-25F554ACE980}.Xna Release|x86.ActiveCfg = Release|x86
		{7440613A-4487-46BE-998E-25F554ACE980}.Xna Release|x86.Build.0 = Release|x86
		{77AC0D3A-2A99-4EA6-A90E-C71BB53751C5}.Debug|x86.ActiveCfg = Debug|x86
		{77AC0D3A-2A99-4EA6-A90E-C71BB53751C5}.Debug|x86.Build.0 = Debug|x86
		{77AC0D3A-2A99-4EA6-A90E-C71BB53751C5}.DirectX Debug|x86.ActiveCfg = Debug|x86
		{77AC0D3A-2A99-4EA6-A90E-C71BB53751C5}.DirectX Debug|x86.Build.0 = Debug|x86
		{77AC0D3A-2A99-4EA6-A90E-C71BB53751C5}.DirectX Release|x86.ActiveCfg = Release|x86
		{77AC0D3A-2A99-4EA6-A90E-C71BB53751C5}.DirectX Release|x86.Build.0 = Release|x86
		{77AC0D3A-2A99-4EA6-A90E-C71BB53751C5}.OpenGL Debug|x86.ActiveCfg = Debug|x86
		{77AC0D3A-2A99-4EA6-A90E-C71BB53751C5}.OpenGL Release|x86.ActiveCfg = Release|x86
		{77AC0D3A-2A99-4EA6-A90E-C71BB53751C5}.Release|x86.ActiveCfg = Release|x86
		{77AC0D3A-2A99-4EA6-A90E-C71BB53751C5}.Release|x86.Build.0 = Release|x86
		{77AC0D3A-2A99-4EA6-A90E-C71BB53751C5}.Xna Debug|x86.ActiveCfg = Debug|x86
		{77AC0D3A-2A99-4EA6-A90E-C71BB53751C5}.Xna Debug|x86.Build.0 = Debug|x86
		{77AC0D3A-2A99-4EA6-A90E-C71BB53751C5}.Xna Release|x86.ActiveCfg = Release|x86
		{77AC0D3A-2A99-4EA6-A90E-C71BB53751C5}.Xna Release|x86.Build.0 = Release|x86
		{77AC4C2F-775D-4388-8157-2767C585C24E}.Debug|x86.ActiveCfg = Debug|x86
		{77AC4C2F-775D-4388-8157-2767C585C24E}.Debug|x86.Build.0 = Debug|x86
		{77AC4C2F-775D-4388-8157-2767C585C24E}.DirectX Debug|x86.ActiveCfg = Debug|x86
		{77AC4C2F-775D-4388-8157-2767C585C24E}.DirectX Release|x86.ActiveCfg = Release|x86
		{77AC4C2F-775D-4388-8157-2767C585C24E}.OpenGL Debug|x86.ActiveCfg = Debug|x86
		{77AC4C2F-775D-4388-8157-2767C585C24E}.OpenGL Release|x86.ActiveCfg = Release|x86
		{77AC4C2F-775D-4388-8157-2767C585C24E}.Release|x86.ActiveCfg = Release|x86
		{77AC4C2F-775D-4388-8157-2767C585C24E}.Release|x86.Build.0 = Release|x86
		{77AC4C2F-775D-4388-8157-2767C585C24E}.Xna Debug|x86.ActiveCfg = Debug|x86
		{77AC4C2F-775D-4388-8157-2767C585C24E}.Xna Debug|x86.Build.0 = Debug|x86
		{77AC4C2F-775D-4388-8157-2767C585C24E}.Xna Release|x86.ActiveCfg = Release|x86
		{77AC4C2F-775D-4388-8157-2767C585C24E}.Xna Release|x86.Build.0 = Release|x86
		{79674E34-9EC2-4819-B47E-3DD75DFA4173}.Debug|x86.ActiveCfg = Debug|x86
		{79674E34-9EC2-4819-B47E-3DD75DFA4173}.Debug|x86.Build.0 = Debug|x86
		{79674E34-9EC2-4819-B47E-3DD75DFA4173}.DirectX Debug|x86.ActiveCfg = Debug|x86
		{79674E34-9EC2-4819-B47E-3DD75DFA4173}.DirectX Debug|x86.Build.0 = Debug|x86
		{79674E34-9EC2-4819-B47E-3DD75DFA4173}.DirectX Release|x86.ActiveCfg = Release|x86
		{79674E34-9EC2-4819-B47E-3DD75DFA4173}.DirectX Release|x86.Build.0 = Release|x86
		{79674E34-9EC2-4819-B47E-3DD75DFA4173}.OpenGL Debug|x86.ActiveCfg = Debug|x86
		{79674E34-9EC2-4819-B47E-3DD75DFA4173}.OpenGL Debug|x86.Build.0 = Debug|x86
		{79674E34-9EC2-4819-B47E-3DD75DFA4173}.OpenGL Release|x86.ActiveCfg = Release|x86
		{79674E34-9EC2-4819-B47E-3DD75DFA4173}.OpenGL Release|x86.Build.0 = Release|x86
		{79674E34-9EC2-4819-B47E-3DD75DFA4173}.Release|x86.ActiveCfg = Release|x86
		{79674E34-9EC2-4819-B47E-3DD75DFA4173}.Release|x86.Build.0 = Release|x86
		{79674E34-9EC2-4819-B47E-3DD75DFA4173}.Xna Debug|x86.ActiveCfg = Debug|x86
		{79674E34-9EC2-4819-B47E-3DD75DFA4173}.Xna Debug|x86.Build.0 = Debug|x86
		{79674E34-9EC2-4819-B47E-3DD75DFA4173}.Xna Release|x86.ActiveCfg = Release|x86
		{79674E34-9EC2-4819-B47E-3DD75DFA4173}.Xna Release|x86.Build.0 = Release|x86
		{82D00A5B-1943-4DDF-859A-7552F75CBF1F}.Debug|x86.ActiveCfg = Debug|x86
		{82D00A5B-1943-4DDF-859A-7552F75CBF1F}.Debug|x86.Build.0 = Debug|x86
		{82D00A5B-1943-4DDF-859A-7552F75CBF1F}.DirectX Debug|x86.ActiveCfg = Debug|x86
		{82D00A5B-1943-4DDF-859A-7552F75CBF1F}.DirectX Debug|x86.Build.0 = Debug|x86
		{82D00A5B-1943-4DDF-859A-7552F75CBF1F}.DirectX Release|x86.ActiveCfg = Release|x86
		{82D00A5B-1943-4DDF-859A-7552F75CBF1F}.DirectX Release|x86.Build.0 = Release|x86
		{82D00A5B-1943-4DDF-859A-7552F75CBF1F}.OpenGL Debug|x86.ActiveCfg = Debug|x86
		{82D00A5B-1943-4DDF-859A-7552F75CBF1F}.OpenGL Debug|x86.Build.0 = Debug|x86
		{82D00A5B-1943-4DDF-859A-7552F75CBF1F}.OpenGL Release|x86.ActiveCfg = Release|x86
		{82D00A5B-1943-4DDF-859A-7552F75CBF1F}.OpenGL Release|x86.Build.0 = Release|x86
		{82D00A5B-1943-4DDF-859A-7552F75CBF1F}.Release|x86.ActiveCfg = Release|x86
		{82D00A5B-1943-4DDF-859A-7552F75CBF1F}.Release|x86.Build.0 = Release|x86
		{82D00A5B-1943-4DDF-859A-7552F75CBF1F}.Xna Debug|x86.ActiveCfg = Debug|x86
		{82D00A5B-1943-4DDF-859A-7552F75CBF1F}.Xna Debug|x86.Build.0 = Debug|x86
		{82D00A5B-1943-4DDF-859A-7552F75CBF1F}.Xna Release|x86.ActiveCfg = Release|x86
		{82D00A5B-1943-4DDF-859A-7552F75CBF1F}.Xna Release|x86.Build.0 = Release|x86
		{89C3D207-913D-4BCB-BD6E-F8673E20D8EA}.Debug|x86.ActiveCfg = Debug|x86
		{89C3D207-913D-4BCB-BD6E-F8673E20D8EA}.Debug|x86.Build.0 = Debug|x86
		{89C3D207-913D-4BCB-BD6E-F8673E20D8EA}.DirectX Debug|x86.ActiveCfg = Debug|x86
		{89C3D207-913D-4BCB-BD6E-F8673E20D8EA}.DirectX Debug|x86.Build.0 = Debug|x86
		{89C3D207-913D-4BCB-BD6E-F8673E20D8EA}.DirectX Release|x86.ActiveCfg = Release|x86
		{89C3D207-913D-4BCB-BD6E-F8673E20D8EA}.DirectX Release|x86.Build.0 = Release|x86
		{89C3D207-913D-4BCB-BD6E-F8673E20D8EA}.OpenGL Debug|x86.ActiveCfg = Debug|x86
		{89C3D207-913D-4BCB-BD6E-F8673E20D8EA}.OpenGL Debug|x86.Build.0 = Debug|x86
		{89C3D207-913D-4BCB-BD6E-F8673E20D8EA}.OpenGL Release|x86.ActiveCfg = Release|x86
		{89C3D207-913D-4BCB-BD6E-F8673E20D8EA}.OpenGL Release|x86.Build.0 = Release|x86
		{89C3D207-913D-4BCB-BD6E-F8673E20D8EA}.Release|x86.ActiveCfg = Release|x86
		{89C3D207-913D-4BCB-BD6E-F8673E20D8EA}.Release|x86.Build.0 = Release|x86
		{89C3D207-913D-4BCB-BD6E-F8673E20D8EA}.Xna Debug|x86.ActiveCfg = Debug|x86
		{89C3D207-913D-4BCB-BD6E-F8673E20D8EA}.Xna Debug|x86.Build.0 = Debug|x86
		{89C3D207-913D-4BCB-BD6E-F8673E20D8EA}.Xna Release|x86.ActiveCfg = Release|x86
		{89C3D207-913D-4BCB-BD6E-F8673E20D8EA}.Xna Release|x86.Build.0 = Release|x86
		{9ABE0570-61D4-4C81-BDD4-860ABADFDA6E}.Debug|x86.ActiveCfg = Debug|x86
		{9ABE0570-61D4-4C81-BDD4-860ABADFDA6E}.Debug|x86.Build.0 = Debug|x86
		{9ABE0570-61D4-4C81-BDD4-860ABADFDA6E}.DirectX Debug|x86.ActiveCfg = Debug|x86
		{9ABE0570-61D4-4C81-BDD4-860ABADFDA6E}.DirectX Release|x86.ActiveCfg = Release|x86
		{9ABE0570-61D4-4C81-BDD4-860ABADFDA6E}.OpenGL Debug|x86.ActiveCfg = Debug|x86
		{9ABE0570-61D4-4C81-BDD4-860ABADFDA6E}.OpenGL Debug|x86.Build.0 = Debug|x86
		{9ABE0570-61D4-4C81-BDD4-860ABADFDA6E}.OpenGL Release|x86.ActiveCfg = Release|x86
		{9ABE0570-61D4-4C81-BDD4-860ABADFDA6E}.OpenGL Release|x86.Build.0 = Release|x86
		{9ABE0570-61D4-4C81-BDD4-860ABADFDA6E}.Release|x86.ActiveCfg = Release|x86
		{9ABE0570-61D4-4C81-BDD4-860ABADFDA6E}.Release|x86.Build.0 = Release|x86
		{9ABE0570-61D4-4C81-BDD4-860ABADFDA6E}.Xna Debug|x86.ActiveCfg = Debug|x86
		{9ABE0570-61D4-4C81-BDD4-860ABADFDA6E}.Xna Release|x86.ActiveCfg = Release|x86
		{A4A4146B-AA5E-4262-8370-DFC148C423B3}.Debug|x86.ActiveCfg = Debug|x86
		{A4A4146B-AA5E-4262-8370-DFC148C423B3}.Debug|x86.Build.0 = Debug|x86
		{A4A4146B-AA5E-4262-8370-DFC148C423B3}.DirectX Debug|x86.ActiveCfg = Debug|x86
		{A4A4146B-AA5E-4262-8370-DFC148C423B3}.DirectX Debug|x86.Build.0 = Debug|x86
		{A4A4146B-AA5E-4262-8370-DFC148C423B3}.DirectX Release|x86.ActiveCfg = Release|x86
		{A4A4146B-AA5E-4262-8370-DFC148C423B3}.DirectX Release|x86.Build.0 = Release|x86
		{A4A4146B-AA5E-4262-8370-DFC148C423B3}.OpenGL Debug|x86.ActiveCfg = Debug|x86
		{A4A4146B-AA5E-4262-8370-DFC148C423B3}.OpenGL Debug|x86.Build.0 = Debug|x86
		{A4A4146B-AA5E-4262-8370-DFC148C423B3}.OpenGL Release|x86.ActiveCfg = Release|x86
		{A4A4146B-AA5E-4262-8370-DFC148C423B3}.OpenGL Release|x86.Build.0 = Release|x86
		{A4A4146B-AA5E-4262-8370-DFC148C423B3}.Release|x86.ActiveCfg = Release|x86
		{A4A4146B-AA5E-4262-8370-DFC148C423B3}.Release|x86.Build.0 = Release|x86
		{A4A4146B-AA5E-4262-8370-DFC148C423B3}.Xna Debug|x86.ActiveCfg = Debug|x86
		{A4A4146B-AA5E-4262-8370-DFC148C423B3}.Xna Debug|x86.Build.0 = Debug|x86
		{A4A4146B-AA5E-4262-8370-DFC148C423B3}.Xna Release|x86.ActiveCfg = Release|x86
		{A4A4146B-AA5E-4262-8370-DFC148C423B3}.Xna Release|x86.Build.0 = Release|x86
		{A4C56A5A-BF67-4BEE-9CA5-B91CB53238E8}.Debug|x86.ActiveCfg = Debug|x86
		{A4C56A5A-BF67-4BEE-9CA5-B91CB53238E8}.Debug|x86.Build.0 = Debug|x86
		{A4C56A5A-BF67-4BEE-9CA5-B91CB53238E8}.DirectX Debug|x86.ActiveCfg = Debug|x86
		{A4C56A5A-BF67-4BEE-9CA5-B91CB53238E8}.DirectX Debug|x86.Build.0 = Debug|x86
		{A4C56A5A-BF67-4BEE-9CA5-B91CB53238E8}.DirectX Release|x86.ActiveCfg = Release|x86
		{A4C56A5A-BF67-4BEE-9CA5-B91CB53238E8}.DirectX Release|x86.Build.0 = Release|x86
		{A4C56A5A-BF67-4BEE-9CA5-B91CB53238E8}.OpenGL Debug|x86.ActiveCfg = Debug|x86
		{A4C56A5A-BF67-4BEE-9CA5-B91CB53238E8}.OpenGL Debug|x86.Build.0 = Debug|x86
		{A4C56A5A-BF67-4BEE-9CA5-B91CB53238E8}.OpenGL Release|x86.ActiveCfg = Release|x86
		{A4C56A5A-BF67-4BEE-9CA5-B91CB53238E8}.OpenGL Release|x86.Build.0 = Release|x86
		{A4C56A5A-BF67-4BEE-9CA5-B91CB53238E8}.Release|x86.ActiveCfg = Release|x86
		{A4C56A5A-BF67-4BEE-9CA5-B91CB53238E8}.Release|x86.Build.0 = Release|x86
		{A4C56A5A-BF67-4BEE-9CA5-B91CB53238E8}.Xna Debug|x86.ActiveCfg = Debug|x86
		{A4C56A5A-BF67-4BEE-9CA5-B91CB53238E8}.Xna Debug|x86.Build.0 = Debug|x86
		{A4C56A5A-BF67-4BEE-9CA5-B91CB53238E8}.Xna Release|x86.ActiveCfg = Release|x86
		{A4C56A5A-BF67-4BEE-9CA5-B91CB53238E8}.Xna Release|x86.Build.0 = Release|x86
		{A9B352AA-24CF-42F6-9D2E-812382055F5E}.Debug|x86.ActiveCfg = Debug|x86
		{A9B352AA-24CF-42F6-9D2E-812382055F5E}.Debug|x86.Build.0 = Debug|x86
		{A9B352AA-24CF-42F6-9D2E-812382055F5E}.DirectX Debug|x86.ActiveCfg = Debug|x86
		{A9B352AA-24CF-42F6-9D2E-812382055F5E}.DirectX Debug|x86.Build.0 = Debug|x86
		{A9B352AA-24CF-42F6-9D2E-812382055F5E}.DirectX Release|x86.ActiveCfg = Release|x86
		{A9B352AA-24CF-42F6-9D2E-812382055F5E}.DirectX Release|x86.Build.0 = Release|x86
		{A9B352AA-24CF-42F6-9D2E-812382055F5E}.OpenGL Debug|x86.ActiveCfg = Debug|x86
		{A9B352AA-24CF-42F6-9D2E-812382055F5E}.OpenGL Debug|x86.Build.0 = Debug|x86
		{A9B352AA-24CF-42F6-9D2E-812382055F5E}.OpenGL Release|x86.ActiveCfg = Release|x86
		{A9B352AA-24CF-42F6-9D2E-812382055F5E}.OpenGL Release|x86.Build.0 = Release|x86
		{A9B352AA-24CF-42F6-9D2E-812382055F5E}.Release|x86.ActiveCfg = Release|x86
		{A9B352AA-24CF-42F6-9D2E-812382055F5E}.Release|x86.Build.0 = Release|x86
		{A9B352AA-24CF-42F6-9D2E-812382055F5E}.Xna Debug|x86.ActiveCfg = Debug|x86
		{A9B352AA-24CF-42F6-9D2E-812382055F5E}.Xna Debug|x86.Build.0 = Debug|x86
		{A9B352AA-24CF-42F6-9D2E-812382055F5E}.Xna Release|x86.ActiveCfg = Release|x86
		{A9B352AA-24CF-42F6-9D2E-812382055F5E}.Xna Release|x86.Build.0 = Release|x86
		{AF0AAC88-68C8-4CF4-AFFA-526AD899758A}.Debug|x86.ActiveCfg = Debug|x86
		{AF0AAC88-68C8-4CF4-AFFA-526AD899758A}.Debug|x86.Build.0 = Debug|x86
		{AF0AAC88-68C8-4CF4-AFFA-526AD899758A}.DirectX Debug|x86.ActiveCfg = Debug|x86
		{AF0AAC88-68C8-4CF4-AFFA-526AD899758A}.DirectX Debug|x86.Build.0 = Debug|x86
		{AF0AAC88-68C8-4CF4-AFFA-526AD899758A}.DirectX Release|x86.ActiveCfg = Release|x86
		{AF0AAC88-68C8-4CF4-AFFA-526AD899758A}.DirectX Release|x86.Build.0 = Release|x86
		{AF0AAC88-68C8-4CF4-AFFA-526AD899758A}.OpenGL Debug|x86.ActiveCfg = Debug|x86
		{AF0AAC88-68C8-4CF4-AFFA-526AD899758A}.OpenGL Debug|x86.Build.0 = Debug|x86
		{AF0AAC88-68C8-4CF4-AFFA-526AD899758A}.OpenGL Release|x86.ActiveCfg = Release|x86
		{AF0AAC88-68C8-4CF4-AFFA-526AD899758A}.OpenGL Release|x86.Build.0 = Release|x86
		{AF0AAC88-68C8-4CF4-AFFA-526AD899758A}.Release|x86.ActiveCfg = Release|x86
		{AF0AAC88-68C8-4CF4-AFFA-526AD899758A}.Release|x86.Build.0 = Release|x86
		{AF0AAC88-68C8-4CF4-AFFA-526AD899758A}.Xna Debug|x86.ActiveCfg = Debug|x86
		{AF0AAC88-68C8-4CF4-AFFA-526AD899758A}.Xna Debug|x86.Build.0 = Debug|x86
		{AF0AAC88-68C8-4CF4-AFFA-526AD899758A}.Xna Release|x86.ActiveCfg = Release|x86
		{AF0AAC88-68C8-4CF4-AFFA-526AD899758A}.Xna Release|x86.Build.0 = Release|x86
		{B2BB7F09-2AD3-49C4-9268-D33BC13AA5E7}.Debug|x86.ActiveCfg = Debug|x86
		{B2BB7F09-2AD3-49C4-9268-D33BC13AA5E7}.Debug|x86.Build.0 = Debug|x86
		{B2BB7F09-2AD3-49C4-9268-D33BC13AA5E7}.DirectX Debug|x86.ActiveCfg = Debug|x86
		{B2BB7F09-2AD3-49C4-9268-D33BC13AA5E7}.DirectX Debug|x86.Build.0 = Debug|x86
		{B2BB7F09-2AD3-49C4-9268-D33BC13AA5E7}.DirectX Release|x86.ActiveCfg = Release|x86
		{B2BB7F09-2AD3-49C4-9268-D33BC13AA5E7}.DirectX Release|x86.Build.0 = Release|x86
		{B2BB7F09-2AD3-49C4-9268-D33BC13AA5E7}.OpenGL Debug|x86.ActiveCfg = Debug|x86
		{B2BB7F09-2AD3-49C4-9268-D33BC13AA5E7}.OpenGL Debug|x86.Build.0 = Debug|x86
		{B2BB7F09-2AD3-49C4-9268-D33BC13AA5E7}.OpenGL Release|x86.ActiveCfg = Release|x86
		{B2BB7F09-2AD3-49C4-9268-D33BC13AA5E7}.OpenGL Release|x86.Build.0 = Release|x86
		{B2BB7F09-2AD3-49C4-9268-D33BC13AA5E7}.Release|x86.ActiveCfg = Release|x86
		{B2BB7F09-2AD3-49C4-9268-D33BC13AA5E7}.Release|x86.Build.0 = Release|x86
		{B2BB7F09-2AD3-49C4-9268-D33BC13AA5E7}.Xna Debug|x86.ActiveCfg = Debug|x86
		{B2BB7F09-2AD3-49C4-9268-D33BC13AA5E7}.Xna Debug|x86.Build.0 = Debug|x86
		{B2BB7F09-2AD3-49C4-9268-D33BC13AA5E7}.Xna Release|x86.ActiveCfg = Release|x86
		{B2BB7F09-2AD3-49C4-9268-D33BC13AA5E7}.Xna Release|x86.Build.0 = Release|x86
		{B4CE9E05-F5E9-4839-A928-27B4D30F4EE3}.Debug|x86.ActiveCfg = Debug|x86
		{B4CE9E05-F5E9-4839-A928-27B4D30F4EE3}.Debug|x86.Build.0 = Debug|x86
		{B4CE9E05-F5E9-4839-A928-27B4D30F4EE3}.DirectX Debug|x86.ActiveCfg = Debug|x86
		{B4CE9E05-F5E9-4839-A928-27B4D30F4EE3}.DirectX Release|x86.ActiveCfg = Release|x86
		{B4CE9E05-F5E9-4839-A928-27B4D30F4EE3}.OpenGL Debug|x86.ActiveCfg = Debug|x86
		{B4CE9E05-F5E9-4839-A928-27B4D30F4EE3}.OpenGL Debug|x86.Build.0 = Debug|x86
		{B4CE9E05-F5E9-4839-A928-27B4D30F4EE3}.OpenGL Release|x86.ActiveCfg = Release|x86
		{B4CE9E05-F5E9-4839-A928-27B4D30F4EE3}.OpenGL Release|x86.Build.0 = Release|x86
		{B4CE9E05-F5E9-4839-A928-27B4D30F4EE3}.Release|x86.ActiveCfg = Release|x86
		{B4CE9E05-F5E9-4839-A928-27B4D30F4EE3}.Release|x86.Build.0 = Release|x86
		{B4CE9E05-F5E9-4839-A928-27B4D30F4EE3}.Xna Debug|x86.ActiveCfg = Debug|x86
		{B4CE9E05-F5E9-4839-A928-27B4D30F4EE3}.Xna Release|x86.ActiveCfg = Release|x86
		{B872A709-3A4E-4B33-9B22-E75509FA8100}.Debug|x86.ActiveCfg = Debug|x86
		{B872A709-3A4E-4B33-9B22-E75509FA8100}.Debug|x86.Build.0 = Debug|x86
		{B872A709-3A4E-4B33-9B22-E75509FA8100}.DirectX Debug|x86.ActiveCfg = Debug|x86
		{B872A709-3A4E-4B33-9B22-E75509FA8100}.DirectX Debug|x86.Build.0 = Debug|x86
		{B872A709-3A4E-4B33-9B22-E75509FA8100}.DirectX Release|x86.ActiveCfg = Release|x86
		{B872A709-3A4E-4B33-9B22-E75509FA8100}.DirectX Release|x86.Build.0 = Release|x86
		{B872A709-3A4E-4B33-9B22-E75509FA8100}.OpenGL Debug|x86.ActiveCfg = Debug|x86
		{B872A709-3A4E-4B33-9B22-E75509FA8100}.OpenGL Debug|x86.Build.0 = Debug|x86
		{B872A709-3A4E-4B33-9B22-E75509FA8100}.OpenGL Release|x86.ActiveCfg = Release|x86
		{B872A709-3A4E-4B33-9B22-E75509FA8100}.OpenGL Release|x86.Build.0 = Release|x86
		{B872A709-3A4E-4B33-9B22-E75509FA8100}.Release|x86.ActiveCfg = Release|x86
		{B872A709-3A4E-4B33-9B22-E75509FA8100}.Release|x86.Build.0 = Release|x86
		{B872A709-3A4E-4B33-9B22-E75509FA8100}.Xna Debug|x86.ActiveCfg = Debug|x86
		{B872A709-3A4E-4B33-9B22-E75509FA8100}.Xna Debug|x86.Build.0 = Debug|x86
		{B872A709-3A4E-4B33-9B22-E75509FA8100}.Xna Release|x86.ActiveCfg = Release|x86
		{B872A709-3A4E-4B33-9B22-E75509FA8100}.Xna Release|x86.Build.0 = Release|x86
		{B8A08085-7E36-475E-BA03-43A3B4593B89}.Debug|x86.ActiveCfg = Debug|x86
		{B8A08085-7E36-475E-BA03-43A3B4593B89}.Debug|x86.Build.0 = Debug|x86
		{B8A08085-7E36-475E-BA03-43A3B4593B89}.DirectX Debug|x86.ActiveCfg = Debug|x86
		{B8A08085-7E36-475E-BA03-43A3B4593B89}.DirectX Debug|x86.Build.0 = Debug|x86
		{B8A08085-7E36-475E-BA03-43A3B4593B89}.DirectX Release|x86.ActiveCfg = Release|x86
		{B8A08085-7E36-475E-BA03-43A3B4593B89}.DirectX Release|x86.Build.0 = Release|x86
		{B8A08085-7E36-475E-BA03-43A3B4593B89}.OpenGL Debug|x86.ActiveCfg = Debug|x86
		{B8A08085-7E36-475E-BA03-43A3B4593B89}.OpenGL Debug|x86.Build.0 = Debug|x86
		{B8A08085-7E36-475E-BA03-43A3B4593B89}.OpenGL Release|x86.ActiveCfg = Release|x86
		{B8A08085-7E36-475E-BA03-43A3B4593B89}.OpenGL Release|x86.Build.0 = Release|x86
		{B8A08085-7E36-475E-BA03-43A3B4593B89}.Release|x86.ActiveCfg = Release|x86
		{B8A08085-7E36-475E-BA03-43A3B4593B89}.Release|x86.Build.0 = Release|x86
		{B8A08085-7E36-475E-BA03-43A3B4593B89}.Xna Debug|x86.ActiveCfg = Debug|x86
		{B8A08085-7E36-475E-BA03-43A3B4593B89}.Xna Debug|x86.Build.0 = Debug|x86
		{B8A08085-7E36-475E-BA03-43A3B4593B89}.Xna Release|x86.ActiveCfg = Release|x86
		{B8A08085-7E36-475E-BA03-43A3B4593B89}.Xna Release|x86.Build.0 = Release|x86
		{B99D3D2B-0DF1-43D3-8542-04B3AD5BFAE2}.Debug|x86.ActiveCfg = Debug|x86
		{B99D3D2B-0DF1-43D3-8542-04B3AD5BFAE2}.Debug|x86.Build.0 = Debug|x86
		{B99D3D2B-0DF1-43D3-8542-04B3AD5BFAE2}.DirectX Debug|x86.ActiveCfg = Debug|x86
		{B99D3D2B-0DF1-43D3-8542-04B3AD5BFAE2}.DirectX Debug|x86.Build.0 = Debug|x86
		{B99D3D2B-0DF1-43D3-8542-04B3AD5BFAE2}.DirectX Release|x86.ActiveCfg = Release|x86
		{B99D3D2B-0DF1-43D3-8542-04B3AD5BFAE2}.DirectX Release|x86.Build.0 = Release|x86
		{B99D3D2B-0DF1-43D3-8542-04B3AD5BFAE2}.OpenGL Debug|x86.ActiveCfg = Debug|x86
		{B99D3D2B-0DF1-43D3-8542-04B3AD5BFAE2}.OpenGL Debug|x86.Build.0 = Debug|x86
		{B99D3D2B-0DF1-43D3-8542-04B3AD5BFAE2}.OpenGL Release|x86.ActiveCfg = Release|x86
		{B99D3D2B-0DF1-43D3-8542-04B3AD5BFAE2}.OpenGL Release|x86.Build.0 = Release|x86
		{B99D3D2B-0DF1-43D3-8542-04B3AD5BFAE2}.Release|x86.ActiveCfg = Release|x86
		{B99D3D2B-0DF1-43D3-8542-04B3AD5BFAE2}.Release|x86.Build.0 = Release|x86
		{B99D3D2B-0DF1-43D3-8542-04B3AD5BFAE2}.Xna Debug|x86.ActiveCfg = Debug|x86
		{B99D3D2B-0DF1-43D3-8542-04B3AD5BFAE2}.Xna Debug|x86.Build.0 = Debug|x86
		{B99D3D2B-0DF1-43D3-8542-04B3AD5BFAE2}.Xna Release|x86.ActiveCfg = Release|x86
		{B99D3D2B-0DF1-43D3-8542-04B3AD5BFAE2}.Xna Release|x86.Build.0 = Release|x86
		{BAA6AE8A-B259-4883-9805-CE538660A59A}.Debug|x86.ActiveCfg = Debug|x86
		{BAA6AE8A-B259-4883-9805-CE538660A59A}.Debug|x86.Build.0 = Debug|x86
		{BAA6AE8A-B259-4883-9805-CE538660A59A}.DirectX Debug|x86.ActiveCfg = Debug|x86
		{BAA6AE8A-B259-4883-9805-CE538660A59A}.DirectX Debug|x86.Build.0 = Debug|x86
		{BAA6AE8A-B259-4883-9805-CE538660A59A}.DirectX Release|x86.ActiveCfg = Release|x86
		{BAA6AE8A-B259-4883-9805-CE538660A59A}.DirectX Release|x86.Build.0 = Release|x86
		{BAA6AE8A-B259-4883-9805-CE538660A59A}.OpenGL Debug|x86.ActiveCfg = Debug|x86
		{BAA6AE8A-B259-4883-9805-CE538660A59A}.OpenGL Debug|x86.Build.0 = Debug|x86
		{BAA6AE8A-B259-4883-9805-CE538660A59A}.OpenGL Release|x86.ActiveCfg = Release|x86
		{BAA6AE8A-B259-4883-9805-CE538660A59A}.OpenGL Release|x86.Build.0 = Release|x86
		{BAA6AE8A-B259-4883-9805-CE538660A59A}.Release|x86.ActiveCfg = Release|x86
		{BAA6AE8A-B259-4883-9805-CE538660A59A}.Release|x86.Build.0 = Release|x86
		{BAA6AE8A-B259-4883-9805-CE538660A59A}.Xna Debug|x86.ActiveCfg = Debug|x86
		{BAA6AE8A-B259-4883-9805-CE538660A59A}.Xna Debug|x86.Build.0 = Debug|x86
		{BAA6AE8A-B259-4883-9805-CE538660A59A}.Xna Release|x86.ActiveCfg = Release|x86
		{BAA6AE8A-B259-4883-9805-CE538660A59A}.Xna Release|x86.Build.0 = Release|x86
		{BBEAD250-47B9-4DE8-BA58-BFADB4563C3C}.Debug|x86.ActiveCfg = Debug|x86
		{BBEAD250-47B9-4DE8-BA58-BFADB4563C3C}.Debug|x86.Build.0 = Debug|x86
		{BBEAD250-47B9-4DE8-BA58-BFADB4563C3C}.DirectX Debug|x86.ActiveCfg = Debug|x86
		{BBEAD250-47B9-4DE8-BA58-BFADB4563C3C}.DirectX Debug|x86.Build.0 = Debug|x86
		{BBEAD250-47B9-4DE8-BA58-BFADB4563C3C}.DirectX Release|x86.ActiveCfg = Release|x86
		{BBEAD250-47B9-4DE8-BA58-BFADB4563C3C}.DirectX Release|x86.Build.0 = Release|x86
		{BBEAD250-47B9-4DE8-BA58-BFADB4563C3C}.OpenGL Debug|x86.ActiveCfg = Debug|x86
		{BBEAD250-47B9-4DE8-BA58-BFADB4563C3C}.OpenGL Debug|x86.Build.0 = Debug|x86
		{BBEAD250-47B9-4DE8-BA58-BFADB4563C3C}.OpenGL Release|x86.ActiveCfg = Release|x86
		{BBEAD250-47B9-4DE8-BA58-BFADB4563C3C}.OpenGL Release|x86.Build.0 = Release|x86
		{BBEAD250-47B9-4DE8-BA58-BFADB4563C3C}.Release|x86.ActiveCfg = Release|x86
		{BBEAD250-47B9-4DE8-BA58-BFADB4563C3C}.Release|x86.Build.0 = Release|x86
		{BBEAD250-47B9-4DE8-BA58-BFADB4563C3C}.Xna Debug|x86.ActiveCfg = Debug|x86
		{BBEAD250-47B9-4DE8-BA58-BFADB4563C3C}.Xna Debug|x86.Build.0 = Debug|x86
		{BBEAD250-47B9-4DE8-BA58-BFADB4563C3C}.Xna Release|x86.ActiveCfg = Release|x86
		{BBEAD250-47B9-4DE8-BA58-BFADB4563C3C}.Xna Release|x86.Build.0 = Release|x86
		{C7286349-8DBA-4A39-991C-3D848AB10CCE}.Debug|x86.ActiveCfg = Debug|x86
		{C7286349-8DBA-4A39-991C-3D848AB10CCE}.Debug|x86.Build.0 = Debug|x86
		{C7286349-8DBA-4A39-991C-3D848AB10CCE}.DirectX Debug|x86.ActiveCfg = Debug|x86
		{C7286349-8DBA-4A39-991C-3D848AB10CCE}.DirectX Debug|x86.Build.0 = Debug|x86
		{C7286349-8DBA-4A39-991C-3D848AB10CCE}.DirectX Release|x86.ActiveCfg = Release|x86
		{C7286349-8DBA-4A39-991C-3D848AB10CCE}.DirectX Release|x86.Build.0 = Release|x86
		{C7286349-8DBA-4A39-991C-3D848AB10CCE}.OpenGL Debug|x86.ActiveCfg = Debug|x86
		{C7286349-8DBA-4A39-991C-3D848AB10CCE}.OpenGL Release|x86.ActiveCfg = Release|x86
		{C7286349-8DBA-4A39-991C-3D848AB10CCE}.Release|x86.ActiveCfg = Release|x86
		{C7286349-8DBA-4A39-991C-3D848AB10CCE}.Release|x86.Build.0 = Release|x86
		{C7286349-8DBA-4A39-991C-3D848AB10CCE}.Xna Debug|x86.ActiveCfg = Debug|x86
		{C7286349-8DBA-4A39-991C-3D848AB10CCE}.Xna Debug|x86.Build.0 = Debug|x86
		{C7286349-8DBA-4A39-991C-3D848AB10CCE}.Xna Release|x86.ActiveCfg = Release|x86
		{C7286349-8DBA-4A39-991C-3D848AB10CCE}.Xna Release|x86.Build.0 = Release|x86
		{D6DA8F0B-6858-4696-A58D-922C5BA4310B}.Debug|x86.ActiveCfg = Debug|x86
		{D6DA8F0B-6858-4696-A58D-922C5BA4310B}.Debug|x86.Build.0 = Debug|x86
		{D6DA8F0B-6858-4696-A58D-922C5BA4310B}.DirectX Debug|x86.ActiveCfg = Debug|x86
		{D6DA8F0B-6858-4696-A58D-922C5BA4310B}.DirectX Debug|x86.Build.0 = Debug|x86
		{D6DA8F0B-6858-4696-A58D-922C5BA4310B}.DirectX Release|x86.ActiveCfg = Release|x86
		{D6DA8F0B-6858-4696-A58D-922C5BA4310B}.DirectX Release|x86.Build.0 = Release|x86
		{D6DA8F0B-6858-4696-A58D-922C5BA4310B}.OpenGL Debug|x86.ActiveCfg = Debug|x86
		{D6DA8F0B-6858-4696-A58D-922C5BA4310B}.OpenGL Debug|x86.Build.0 = Debug|x86
		{D6DA8F0B-6858-4696-A58D-922C5BA4310B}.OpenGL Release|x86.ActiveCfg = Release|x86
		{D6DA8F0B-6858-4696-A58D-922C5BA4310B}.OpenGL Release|x86.Build.0 = Release|x86
		{D6DA8F0B-6858-4696-A58D-922C5BA4310B}.Release|x86.ActiveCfg = Release|x86
		{D6DA8F0B-6858-4696-A58D-922C5BA4310B}.Release|x86.Build.0 = Release|x86
		{D6DA8F0B-6858-4696-A58D-922C5BA4310B}.Xna Debug|x86.ActiveCfg = Debug|x86
		{D6DA8F0B-6858-4696-A58D-922C5BA4310B}.Xna Debug|x86.Build.0 = Debug|x86
		{D6DA8F0B-6858-4696-A58D-922C5BA4310B}.Xna Release|x86.ActiveCfg = Release|x86
		{D6DA8F0B-6858-4696-A58D-922C5BA4310B}.Xna Release|x86.Build.0 = Release|x86
		{E0BB87B2-C59D-46D4-9AD9-A919E457E4EF}.Debug|x86.ActiveCfg = Debug|x86
		{E0BB87B2-C59D-46D4-9AD9-A919E457E4EF}.Debug|x86.Build.0 = Debug|x86
		{E0BB87B2-C59D-46D4-9AD9-A919E457E4EF}.DirectX Debug|x86.ActiveCfg = Debug|x86
		{E0BB87B2-C59D-46D4-9AD9-A919E457E4EF}.DirectX Debug|x86.Build.0 = Debug|x86
		{E0BB87B2-C59D-46D4-9AD9-A919E457E4EF}.DirectX Release|x86.ActiveCfg = Release|x86
		{E0BB87B2-C59D-46D4-9AD9-A919E457E4EF}.DirectX Release|x86.Build.0 = Release|x86
		{E0BB87B2-C59D-46D4-9AD9-A919E457E4EF}.OpenGL Debug|x86.ActiveCfg = Debug|x86
		{E0BB87B2-C59D-46D4-9AD9-A919E457E4EF}.OpenGL Debug|x86.Build.0 = Debug|x86
		{E0BB87B2-C59D-46D4-9AD9-A919E457E4EF}.OpenGL Release|x86.ActiveCfg = Release|x86
		{E0BB87B2-C59D-46D4-9AD9-A919E457E4EF}.OpenGL Release|x86.Build.0 = Release|x86
		{E0BB87B2-C59D-46D4-9AD9-A919E457E4EF}.Release|x86.ActiveCfg = Release|x86
		{E0BB87B2-C59D-46D4-9AD9-A919E457E4EF}.Release|x86.Build.0 = Release|x86
		{E0BB87B2-C59D-46D4-9AD9-A919E457E4EF}.Xna Debug|x86.ActiveCfg = Debug|x86
		{E0BB87B2-C59D-46D4-9AD9-A919E457E4EF}.Xna Debug|x86.Build.0 = Debug|x86
		{E0BB87B2-C59D-46D4-9AD9-A919E457E4EF}.Xna Release|x86.ActiveCfg = Release|x86
		{E0BB87B2-C59D-46D4-9AD9-A919E457E4EF}.Xna Release|x86.Build.0 = Release|x86
		{E2B64AA9-77C8-4BED-AB5B-10B2832E0D5B}.Debug|x86.ActiveCfg = Debug|x86
		{E2B64AA9-77C8-4BED-AB5B-10B2832E0D5B}.Debug|x86.Build.0 = Debug|x86
		{E2B64AA9-77C8-4BED-AB5B-10B2832E0D5B}.DirectX Debug|x86.ActiveCfg = Debug|x86
		{E2B64AA9-77C8-4BED-AB5B-10B2832E0D5B}.DirectX Debug|x86.Build.0 = Debug|x86
		{E2B64AA9-77C8-4BED-AB5B-10B2832E0D5B}.DirectX Release|x86.ActiveCfg = Release|x86
		{E2B64AA9-77C8-4BED-AB5B-10B2832E0D5B}.DirectX Release|x86.Build.0 = Release|x86
		{E2B64AA9-77C8-4BED-AB5B-10B2832E0D5B}.OpenGL Debug|x86.ActiveCfg = Debug|x86
		{E2B64AA9-77C8-4BED-AB5B-10B2832E0D5B}.OpenGL Debug|x86.Build.0 = Debug|x86
		{E2B64AA9-77C8-4BED-AB5B-10B2832E0D5B}.OpenGL Release|x86.ActiveCfg = Release|x86
		{E2B64AA9-77C8-4BED-AB5B-10B2832E0D5B}.OpenGL Release|x86.Build.0 = Release|x86
		{E2B64AA9-77C8-4BED-AB5B-10B2832E0D5B}.Release|x86.ActiveCfg = Release|x86
		{E2B64AA9-77C8-4BED-AB5B-10B2832E0D5B}.Release|x86.Build.0 = Release|x86
		{E2B64AA9-77C8-4BED-AB5B-10B2832E0D5B}.Xna Debug|x86.ActiveCfg = Debug|x86
		{E2B64AA9-77C8-4BED-AB5B-10B2832E0D5B}.Xna Debug|x86.Build.0 = Debug|x86
		{E2B64AA9-77C8-4BED-AB5B-10B2832E0D5B}.Xna Release|x86.ActiveCfg = Release|x86
		{E2B64AA9-77C8-4BED-AB5B-10B2832E0D5B}.Xna Release|x86.Build.0 = Release|x86
		{E5E34175-B1D7-4764-92A4-B5884A2DBF86}.Debug|x86.ActiveCfg = Debug|x86
		{E5E34175-B1D7-4764-92A4-B5884A2DBF86}.Debug|x86.Build.0 = Debug|x86
		{E5E34175-B1D7-4764-92A4-B5884A2DBF86}.DirectX Debug|x86.ActiveCfg = Debug|x86
		{E5E34175-B1D7-4764-92A4-B5884A2DBF86}.DirectX Debug|x86.Build.0 = Debug|x86
		{E5E34175-B1D7-4764-92A4-B5884A2DBF86}.DirectX Release|x86.ActiveCfg = Release|x86
		{E5E34175-B1D7-4764-92A4-B5884A2DBF86}.DirectX Release|x86.Build.0 = Release|x86
		{E5E34175-B1D7-4764-92A4-B5884A2DBF86}.OpenGL Debug|x86.ActiveCfg = Debug|x86
		{E5E34175-B1D7-4764-92A4-B5884A2DBF86}.OpenGL Debug|x86.Build.0 = Debug|x86
		{E5E34175-B1D7-4764-92A4-B5884A2DBF86}.OpenGL Release|x86.ActiveCfg = Release|x86
		{E5E34175-B1D7-4764-92A4-B5884A2DBF86}.OpenGL Release|x86.Build.0 = Release|x86
		{E5E34175-B1D7-4764-92A4-B5884A2DBF86}.Release|x86.ActiveCfg = Release|x86
		{E5E34175-B1D7-4764-92A4-B5884A2DBF86}.Release|x86.Build.0 = Release|x86
		{E5E34175-B1D7-4764-92A4-B5884A2DBF86}.Xna Debug|x86.ActiveCfg = Debug|x86
		{E5E34175-B1D7-4764-92A4-B5884A2DBF86}.Xna Debug|x86.Build.0 = Debug|x86
		{E5E34175-B1D7-4764-92A4-B5884A2DBF86}.Xna Release|x86.ActiveCfg = Release|x86
		{E5E34175-B1D7-4764-92A4-B5884A2DBF86}.Xna Release|x86.Build.0 = Release|x86
		{EE5785DC-D49E-44DD-BFDA-DD776C012704}.Debug|x86.ActiveCfg = Debug|x86
		{EE5785DC-D49E-44DD-BFDA-DD776C012704}.Debug|x86.Build.0 = Debug|x86
		{EE5785DC-D49E-44DD-BFDA-DD776C012704}.DirectX Debug|x86.ActiveCfg = Debug|x86
		{EE5785DC-D49E-44DD-BFDA-DD776C012704}.DirectX Debug|x86.Build.0 = Debug|x86
		{EE5785DC-D49E-44DD-BFDA-DD776C012704}.DirectX Release|x86.ActiveCfg = Release|x86
		{EE5785DC-D49E-44DD-BFDA-DD776C012704}.DirectX Release|x86.Build.0 = Release|x86
		{EE5785DC-D49E-44DD-BFDA-DD776C012704}.OpenGL Debug|x86.ActiveCfg = Debug|x86
		{EE5785DC-D49E-44DD-BFDA-DD776C012704}.OpenGL Release|x86.ActiveCfg = Release|x86
		{EE5785DC-D49E-44DD-BFDA-DD776C012704}.Release|x86.ActiveCfg = Release|x86
		{EE5785DC-D49E-44DD-BFDA-DD776C012704}.Release|x86.Build.0 = Release|x86
		{EE5785DC-D49E-44DD-BFDA-DD776C012704}.Xna Debug|x86.ActiveCfg = Debug|x86
		{EE5785DC-D49E-44DD-BFDA-DD776C012704}.Xna Release|x86.ActiveCfg = Release|x86
		{F81F1AAF-8BC9-4064-94C2-AD0C0A9C0ED1}.Debug|x86.ActiveCfg = Debug|x86
		{F81F1AAF-8BC9-4064-94C2-AD0C0A9C0ED1}.Debug|x86.Build.0 = Debug|x86
		{F81F1AAF-8BC9-4064-94C2-AD0C0A9C0ED1}.DirectX Debug|x86.ActiveCfg = Debug|x86
		{F81F1AAF-8BC9-4064-94C2-AD0C0A9C0ED1}.DirectX Debug|x86.Build.0 = Debug|x86
		{F81F1AAF-8BC9-4064-94C2-AD0C0A9C0ED1}.DirectX Release|x86.ActiveCfg = Release|x86
		{F81F1AAF-8BC9-4064-94C2-AD0C0A9C0ED1}.DirectX Release|x86.Build.0 = Release|x86
		{F81F1AAF-8BC9-4064-94C2-AD0C0A9C0ED1}.OpenGL Debug|x86.ActiveCfg = Debug|x86
		{F81F1AAF-8BC9-4064-94C2-AD0C0A9C0ED1}.OpenGL Debug|x86.Build.0 = Debug|x86
		{F81F1AAF-8BC9-4064-94C2-AD0C0A9C0ED1}.OpenGL Release|x86.ActiveCfg = Release|x86
		{F81F1AAF-8BC9-4064-94C2-AD0C0A9C0ED1}.OpenGL Release|x86.Build.0 = Release|x86
		{F81F1AAF-8BC9-4064-94C2-AD0C0A9C0ED1}.Release|x86.ActiveCfg = Release|x86
		{F81F1AAF-8BC9-4064-94C2-AD0C0A9C0ED1}.Release|x86.Build.0 = Release|x86
		{F81F1AAF-8BC9-4064-94C2-AD0C0A9C0ED1}.Xna Debug|x86.ActiveCfg = Debug|x86
		{F81F1AAF-8BC9-4064-94C2-AD0C0A9C0ED1}.Xna Debug|x86.Build.0 = Debug|x86
		{F81F1AAF-8BC9-4064-94C2-AD0C0A9C0ED1}.Xna Release|x86.ActiveCfg = Release|x86
		{F81F1AAF-8BC9-4064-94C2-AD0C0A9C0ED1}.Xna Release|x86.Build.0 = Release|x86
	EndGlobalSection
	GlobalSection(NestedProjects) = preSolution
		{676C7702-0B62-4E50-8211-EA5BC21A5DF5} = {1EAB961C-47EC-4015-B61E-E672AE1C82A1}
		{FC473D51-36A2-4437-BC06-92A8E92374B7} = {1EAB961C-47EC-4015-B61E-E672AE1C82A1}
		{E1A9CC1D-88A0-4CF6-9A8F-05E80D371DE4} = {1EAB961C-47EC-4015-B61E-E672AE1C82A1}
		{DC26813F-4527-477E-8068-272E10CF5C37} = {1EAB961C-47EC-4015-B61E-E672AE1C82A1}
		{BAA6AE8A-B259-4883-9805-CE538660A59A} = {1EAB961C-47EC-4015-B61E-E672AE1C82A1}
		{77AC0D3A-2A99-4EA6-A90E-C71BB53751C5} = {676C7702-0B62-4E50-8211-EA5BC21A5DF5}
		{081F78DE-8224-4CA6-BD34-8B7939CF21AB} = {676C7702-0B62-4E50-8211-EA5BC21A5DF5}
		{68DBB62F-F98D-47B5-A769-C20B461227AB} = {FC473D51-36A2-4437-BC06-92A8E92374B7}
		{628E7ED7-EC58-4C93-B8AB-CB69087D381B} = {FC473D51-36A2-4437-BC06-92A8E92374B7}
		{B4CE9E05-F5E9-4839-A928-27B4D30F4EE3} = {FC473D51-36A2-4437-BC06-92A8E92374B7}
		{6E5E6221-0235-49C9-9273-449F5F0E8EF6} = {FC473D51-36A2-4437-BC06-92A8E92374B7}
		{161EA53F-8D78-4BD3-8217-442D94A593C1} = {E1A9CC1D-88A0-4CF6-9A8F-05E80D371DE4}
		{E0BB87B2-C59D-46D4-9AD9-A919E457E4EF} = {E1A9CC1D-88A0-4CF6-9A8F-05E80D371DE4}
		{2F61CAE2-E060-44F7-9F12-EF58F12923CD} = {E1A9CC1D-88A0-4CF6-9A8F-05E80D371DE4}
		{E2B64AA9-77C8-4BED-AB5B-10B2832E0D5B} = {DC26813F-4527-477E-8068-272E10CF5C37}
		{F81F1AAF-8BC9-4064-94C2-AD0C0A9C0ED1} = {DC26813F-4527-477E-8068-272E10CF5C37}
		{BBEAD250-47B9-4DE8-BA58-BFADB4563C3C} = {DC26813F-4527-477E-8068-272E10CF5C37}
		{B2BB7F09-2AD3-49C4-9268-D33BC13AA5E7} = {DC26813F-4527-477E-8068-272E10CF5C37}
		{7440613A-4487-46BE-998E-25F554ACE980} = {DC26813F-4527-477E-8068-272E10CF5C37}
		{3FA3E842-91DE-4A78-99A8-DE3546763136} = {DC26813F-4527-477E-8068-272E10CF5C37}
		{C7286349-8DBA-4A39-991C-3D848AB10CCE} = {2A0C6270-CDA1-46F8-A4D8-09C005ECF3F9}
		{EE5785DC-D49E-44DD-BFDA-DD776C012704} = {2A0C6270-CDA1-46F8-A4D8-09C005ECF3F9}
		{9ABE0570-61D4-4C81-BDD4-860ABADFDA6E} = {2A0C6270-CDA1-46F8-A4D8-09C005ECF3F9}
		{77AC4C2F-775D-4388-8157-2767C585C24E} = {2A0C6270-CDA1-46F8-A4D8-09C005ECF3F9}
		{E8E2F297-B384-4311-B5C0-F6AB9354D91B} = {5326DA77-945E-47D4-B9D8-D2AF047D5D63}
		{02F641D0-6C8A-4DF0-AEB9-8E9AC1F82CCC} = {E8E2F297-B384-4311-B5C0-F6AB9354D91B}
		{721891E7-3A22-4679-9233-73C05301057D} = {E8E2F297-B384-4311-B5C0-F6AB9354D91B}
		{0CA3866C-03D4-46BF-8157-E234A880F060} = {EBD96CBA-6CF8-4FC3-B200-3B31F49BC147}
		{4B199736-110C-4CF4-9A81-8AF9F8C9E66B} = {EBD96CBA-6CF8-4FC3-B200-3B31F49BC147}
		{B872A709-3A4E-4B33-9B22-E75509FA8100} = {EBD96CBA-6CF8-4FC3-B200-3B31F49BC147}
		{A4C56A5A-BF67-4BEE-9CA5-B91CB53238E8} = {EBD96CBA-6CF8-4FC3-B200-3B31F49BC147}
		{A9B352AA-24CF-42F6-9D2E-812382055F5E} = {EBD96CBA-6CF8-4FC3-B200-3B31F49BC147}
		{D6DA8F0B-6858-4696-A58D-922C5BA4310B} = {EBD96CBA-6CF8-4FC3-B200-3B31F49BC147}
		{387ECF0B-1A87-478E-A826-5F74BDCCA215} = {EBD96CBA-6CF8-4FC3-B200-3B31F49BC147}
		{3782EF9E-008D-43AE-8E25-C974371BC250} = {EBD96CBA-6CF8-4FC3-B200-3B31F49BC147}
		{A4A4146B-AA5E-4262-8370-DFC148C423B3} = {EBD96CBA-6CF8-4FC3-B200-3B31F49BC147}
		{82D00A5B-1943-4DDF-859A-7552F75CBF1F} = {EBD96CBA-6CF8-4FC3-B200-3B31F49BC147}
		{0EDB7324-39CB-4BED-866C-1340037CFD5A} = {EBD96CBA-6CF8-4FC3-B200-3B31F49BC147}
		{E5E34175-B1D7-4764-92A4-B5884A2DBF86} = {EBD96CBA-6CF8-4FC3-B200-3B31F49BC147}
		{1DA4A67D-7B3A-4E4F-9854-D9C7FC67FF81} = {EBD96CBA-6CF8-4FC3-B200-3B31F49BC147}
		{B8A08085-7E36-475E-BA03-43A3B4593B89} = {EBD96CBA-6CF8-4FC3-B200-3B31F49BC147}
		{B99D3D2B-0DF1-43D3-8542-04B3AD5BFAE2} = {EBD96CBA-6CF8-4FC3-B200-3B31F49BC147}
		{5EF4FD98-8D4F-4441-A6C3-F75930A36618} = {EBD96CBA-6CF8-4FC3-B200-3B31F49BC147}
		{0F73B59A-4204-4BD7-A9C0-D53C1A62F84F} = {1DA4A67D-7B3A-4E4F-9854-D9C7FC67FF81}
		{4E65C33E-A3AA-4DBB-988F-03A291A06ECF} = {1DA4A67D-7B3A-4E4F-9854-D9C7FC67FF81}
		{79674E34-9EC2-4819-B47E-3DD75DFA4173} = {47B1A6E3-B79C-481B-9A52-10E561745651}
		{89C3D207-913D-4BCB-BD6E-F8673E20D8EA} = {47B1A6E3-B79C-481B-9A52-10E561745651}
	EndGlobalSection
	GlobalSection(MonoDevelopProperties) = preSolution
		StartupItem = Samples\Browser\Axiom.Samples.Browser.Linux.2010.csproj
	EndGlobalSection
	GlobalSection(SolutionProperties) = preSolution
		HideSolutionNode = FALSE
	EndGlobalSection
	GlobalSection(ExtensibilityGlobals) = postSolution
		CodeStyleEnforcer_RulesLocation = 0
	EndGlobalSection
EndGlobal
