
Microsoft Visual Studio Solution File, Format Version 12.00
# Visual Studio 14
VisualStudioVersion = 14.0.25123.0
MinimumVisualStudioVersion = 10.0.40219.1
Project("{2150E333-8FDC-42A3-9474-1A3956D46DE8}") = "Solution Items", "Solution Items", "{39727577-95A4-41AB-8516-2FEF28F17DE0}"
	ProjectSection(SolutionItems) = preProject
		DotNetZip.msbuild = DotNetZip.msbuild
	EndProjectSection
EndProject
Project("{FAE04EC0-301F-11D3-BF4B-00C04F79EFBC}") = "Zip.x86", "Custom\Zip.x86.csproj", "{49A128D3-C3F2-46B1-8F7A-EECD209EA860}"
EndProject
Project("{FAE04EC0-301F-11D3-BF4B-00C04F79EFBC}") = "Zip.Droid", "Custom\Zip.Droid.csproj", "{8BC701D9-46A9-48B4-B860-27D768763C68}"
EndProject
Global
	GlobalSection(SolutionConfigurationPlatforms) = preSolution
		Debug|Any CPU = Debug|Any CPU
		Debug|Mixed Platforms = Debug|Mixed Platforms
		Debug|Windows Phone = Debug|Windows Phone
		Debug|x86 = Debug|x86
		Debug|Xbox 360 = Debug|Xbox 360
		Release|Any CPU = Release|Any CPU
		Release|Mixed Platforms = Release|Mixed Platforms
		Release|Windows Phone = Release|Windows Phone
		Release|x86 = Release|x86
		Release|Xbox 360 = Release|Xbox 360
	EndGlobalSection
	GlobalSection(ProjectConfigurationPlatforms) = postSolution
		{49A128D3-C3F2-46B1-8F7A-EECD209EA860}.Debug|Any CPU.ActiveCfg = Debug|Any CPU
		{49A128D3-C3F2-46B1-8F7A-EECD209EA860}.Debug|Any CPU.Build.0 = Debug|Any CPU
		{49A128D3-C3F2-46B1-8F7A-EECD209EA860}.Debug|Mixed Platforms.ActiveCfg = Debug|Any CPU
		{49A128D3-C3F2-46B1-8F7A-EECD209EA860}.Debug|Mixed Platforms.Build.0 = Debug|Any CPU
		{49A128D3-C3F2-46B1-8F7A-EECD209EA860}.Debug|Windows Phone.ActiveCfg = Debug|Any CPU
		{49A128D3-C3F2-46B1-8F7A-EECD209EA860}.Debug|x86.ActiveCfg = Debug|Any CPU
		{49A128D3-C3F2-46B1-8F7A-EECD209EA860}.Debug|Xbox 360.ActiveCfg = Debug|Any CPU
		{49A128D3-C3F2-46B1-8F7A-EECD209EA860}.Release|Any CPU.ActiveCfg = Release|Any CPU
		{49A128D3-C3F2-46B1-8F7A-EECD209EA860}.Release|Any CPU.Build.0 = Release|Any CPU
		{49A128D3-C3F2-46B1-8F7A-EECD209EA860}.Release|Mixed Platforms.ActiveCfg = Release|Any CPU
		{49A128D3-C3F2-46B1-8F7A-EECD209EA860}.Release|Mixed Platforms.Build.0 = Release|Any CPU
		{49A128D3-C3F2-46B1-8F7A-EECD209EA860}.Release|Windows Phone.ActiveCfg = Release|Any CPU
		{49A128D3-C3F2-46B1-8F7A-EECD209EA860}.Release|x86.ActiveCfg = Release|Any CPU
		{49A128D3-C3F2-46B1-8F7A-EECD209EA860}.Release|Xbox 360.ActiveCfg = Release|Any CPU
		{8BC701D9-46A9-48B4-B860-27D768763C68}.Debug|Any CPU.ActiveCfg = Debug|Any CPU
		{8BC701D9-46A9-48B4-B860-27D768763C68}.Debug|Any CPU.Build.0 = Debug|Any CPU
		{8BC701D9-46A9-48B4-B860-27D768763C68}.Debug|Mixed Platforms.ActiveCfg = Debug|Any CPU
		{8BC701D9-46A9-48B4-B860-27D768763C68}.Debug|Mixed Platforms.Build.0 = Debug|Any CPU
		{8BC701D9-46A9-48B4-B860-27D768763C68}.Debug|Windows Phone.ActiveCfg = Debug|Any CPU
		{8BC701D9-46A9-48B4-B860-27D768763C68}.Debug|Windows Phone.Build.0 = Debug|Any CPU
		{8BC701D9-46A9-48B4-B860-27D768763C68}.Debug|x86.ActiveCfg = Debug|Any CPU
		{8BC701D9-46A9-48B4-B860-27D768763C68}.Debug|x86.Build.0 = Debug|Any CPU
		{8BC701D9-46A9-48B4-B860-27D768763C68}.Debug|Xbox 360.ActiveCfg = Debug|Any CPU
		{8BC701D9-46A9-48B4-B860-27D768763C68}.Debug|Xbox 360.Build.0 = Debug|Any CPU
		{8BC701D9-46A9-48B4-B860-27D768763C68}.Release|Any CPU.ActiveCfg = Release|Any CPU
		{8BC701D9-46A9-48B4-B860-27D768763C68}.Release|Any CPU.Build.0 = Release|Any CPU
		{8BC701D9-46A9-48B4-B860-27D768763C68}.Release|Mixed Platforms.ActiveCfg = Release|Any CPU
		{8BC701D9-46A9-48B4-B860-27D768763C68}.Release|Mixed Platforms.Build.0 = Release|Any CPU
		{8BC701D9-46A9-48B4-B860-27D768763C68}.Release|Windows Phone.ActiveCfg = Release|Any CPU
		{8BC701D9-46A9-48B4-B860-27D768763C68}.Release|Windows Phone.Build.0 = Release|Any CPU
		{8BC701D9-46A9-48B4-B860-27D768763C68}.Release|x86.ActiveCfg = Release|Any CPU
		{8BC701D9-46A9-48B4-B860-27D768763C68}.Release|x86.Build.0 = Release|Any CPU
		{8BC701D9-46A9-48B4-B860-27D768763C68}.Release|Xbox 360.ActiveCfg = Release|Any CPU
		{8BC701D9-46A9-48B4-B860-27D768763C68}.Release|Xbox 360.Build.0 = Release|Any CPU
	EndGlobalSection
	GlobalSection(SolutionProperties) = preSolution
		HideSolutionNode = FALSE
	EndGlobalSection
	GlobalSection(MonoDevelopProperties) = preSolution
		StartupItem = Custom\Zip.x86.csproj
	EndGlobalSection
EndGlobal
