
Microsoft Visual Studio Solution File, Format Version 11.00
# Visual Studio 2010
Project("{2150E333-8FDC-42A3-9474-1A3956D46DE8}") = "Core", "Core", "{1EAB961C-47EC-4015-B61E-E672AE1C82A1}"
EndProject
Project("{2150E333-8FDC-42A3-9474-1A3956D46DE8}") = "Platform Managers", "Platform Managers", "{676C7702-0B62-4E50-8211-EA5BC21A5DF5}"
EndProject
Project("{2150E333-8FDC-42A3-9474-1A3956D46DE8}") = "Render Systems", "Render Systems", "{FC473D51-36A2-4437-BC06-92A8E92374B7}"
EndProject
Project("{2150E333-8FDC-42A3-9474-1A3956D46DE8}") = "Scene Managers", "Scene Managers", "{E1A9CC1D-88A0-4CF6-9A8F-05E80D371DE4}"
EndProject
Project("{2150E333-8FDC-42A3-9474-1A3956D46DE8}") = "Plugins", "Plugins", "{DC26813F-4527-477E-8068-272E10CF5C37}"
EndProject
Project("{2150E333-8FDC-42A3-9474-1A3956D46DE8}") = "Samples", "Samples", "{EBD96CBA-6CF8-4FC3-B200-3B31F49BC147}"
EndProject
Project("{2150E333-8FDC-42A3-9474-1A3956D46DE8}") = "Components", "Components", "{47B1A6E3-B79C-481B-9A52-10E561745651}"
EndProject
Project("{FAE04EC0-301F-11D3-BF4B-00C04F79EFBC}") = "Axiom.Samples.BezierPatch", "Samples\Axiom.Samples.BezierPatch\Axiom.Samples.BezierPatch.csproj", "{0CA3866C-03D4-46BF-8157-E234A880F060}"
EndProject
Project("{FAE04EC0-301F-11D3-BF4B-00C04F79EFBC}") = "Axiom.Samples.Bsp", "Samples\Axiom.Samples.Bsp\Axiom.Samples.Bsp.csproj", "{4B199736-110C-4CF4-9A81-8AF9F8C9E66B}"
EndProject
Project("{FAE04EC0-301F-11D3-BF4B-00C04F79EFBC}") = "Axiom.Samples.CameraTracking", "Samples\Axiom.Samples.CameraTracking\Axiom.Samples.CameraTracking.csproj", "{B872A709-3A4E-4B33-9B22-E75509FA8100}"
EndProject
Project("{FAE04EC0-301F-11D3-BF4B-00C04F79EFBC}") = "Axiom.Samples.Primitives", "Samples\Axiom.Samples.Primitives\Axiom.Samples.Primitives.csproj", "{A4C56A5A-BF67-4BEE-9CA5-B91CB53238E8}"
EndProject
Project("{FAE04EC0-301F-11D3-BF4B-00C04F79EFBC}") = "Axiom.Samples.Common", "Samples\Axiom.Samples.Common\Axiom.Samples.Common.csproj", "{A9B352AA-24CF-42F6-9D2E-812382055F5E}"
EndProject
Project("{FAE04EC0-301F-11D3-BF4B-00C04F79EFBC}") = "Axiom.Samples.CharacterSample", "Samples\Axiom.Samples.Character\Axiom.Samples.CharacterSample.csproj", "{D6DA8F0B-6858-4696-A58D-922C5BA4310B}"
EndProject
Project("{FAE04EC0-301F-11D3-BF4B-00C04F79EFBC}") = "Axiom.Framework", "Framework\Axiom.Framework\Axiom.Framework.csproj", "{AF0AAC88-68C8-4CF4-AFFA-526AD899758A}"
EndProject
Project("{FAE04EC0-301F-11D3-BF4B-00C04F79EFBC}") = "Axiom.Samples.Ocean", "Samples\Axiom.Samples.Ocean\Axiom.Samples.Ocean.csproj", "{387ECF0B-1A87-478E-A826-5F74BDCCA215}"
EndProject
Project("{FAE04EC0-301F-11D3-BF4B-00C04F79EFBC}") = "Axiom.Samples.ParticleFX", "Samples\Axiom.Samples.ParticleFX\Axiom.Samples.ParticleFX.csproj", "{3782EF9E-008D-43AE-8E25-C974371BC250}"
EndProject
Project("{FAE04EC0-301F-11D3-BF4B-00C04F79EFBC}") = "Axiom.Samples.SphereMapping", "Samples\Axiom.Samples.SphereMapping\Axiom.Samples.SphereMapping.csproj", "{A4A4146B-AA5E-4262-8370-DFC148C423B3}"
EndProject
Project("{FAE04EC0-301F-11D3-BF4B-00C04F79EFBC}") = "Axiom.Samples.Media", "Samples\media\Axiom.Samples.Media.csproj", "{82D00A5B-1943-4DDF-859A-7552F75CBF1F}"
EndProject
Project("{FAE04EC0-301F-11D3-BF4B-00C04F79EFBC}") = "Axiom.Samples.VolumeTexture", "Samples\Axiom.Samples.VolumeTexture\Axiom.Samples.VolumeTexture.csproj", "{0EDB7324-39CB-4BED-866C-1340037CFD5A}"
EndProject
Project("{FAE04EC0-301F-11D3-BF4B-00C04F79EFBC}") = "Axiom.Samples.DynamicTexture", "Samples\Axiom.Samples.DynamicTexture\Axiom.Samples.DynamicTexture.csproj", "{E5E34175-B1D7-4764-92A4-B5884A2DBF86}"
EndProject
Project("{FAE04EC0-301F-11D3-BF4B-00C04F79EFBC}") = "Axiom.Samples.Smoke", "Samples\Axiom.Samples.Smoke\Axiom.Samples.Smoke.csproj", "{B8A08085-7E36-475E-BA03-43A3B4593B89}"
EndProject
Project("{FAE04EC0-301F-11D3-BF4B-00C04F79EFBC}") = "Axiom.Samples.Terrain", "Samples\Axiom.Samples.Terrain\Axiom.Samples.Terrain.csproj", "{B99D3D2B-0DF1-43D3-8542-04B3AD5BFAE2}"
EndProject
Project("{FAE04EC0-301F-11D3-BF4B-00C04F79EFBC}") = "Axiom.Samples.MousePicking", "Samples\Axiom.Samples.MousePicking\Axiom.Samples.MousePicking.csproj", "{5EF4FD98-8D4F-4441-A6C3-F75930A36618}"
EndProject
Project("{FAE04EC0-301F-11D3-BF4B-00C04F79EFBC}") = "Axiom.SL5", "Core\Axiom\Axiom.SL5.csproj", "{F81A4DA2-7E93-40F1-9A7E-F76D06B7E5F1}"
EndProject
Project("{2150E333-8FDC-42A3-9474-1A3956D46DE8}") = "Dependencies", "Dependencies", "{DBD3E969-BDC9-4955-AC71-90F9A6131F9A}"
EndProject
Project("{FAE04EC0-301F-11D3-BF4B-00C04F79EFBC}") = "Axiom.RenderSystems.Xna.SL5", "Core\Axiom.RenderSystems.Xna\Axiom.RenderSystems.Xna.SL5.csproj", "{9084C289-E14E-441B-AC02-CCCA6338F578}"
EndProject
Project("{FAE04EC0-301F-11D3-BF4B-00C04F79EFBC}") = "Axiom.RenderSystems.Xna.Content.SL5", "Core\Axiom.RenderSystems.Xna.Content\Axiom.RenderSystems.Xna.Content.SL5.csproj", "{DBC0EB79-D257-4991-A8B4-C96A8E559BEF}"
EndProject
Project("{FAE04EC0-301F-11D3-BF4B-00C04F79EFBC}") = "Axiom.Platforms.Silverlight.SL5", "Core\Axiom.Platforms.Silverlight\Axiom.Platforms.Silverlight.SL5.csproj", "{45FF3045-DD29-4F9D-B36B-80F08DFE8FD6}"
EndProject
Project("{FAE04EC0-301F-11D3-BF4B-00C04F79EFBC}") = "Axiom.SceneManagers.PCZ.Zones.Octree.SL5", "Core\Axiom.SceneManagers.PCZ.Zones.Octree\Axiom.SceneManagers.PCZ.Zones.Octree.SL5.csproj", "{DF2663E8-5CCB-4D39-AE18-AA71F05157F5}"
EndProject
Project("{FAE04EC0-301F-11D3-BF4B-00C04F79EFBC}") = "Axiom.Plugins.ParticleFX.SL5", "Core\Axiom.Plugins.ParticleFX\Axiom.Plugins.ParticleFX.SL5.csproj", "{42965FEF-7841-4706-82DF-9B385A1EEE70}"
EndProject
Project("{FAE04EC0-301F-11D3-BF4B-00C04F79EFBC}") = "Axiom.SceneManagers.PortalConnected.SL5", "Core\Axiom.SceneManagers.PCZ\Axiom.SceneManagers.PortalConnected.SL5.csproj", "{C9FFCF3D-BFF5-4701-8084-DD178E6A902F}"
EndProject
Project("{FAE04EC0-301F-11D3-BF4B-00C04F79EFBC}") = "Axiom.SceneManagers.Octree.SL5", "Core\Axiom.SceneManagers.Octree\Axiom.SceneManagers.Octree.SL5.csproj", "{63A38F72-2DBC-4F94-9C1A-4C2C85999216}"
EndProject
Project("{FAE04EC0-301F-11D3-BF4B-00C04F79EFBC}") = "Axiom.SceneManagers.Bsp.SL5", "Core\Axiom.SceneManagers.Bsp\Axiom.SceneManagers.Bsp.SL5.csproj", "{DEFC5B4C-D547-46F9-9518-26CD300EC3EF}"
EndProject
Project("{FAE04EC0-301F-11D3-BF4B-00C04F79EFBC}") = "SharpZipLib.SL5", "..\Lib\Managed\XPlatform\SharpZipLib.Silverlight\SharpZipLib.SL5.csproj", "{8B7CF854-73A1-4882-B317-07625C13A425}"
EndProject
Project("{FAE04EC0-301F-11D3-BF4B-00C04F79EFBC}") = "log4net.v4.0", "..\Lib\Managed\XPlatform\log4net\src\log4net.csproj", "{B43CD980-792C-471F-8690-B20E39996B36}"
EndProject
Project("{FAE04EC0-301F-11D3-BF4B-00C04F79EFBC}") = "SharpInputSystem.DirectX.v4.0", "..\Lib\Managed\XPlatform\SharpInputSystem\src\Projects\SharpInputSystem\SharpInputSystem.DirectX.csproj", "{2CBDB2D9-F549-47E5-9BDB-CB2CBA0C9FAE}"
EndProject
Project("{FAE04EC0-301F-11D3-BF4B-00C04F79EFBC}") = "Axiom.Components.Paging.SL5", "Components\Axiom.Components.Paging\Axiom.Components.Paging.SL5.csproj", "{E202B4E1-2CE6-401B-8C15-F3D4C8E92B90}"
EndProject
Project("{FAE04EC0-301F-11D3-BF4B-00C04F79EFBC}") = "Axiom.Components.Terrain.SL5", "Components\Axiom.Components.Terrain\Axiom.Components.Terrain.SL5.csproj", "{51D5810A-17DA-4A4E-9D40-3A6E3FB74852}"
EndProject
Global
	GlobalSection(SolutionConfigurationPlatforms) = preSolution
		SL5Debug|Any CPU = SL5Debug|Any CPU
		SL5Debug|x86 = SL5Debug|x86
		SL5Release|Any CPU = SL5Release|Any CPU
		SL5Release|x86 = SL5Release|x86
	EndGlobalSection
	GlobalSection(ProjectConfigurationPlatforms) = postSolution
		{0CA3866C-03D4-46BF-8157-E234A880F060}.SL5Debug|Any CPU.ActiveCfg = SL5Debug|Any CPU
		{0CA3866C-03D4-46BF-8157-E234A880F060}.SL5Debug|x86.ActiveCfg = SL5Debug|x86
		{0CA3866C-03D4-46BF-8157-E234A880F060}.SL5Release|Any CPU.ActiveCfg = SL5Release|Any CPU
		{0CA3866C-03D4-46BF-8157-E234A880F060}.SL5Release|x86.ActiveCfg = SL5Release|x86
		{4B199736-110C-4CF4-9A81-8AF9F8C9E66B}.SL5Debug|Any CPU.ActiveCfg = SL5Debug|Any CPU
		{4B199736-110C-4CF4-9A81-8AF9F8C9E66B}.SL5Debug|x86.ActiveCfg = SL5Debug|x86
		{4B199736-110C-4CF4-9A81-8AF9F8C9E66B}.SL5Release|Any CPU.ActiveCfg = SL5Release|Any CPU
		{4B199736-110C-4CF4-9A81-8AF9F8C9E66B}.SL5Release|x86.ActiveCfg = SL5Release|x86
		{B872A709-3A4E-4B33-9B22-E75509FA8100}.SL5Debug|Any CPU.ActiveCfg = SL5Debug|Any CPU
		{B872A709-3A4E-4B33-9B22-E75509FA8100}.SL5Debug|x86.ActiveCfg = SL5Debug|x86
		{B872A709-3A4E-4B33-9B22-E75509FA8100}.SL5Release|Any CPU.ActiveCfg = SL5Release|Any CPU
		{B872A709-3A4E-4B33-9B22-E75509FA8100}.SL5Release|x86.ActiveCfg = SL5Release|x86
		{A4C56A5A-BF67-4BEE-9CA5-B91CB53238E8}.SL5Debug|Any CPU.ActiveCfg = SL5Debug|Any CPU
		{A4C56A5A-BF67-4BEE-9CA5-B91CB53238E8}.SL5Debug|x86.ActiveCfg = SL5Debug|x86
		{A4C56A5A-BF67-4BEE-9CA5-B91CB53238E8}.SL5Release|Any CPU.ActiveCfg = SL5Release|Any CPU
		{A4C56A5A-BF67-4BEE-9CA5-B91CB53238E8}.SL5Release|x86.ActiveCfg = SL5Release|x86
		{A9B352AA-24CF-42F6-9D2E-812382055F5E}.SL5Debug|Any CPU.ActiveCfg = SL5Debug|Any CPU
		{A9B352AA-24CF-42F6-9D2E-812382055F5E}.SL5Debug|x86.ActiveCfg = SL5Debug|x86
		{A9B352AA-24CF-42F6-9D2E-812382055F5E}.SL5Release|Any CPU.ActiveCfg = SL5Release|Any CPU
		{A9B352AA-24CF-42F6-9D2E-812382055F5E}.SL5Release|x86.ActiveCfg = SL5Release|x86
		{D6DA8F0B-6858-4696-A58D-922C5BA4310B}.SL5Debug|Any CPU.ActiveCfg = SL5Debug|Any CPU
		{D6DA8F0B-6858-4696-A58D-922C5BA4310B}.SL5Debug|x86.ActiveCfg = SL5Debug|x86
		{D6DA8F0B-6858-4696-A58D-922C5BA4310B}.SL5Release|Any CPU.ActiveCfg = SL5Release|Any CPU
		{D6DA8F0B-6858-4696-A58D-922C5BA4310B}.SL5Release|x86.ActiveCfg = SL5Release|x86
		{AF0AAC88-68C8-4CF4-AFFA-526AD899758A}.SL5Debug|Any CPU.ActiveCfg = SL5Debug|Any CPU
		{AF0AAC88-68C8-4CF4-AFFA-526AD899758A}.SL5Debug|x86.ActiveCfg = SL5Debug|x86
		{AF0AAC88-68C8-4CF4-AFFA-526AD899758A}.SL5Release|Any CPU.ActiveCfg = SL5Release|Any CPU
		{AF0AAC88-68C8-4CF4-AFFA-526AD899758A}.SL5Release|x86.ActiveCfg = SL5Release|x86
		{387ECF0B-1A87-478E-A826-5F74BDCCA215}.SL5Debug|Any CPU.ActiveCfg = SL5Debug|Any CPU
		{387ECF0B-1A87-478E-A826-5F74BDCCA215}.SL5Debug|x86.ActiveCfg = SL5Debug|x86
		{387ECF0B-1A87-478E-A826-5F74BDCCA215}.SL5Release|Any CPU.ActiveCfg = SL5Release|Any CPU
		{387ECF0B-1A87-478E-A826-5F74BDCCA215}.SL5Release|x86.ActiveCfg = SL5Release|x86
		{3782EF9E-008D-43AE-8E25-C974371BC250}.SL5Debug|Any CPU.ActiveCfg = SL5Debug|Any CPU
		{3782EF9E-008D-43AE-8E25-C974371BC250}.SL5Debug|x86.ActiveCfg = SL5Debug|x86
		{3782EF9E-008D-43AE-8E25-C974371BC250}.SL5Release|Any CPU.ActiveCfg = SL5Release|Any CPU
		{3782EF9E-008D-43AE-8E25-C974371BC250}.SL5Release|x86.ActiveCfg = SL5Release|x86
		{A4A4146B-AA5E-4262-8370-DFC148C423B3}.SL5Debug|Any CPU.ActiveCfg = SL5Debug|Any CPU
		{A4A4146B-AA5E-4262-8370-DFC148C423B3}.SL5Debug|x86.ActiveCfg = SL5Debug|x86
		{A4A4146B-AA5E-4262-8370-DFC148C423B3}.SL5Release|Any CPU.ActiveCfg = SL5Release|Any CPU
		{A4A4146B-AA5E-4262-8370-DFC148C423B3}.SL5Release|x86.ActiveCfg = SL5Release|x86
		{82D00A5B-1943-4DDF-859A-7552F75CBF1F}.SL5Debug|Any CPU.ActiveCfg = Debug|x86
		{82D00A5B-1943-4DDF-859A-7552F75CBF1F}.SL5Debug|x86.ActiveCfg = Debug|x86
		{82D00A5B-1943-4DDF-859A-7552F75CBF1F}.SL5Release|Any CPU.ActiveCfg = Release|x86
		{82D00A5B-1943-4DDF-859A-7552F75CBF1F}.SL5Release|x86.ActiveCfg = Release|x86
		{0EDB7324-39CB-4BED-866C-1340037CFD5A}.SL5Debug|Any CPU.ActiveCfg = SL5Debug|Any CPU
		{0EDB7324-39CB-4BED-866C-1340037CFD5A}.SL5Debug|x86.ActiveCfg = SL5Debug|x86
		{0EDB7324-39CB-4BED-866C-1340037CFD5A}.SL5Release|Any CPU.ActiveCfg = SL5Release|Any CPU
		{0EDB7324-39CB-4BED-866C-1340037CFD5A}.SL5Release|x86.ActiveCfg = SL5Release|x86
		{E5E34175-B1D7-4764-92A4-B5884A2DBF86}.SL5Debug|Any CPU.ActiveCfg = SL5Debug|Any CPU
		{E5E34175-B1D7-4764-92A4-B5884A2DBF86}.SL5Debug|x86.ActiveCfg = SL5Debug|x86
		{E5E34175-B1D7-4764-92A4-B5884A2DBF86}.SL5Release|Any CPU.ActiveCfg = SL5Release|Any CPU
		{E5E34175-B1D7-4764-92A4-B5884A2DBF86}.SL5Release|x86.ActiveCfg = SL5Release|x86
		{B8A08085-7E36-475E-BA03-43A3B4593B89}.SL5Debug|Any CPU.ActiveCfg = SL5Debug|Any CPU
		{B8A08085-7E36-475E-BA03-43A3B4593B89}.SL5Debug|x86.ActiveCfg = SL5Debug|x86
		{B8A08085-7E36-475E-BA03-43A3B4593B89}.SL5Release|Any CPU.ActiveCfg = SL5Release|Any CPU
		{B8A08085-7E36-475E-BA03-43A3B4593B89}.SL5Release|x86.ActiveCfg = SL5Release|x86
		{B99D3D2B-0DF1-43D3-8542-04B3AD5BFAE2}.SL5Debug|Any CPU.ActiveCfg = SL5Debug|Any CPU
		{B99D3D2B-0DF1-43D3-8542-04B3AD5BFAE2}.SL5Debug|x86.ActiveCfg = SL5Debug|x86
		{B99D3D2B-0DF1-43D3-8542-04B3AD5BFAE2}.SL5Release|Any CPU.ActiveCfg = SL5Release|Any CPU
		{B99D3D2B-0DF1-43D3-8542-04B3AD5BFAE2}.SL5Release|x86.ActiveCfg = SL5Release|x86
		{5EF4FD98-8D4F-4441-A6C3-F75930A36618}.SL5Debug|Any CPU.ActiveCfg = SL5Debug|Any CPU
		{5EF4FD98-8D4F-4441-A6C3-F75930A36618}.SL5Debug|x86.ActiveCfg = SL5Debug|x86
		{5EF4FD98-8D4F-4441-A6C3-F75930A36618}.SL5Release|Any CPU.ActiveCfg = SL5Release|Any CPU
		{5EF4FD98-8D4F-4441-A6C3-F75930A36618}.SL5Release|x86.ActiveCfg = SL5Release|x86
		{F81A4DA2-7E93-40F1-9A7E-F76D06B7E5F1}.SL5Debug|Any CPU.ActiveCfg = SL5Debug|Any CPU
		{F81A4DA2-7E93-40F1-9A7E-F76D06B7E5F1}.SL5Debug|x86.ActiveCfg = SL5Debug|x86
		{F81A4DA2-7E93-40F1-9A7E-F76D06B7E5F1}.SL5Release|Any CPU.ActiveCfg = SL5Release|Any CPU
		{F81A4DA2-7E93-40F1-9A7E-F76D06B7E5F1}.SL5Release|x86.ActiveCfg = SL5Release|x86
		{9084C289-E14E-441B-AC02-CCCA6338F578}.SL5Debug|Any CPU.ActiveCfg = Debug|Any CPU
		{9084C289-E14E-441B-AC02-CCCA6338F578}.SL5Debug|x86.ActiveCfg = Debug|Any CPU
		{9084C289-E14E-441B-AC02-CCCA6338F578}.SL5Release|Any CPU.ActiveCfg = Release|Any CPU
		{9084C289-E14E-441B-AC02-CCCA6338F578}.SL5Release|x86.ActiveCfg = Release|Any CPU
		{45FF3045-DD29-4F9D-B36B-80F08DFE8FD6}.SL5Debug|Any CPU.ActiveCfg = Debug|Any CPU
		{45FF3045-DD29-4F9D-B36B-80F08DFE8FD6}.SL5Debug|x86.ActiveCfg = Debug|Any CPU
		{45FF3045-DD29-4F9D-B36B-80F08DFE8FD6}.SL5Release|Any CPU.ActiveCfg = Release|Any CPU
		{45FF3045-DD29-4F9D-B36B-80F08DFE8FD6}.SL5Release|x86.ActiveCfg = Release|Any CPU
		{DF2663E8-5CCB-4D39-AE18-AA71F05157F5}.SL5Debug|Any CPU.ActiveCfg = Debug|Any CPU
		{DF2663E8-5CCB-4D39-AE18-AA71F05157F5}.SL5Debug|Any CPU.Build.0 = Debug|Any CPU
		{DF2663E8-5CCB-4D39-AE18-AA71F05157F5}.SL5Debug|x86.ActiveCfg = Debug|Any CPU
		{DF2663E8-5CCB-4D39-AE18-AA71F05157F5}.SL5Release|Any CPU.ActiveCfg = Release|Any CPU
		{DF2663E8-5CCB-4D39-AE18-AA71F05157F5}.SL5Release|Any CPU.Build.0 = Release|Any CPU
		{DF2663E8-5CCB-4D39-AE18-AA71F05157F5}.SL5Release|x86.ActiveCfg = Release|Any CPU
		{42965FEF-7841-4706-82DF-9B385A1EEE70}.SL5Debug|Any CPU.ActiveCfg = Debug|Any CPU
		{42965FEF-7841-4706-82DF-9B385A1EEE70}.SL5Debug|x86.ActiveCfg = Debug|Any CPU
		{42965FEF-7841-4706-82DF-9B385A1EEE70}.SL5Release|Any CPU.ActiveCfg = Release|Any CPU
		{42965FEF-7841-4706-82DF-9B385A1EEE70}.SL5Release|x86.ActiveCfg = Release|Any CPU
		{C9FFCF3D-BFF5-4701-8084-DD178E6A902F}.SL5Debug|Any CPU.ActiveCfg = Debug|Any CPU
		{C9FFCF3D-BFF5-4701-8084-DD178E6A902F}.SL5Debug|x86.ActiveCfg = Debug|Any CPU
		{C9FFCF3D-BFF5-4701-8084-DD178E6A902F}.SL5Release|Any CPU.ActiveCfg = Release|Any CPU
		{C9FFCF3D-BFF5-4701-8084-DD178E6A902F}.SL5Release|x86.ActiveCfg = Release|Any CPU
		{63A38F72-2DBC-4F94-9C1A-4C2C85999216}.SL5Debug|Any CPU.ActiveCfg = Debug|Any CPU
		{63A38F72-2DBC-4F94-9C1A-4C2C85999216}.SL5Debug|x86.ActiveCfg = Debug|Any CPU
		{63A38F72-2DBC-4F94-9C1A-4C2C85999216}.SL5Release|Any CPU.ActiveCfg = Release|Any CPU
		{63A38F72-2DBC-4F94-9C1A-4C2C85999216}.SL5Release|x86.ActiveCfg = Release|Any CPU
		{DEFC5B4C-D547-46F9-9518-26CD300EC3EF}.SL5Debug|Any CPU.ActiveCfg = Debug|Any CPU
		{DEFC5B4C-D547-46F9-9518-26CD300EC3EF}.SL5Debug|x86.ActiveCfg = Debug|Any CPU
		{DEFC5B4C-D547-46F9-9518-26CD300EC3EF}.SL5Release|Any CPU.ActiveCfg = Release|Any CPU
		{DEFC5B4C-D547-46F9-9518-26CD300EC3EF}.SL5Release|x86.ActiveCfg = Release|Any CPU
		{E202B4E1-2CE6-401B-8C15-F3D4C8E92B90}.SL5Debug|Any CPU.ActiveCfg = Debug|Any CPU
		{E202B4E1-2CE6-401B-8C15-F3D4C8E92B90}.SL5Debug|x86.ActiveCfg = Debug|Any CPU
		{E202B4E1-2CE6-401B-8C15-F3D4C8E92B90}.SL5Release|Any CPU.ActiveCfg = Release|Any CPU
		{E202B4E1-2CE6-401B-8C15-F3D4C8E92B90}.SL5Release|x86.ActiveCfg = Release|Any CPU
		{51D5810A-17DA-4A4E-9D40-3A6E3FB74852}.SL5Debug|Any CPU.ActiveCfg = Debug|Any CPU
		{51D5810A-17DA-4A4E-9D40-3A6E3FB74852}.SL5Debug|x86.ActiveCfg = Debug|Any CPU
		{51D5810A-17DA-4A4E-9D40-3A6E3FB74852}.SL5Release|Any CPU.ActiveCfg = Release|Any CPU
		{51D5810A-17DA-4A4E-9D40-3A6E3FB74852}.SL5Release|x86.ActiveCfg = Release|Any CPU
	EndGlobalSection
	GlobalSection(SolutionProperties) = preSolution
		HideSolutionNode = FALSE
	EndGlobalSection
	GlobalSection(NestedProjects) = preSolution
		{676C7702-0B62-4E50-8211-EA5BC21A5DF5} = {1EAB961C-47EC-4015-B61E-E672AE1C82A1}
		{FC473D51-36A2-4437-BC06-92A8E92374B7} = {1EAB961C-47EC-4015-B61E-E672AE1C82A1}
		{E1A9CC1D-88A0-4CF6-9A8F-05E80D371DE4} = {1EAB961C-47EC-4015-B61E-E672AE1C82A1}
		{DC26813F-4527-477E-8068-272E10CF5C37} = {1EAB961C-47EC-4015-B61E-E672AE1C82A1}
		{F81A4DA2-7E93-40F1-9A7E-F76D06B7E5F1} = {1EAB961C-47EC-4015-B61E-E672AE1C82A1}
		{45FF3045-DD29-4F9D-B36B-80F08DFE8FD6} = {676C7702-0B62-4E50-8211-EA5BC21A5DF5}
		{9084C289-E14E-441B-AC02-CCCA6338F578} = {FC473D51-36A2-4437-BC06-92A8E92374B7}
		{DBC0EB79-D257-4991-A8B4-C96A8E559BEF} = {FC473D51-36A2-4437-BC06-92A8E92374B7}
		{C9FFCF3D-BFF5-4701-8084-DD178E6A902F} = {E1A9CC1D-88A0-4CF6-9A8F-05E80D371DE4}
		{63A38F72-2DBC-4F94-9C1A-4C2C85999216} = {E1A9CC1D-88A0-4CF6-9A8F-05E80D371DE4}
		{DEFC5B4C-D547-46F9-9518-26CD300EC3EF} = {E1A9CC1D-88A0-4CF6-9A8F-05E80D371DE4}
		{DF2663E8-5CCB-4D39-AE18-AA71F05157F5} = {DC26813F-4527-477E-8068-272E10CF5C37}
		{42965FEF-7841-4706-82DF-9B385A1EEE70} = {DC26813F-4527-477E-8068-272E10CF5C37}
		{0CA3866C-03D4-46BF-8157-E234A880F060} = {EBD96CBA-6CF8-4FC3-B200-3B31F49BC147}
		{4B199736-110C-4CF4-9A81-8AF9F8C9E66B} = {EBD96CBA-6CF8-4FC3-B200-3B31F49BC147}
		{B872A709-3A4E-4B33-9B22-E75509FA8100} = {EBD96CBA-6CF8-4FC3-B200-3B31F49BC147}
		{A4C56A5A-BF67-4BEE-9CA5-B91CB53238E8} = {EBD96CBA-6CF8-4FC3-B200-3B31F49BC147}
		{A9B352AA-24CF-42F6-9D2E-812382055F5E} = {EBD96CBA-6CF8-4FC3-B200-3B31F49BC147}
		{D6DA8F0B-6858-4696-A58D-922C5BA4310B} = {EBD96CBA-6CF8-4FC3-B200-3B31F49BC147}
		{387ECF0B-1A87-478E-A826-5F74BDCCA215} = {EBD96CBA-6CF8-4FC3-B200-3B31F49BC147}
		{3782EF9E-008D-43AE-8E25-C974371BC250} = {EBD96CBA-6CF8-4FC3-B200-3B31F49BC147}
		{A4A4146B-AA5E-4262-8370-DFC148C423B3} = {EBD96CBA-6CF8-4FC3-B200-3B31F49BC147}
		{82D00A5B-1943-4DDF-859A-7552F75CBF1F} = {EBD96CBA-6CF8-4FC3-B200-3B31F49BC147}
		{0EDB7324-39CB-4BED-866C-1340037CFD5A} = {EBD96CBA-6CF8-4FC3-B200-3B31F49BC147}
		{E5E34175-B1D7-4764-92A4-B5884A2DBF86} = {EBD96CBA-6CF8-4FC3-B200-3B31F49BC147}
		{B8A08085-7E36-475E-BA03-43A3B4593B89} = {EBD96CBA-6CF8-4FC3-B200-3B31F49BC147}
		{B99D3D2B-0DF1-43D3-8542-04B3AD5BFAE2} = {EBD96CBA-6CF8-4FC3-B200-3B31F49BC147}
		{5EF4FD98-8D4F-4441-A6C3-F75930A36618} = {EBD96CBA-6CF8-4FC3-B200-3B31F49BC147}
		{E202B4E1-2CE6-401B-8C15-F3D4C8E92B90} = {47B1A6E3-B79C-481B-9A52-10E561745651}
		{51D5810A-17DA-4A4E-9D40-3A6E3FB74852} = {47B1A6E3-B79C-481B-9A52-10E561745651}
		{8B7CF854-73A1-4882-B317-07625C13A425} = {DBD3E969-BDC9-4955-AC71-90F9A6131F9A}
		{B43CD980-792C-471F-8690-B20E39996B36} = {DBD3E969-BDC9-4955-AC71-90F9A6131F9A}
		{2CBDB2D9-F549-47E5-9BDB-CB2CBA0C9FAE} = {DBD3E969-BDC9-4955-AC71-90F9A6131F9A}
	EndGlobalSection
EndGlobal
