
Microsoft Visual Studio Solution File, Format Version 11.00
# Visual Studio 2010
Project("{2150E333-8FDC-42A3-9474-1A3956D46DE8}") = "Core", "Core", "{1EAB961C-47EC-4015-B61E-E672AE1C82A1}"
EndProject
Project("{2150E333-8FDC-42A3-9474-1A3956D46DE8}") = "Platform Managers", "Platform Managers", "{676C7702-0B62-4E50-8211-EA5BC21A5DF5}"
EndProject
Project("{2150E333-8FDC-42A3-9474-1A3956D46DE8}") = "Render Systems", "Render Systems", "{FC473D51-36A2-4437-BC06-92A8E92374B7}"
EndProject
Project("{2150E333-8FDC-42A3-9474-1A3956D46DE8}") = "Scene Managers", "Scene Managers", "{E1A9CC1D-88A0-4CF6-9A8F-05E80D371DE4}"
EndProject
Project("{2150E333-8FDC-42A3-9474-1A3956D46DE8}") = "Plugins", "Plugins", "{DC26813F-4527-477E-8068-272E10CF5C37}"
EndProject
Project("{2150E333-8FDC-42A3-9474-1A3956D46DE8}") = "Samples", "Samples", "{EBD96CBA-6CF8-4FC3-B200-3B31F49BC147}"
EndProject
Project("{2150E333-8FDC-42A3-9474-1A3956D46DE8}") = "Components", "Components", "{47B1A6E3-B79C-481B-9A52-10E561745651}"
EndProject
Project("{FAE04EC0-301F-11D3-BF4B-00C04F79EFBC}") = "Axiom.SL5", "Core\Axiom\Axiom.SL5.csproj", "{F81A4DA2-7E93-40F1-9A7E-F76D06B7E5F1}"
EndProject
Project("{FAE04EC0-301F-11D3-BF4B-00C04F79EFBC}") = "Axiom.RenderSystems.Xna.SL5", "Core\Axiom.RenderSystems.Xna\Axiom.RenderSystems.Xna.SL5.csproj", "{9084C289-E14E-441B-AC02-CCCA6338F578}"
EndProject
Project("{FAE04EC0-301F-11D3-BF4B-00C04F79EFBC}") = "Axiom.Platforms.Silverlight.SL5", "Core\Axiom.Platforms.Silverlight\Axiom.Platforms.Silverlight.SL5.csproj", "{45FF3045-DD29-4F9D-B36B-80F08DFE8FD6}"
EndProject
Project("{FAE04EC0-301F-11D3-BF4B-00C04F79EFBC}") = "Axiom.SceneManagers.PCZ.Zones.Octree.SL5", "Core\Axiom.SceneManagers.PCZ.Zones.Octree\Axiom.SceneManagers.PCZ.Zones.Octree.SL5.csproj", "{DF2663E8-5CCB-4D39-AE18-AA71F05157F5}"
EndProject
Project("{FAE04EC0-301F-11D3-BF4B-00C04F79EFBC}") = "Axiom.Plugins.ParticleFX.SL5", "Core\Axiom.Plugins.ParticleFX\Axiom.Plugins.ParticleFX.SL5.csproj", "{42965FEF-7841-4706-82DF-9B385A1EEE70}"
EndProject
Project("{FAE04EC0-301F-11D3-BF4B-00C04F79EFBC}") = "Axiom.SceneManagers.PortalConnected.SL5", "Core\Axiom.SceneManagers.PCZ\Axiom.SceneManagers.PortalConnected.SL5.csproj", "{C9FFCF3D-BFF5-4701-8084-DD178E6A902F}"
EndProject
Project("{FAE04EC0-301F-11D3-BF4B-00C04F79EFBC}") = "Axiom.SceneManagers.Octree.SL5", "Core\Axiom.SceneManagers.Octree\Axiom.SceneManagers.Octree.SL5.csproj", "{63A38F72-2DBC-4F94-9C1A-4C2C85999216}"
EndProject
Project("{FAE04EC0-301F-11D3-BF4B-00C04F79EFBC}") = "Axiom.SceneManagers.Bsp.SL5", "Core\Axiom.SceneManagers.Bsp\Axiom.SceneManagers.Bsp.SL5.csproj", "{DEFC5B4C-D547-46F9-9518-26CD300EC3EF}"
EndProject
Project("{FAE04EC0-301F-11D3-BF4B-00C04F79EFBC}") = "Axiom.Components.Paging.SL5", "Components\Axiom.Components.Paging\Axiom.Components.Paging.SL5.csproj", "{E202B4E1-2CE6-401B-8C15-F3D4C8E92B90}"
EndProject
Project("{FAE04EC0-301F-11D3-BF4B-00C04F79EFBC}") = "Axiom.Components.Terrain.SL5", "Components\Axiom.Components.Terrain\Axiom.Components.Terrain.SL5.csproj", "{51D5810A-17DA-4A4E-9D40-3A6E3FB74852}"
EndProject
Global
	GlobalSection(SolutionConfigurationPlatforms) = preSolution
		SL5Debug|Any CPU = SL5Debug|Any CPU
		SL5Debug|Mixed Platforms = SL5Debug|Mixed Platforms
		SL5Debug|x86 = SL5Debug|x86
		SL5Release|Any CPU = SL5Release|Any CPU
		SL5Release|Mixed Platforms = SL5Release|Mixed Platforms
		SL5Release|x86 = SL5Release|x86
	EndGlobalSection
	GlobalSection(ProjectConfigurationPlatforms) = postSolution
		{F81A4DA2-7E93-40F1-9A7E-F76D06B7E5F1}.SL5Debug|Any CPU.ActiveCfg = SL5Debug|Any CPU
		{F81A4DA2-7E93-40F1-9A7E-F76D06B7E5F1}.SL5Debug|Mixed Platforms.ActiveCfg = SL5Debug|Any CPU
		{F81A4DA2-7E93-40F1-9A7E-F76D06B7E5F1}.SL5Debug|Mixed Platforms.Build.0 = SL5Debug|Any CPU
		{F81A4DA2-7E93-40F1-9A7E-F76D06B7E5F1}.SL5Debug|x86.ActiveCfg = SL5Debug|x86
		{F81A4DA2-7E93-40F1-9A7E-F76D06B7E5F1}.SL5Release|Any CPU.ActiveCfg = SL5Release|Any CPU
		{F81A4DA2-7E93-40F1-9A7E-F76D06B7E5F1}.SL5Release|Mixed Platforms.ActiveCfg = SL5Release|Any CPU
		{F81A4DA2-7E93-40F1-9A7E-F76D06B7E5F1}.SL5Release|Mixed Platforms.Build.0 = SL5Release|Any CPU
		{F81A4DA2-7E93-40F1-9A7E-F76D06B7E5F1}.SL5Release|x86.ActiveCfg = SL5Release|x86
		{9084C289-E14E-441B-AC02-CCCA6338F578}.SL5Debug|Any CPU.ActiveCfg = Debug|Any CPU
		{9084C289-E14E-441B-AC02-CCCA6338F578}.SL5Debug|Mixed Platforms.ActiveCfg = Debug|Any CPU
		{9084C289-E14E-441B-AC02-CCCA6338F578}.SL5Debug|Mixed Platforms.Build.0 = Debug|Any CPU
		{9084C289-E14E-441B-AC02-CCCA6338F578}.SL5Debug|x86.ActiveCfg = Debug|Any CPU
		{9084C289-E14E-441B-AC02-CCCA6338F578}.SL5Release|Any CPU.ActiveCfg = Release|Any CPU
		{9084C289-E14E-441B-AC02-CCCA6338F578}.SL5Release|Mixed Platforms.ActiveCfg = Release|Any CPU
		{9084C289-E14E-441B-AC02-CCCA6338F578}.SL5Release|Mixed Platforms.Build.0 = Release|Any CPU
		{9084C289-E14E-441B-AC02-CCCA6338F578}.SL5Release|x86.ActiveCfg = Release|Any CPU
		{45FF3045-DD29-4F9D-B36B-80F08DFE8FD6}.SL5Debug|Any CPU.ActiveCfg = Debug|Any CPU
		{45FF3045-DD29-4F9D-B36B-80F08DFE8FD6}.SL5Debug|Mixed Platforms.ActiveCfg = Debug|Any CPU
		{45FF3045-DD29-4F9D-B36B-80F08DFE8FD6}.SL5Debug|Mixed Platforms.Build.0 = Debug|Any CPU
		{45FF3045-DD29-4F9D-B36B-80F08DFE8FD6}.SL5Debug|x86.ActiveCfg = Debug|Any CPU
		{45FF3045-DD29-4F9D-B36B-80F08DFE8FD6}.SL5Release|Any CPU.ActiveCfg = Release|Any CPU
		{45FF3045-DD29-4F9D-B36B-80F08DFE8FD6}.SL5Release|Mixed Platforms.ActiveCfg = Release|Any CPU
		{45FF3045-DD29-4F9D-B36B-80F08DFE8FD6}.SL5Release|Mixed Platforms.Build.0 = Release|Any CPU
		{45FF3045-DD29-4F9D-B36B-80F08DFE8FD6}.SL5Release|x86.ActiveCfg = Release|Any CPU
		{DF2663E8-5CCB-4D39-AE18-AA71F05157F5}.SL5Debug|Any CPU.ActiveCfg = Debug|Any CPU
		{DF2663E8-5CCB-4D39-AE18-AA71F05157F5}.SL5Debug|Any CPU.Build.0 = Debug|Any CPU
		{DF2663E8-5CCB-4D39-AE18-AA71F05157F5}.SL5Debug|Mixed Platforms.ActiveCfg = Debug|Any CPU
		{DF2663E8-5CCB-4D39-AE18-AA71F05157F5}.SL5Debug|Mixed Platforms.Build.0 = Debug|Any CPU
		{DF2663E8-5CCB-4D39-AE18-AA71F05157F5}.SL5Debug|x86.ActiveCfg = Debug|Any CPU
		{DF2663E8-5CCB-4D39-AE18-AA71F05157F5}.SL5Release|Any CPU.ActiveCfg = Release|Any CPU
		{DF2663E8-5CCB-4D39-AE18-AA71F05157F5}.SL5Release|Any CPU.Build.0 = Release|Any CPU
		{DF2663E8-5CCB-4D39-AE18-AA71F05157F5}.SL5Release|Mixed Platforms.ActiveCfg = Release|Any CPU
		{DF2663E8-5CCB-4D39-AE18-AA71F05157F5}.SL5Release|Mixed Platforms.Build.0 = Release|Any CPU
		{DF2663E8-5CCB-4D39-AE18-AA71F05157F5}.SL5Release|x86.ActiveCfg = Release|Any CPU
		{42965FEF-7841-4706-82DF-9B385A1EEE70}.SL5Debug|Any CPU.ActiveCfg = Debug|Any CPU
		{42965FEF-7841-4706-82DF-9B385A1EEE70}.SL5Debug|Mixed Platforms.ActiveCfg = Debug|Any CPU
		{42965FEF-7841-4706-82DF-9B385A1EEE70}.SL5Debug|Mixed Platforms.Build.0 = Debug|Any CPU
		{42965FEF-7841-4706-82DF-9B385A1EEE70}.SL5Debug|x86.ActiveCfg = Debug|Any CPU
		{42965FEF-7841-4706-82DF-9B385A1EEE70}.SL5Release|Any CPU.ActiveCfg = Release|Any CPU
		{42965FEF-7841-4706-82DF-9B385A1EEE70}.SL5Release|Mixed Platforms.ActiveCfg = Release|Any CPU
		{42965FEF-7841-4706-82DF-9B385A1EEE70}.SL5Release|Mixed Platforms.Build.0 = Release|Any CPU
		{42965FEF-7841-4706-82DF-9B385A1EEE70}.SL5Release|x86.ActiveCfg = Release|Any CPU
		{C9FFCF3D-BFF5-4701-8084-DD178E6A902F}.SL5Debug|Any CPU.ActiveCfg = Debug|Any CPU
		{C9FFCF3D-BFF5-4701-8084-DD178E6A902F}.SL5Debug|Mixed Platforms.ActiveCfg = Debug|Any CPU
		{C9FFCF3D-BFF5-4701-8084-DD178E6A902F}.SL5Debug|Mixed Platforms.Build.0 = Debug|Any CPU
		{C9FFCF3D-BFF5-4701-8084-DD178E6A902F}.SL5Debug|x86.ActiveCfg = Debug|Any CPU
		{C9FFCF3D-BFF5-4701-8084-DD178E6A902F}.SL5Release|Any CPU.ActiveCfg = Release|Any CPU
		{C9FFCF3D-BFF5-4701-8084-DD178E6A902F}.SL5Release|Mixed Platforms.ActiveCfg = Release|Any CPU
		{C9FFCF3D-BFF5-4701-8084-DD178E6A902F}.SL5Release|Mixed Platforms.Build.0 = Release|Any CPU
		{C9FFCF3D-BFF5-4701-8084-DD178E6A902F}.SL5Release|x86.ActiveCfg = Release|Any CPU
		{63A38F72-2DBC-4F94-9C1A-4C2C85999216}.SL5Debug|Any CPU.ActiveCfg = Debug|Any CPU
		{63A38F72-2DBC-4F94-9C1A-4C2C85999216}.SL5Debug|Mixed Platforms.ActiveCfg = Debug|Any CPU
		{63A38F72-2DBC-4F94-9C1A-4C2C85999216}.SL5Debug|Mixed Platforms.Build.0 = Debug|Any CPU
		{63A38F72-2DBC-4F94-9C1A-4C2C85999216}.SL5Debug|x86.ActiveCfg = Debug|Any CPU
		{63A38F72-2DBC-4F94-9C1A-4C2C85999216}.SL5Release|Any CPU.ActiveCfg = Release|Any CPU
		{63A38F72-2DBC-4F94-9C1A-4C2C85999216}.SL5Release|Mixed Platforms.ActiveCfg = Release|Any CPU
		{63A38F72-2DBC-4F94-9C1A-4C2C85999216}.SL5Release|Mixed Platforms.Build.0 = Release|Any CPU
		{63A38F72-2DBC-4F94-9C1A-4C2C85999216}.SL5Release|x86.ActiveCfg = Release|Any CPU
		{DEFC5B4C-D547-46F9-9518-26CD300EC3EF}.SL5Debug|Any CPU.ActiveCfg = Debug|Any CPU
		{DEFC5B4C-D547-46F9-9518-26CD300EC3EF}.SL5Debug|Mixed Platforms.ActiveCfg = Debug|Any CPU
		{DEFC5B4C-D547-46F9-9518-26CD300EC3EF}.SL5Debug|Mixed Platforms.Build.0 = Debug|Any CPU
		{DEFC5B4C-D547-46F9-9518-26CD300EC3EF}.SL5Debug|x86.ActiveCfg = Debug|Any CPU
		{DEFC5B4C-D547-46F9-9518-26CD300EC3EF}.SL5Release|Any CPU.ActiveCfg = Release|Any CPU
		{DEFC5B4C-D547-46F9-9518-26CD300EC3EF}.SL5Release|Mixed Platforms.ActiveCfg = Release|Any CPU
		{DEFC5B4C-D547-46F9-9518-26CD300EC3EF}.SL5Release|Mixed Platforms.Build.0 = Release|Any CPU
		{DEFC5B4C-D547-46F9-9518-26CD300EC3EF}.SL5Release|x86.ActiveCfg = Release|Any CPU
		{E202B4E1-2CE6-401B-8C15-F3D4C8E92B90}.SL5Debug|Any CPU.ActiveCfg = Debug|Any CPU
		{E202B4E1-2CE6-401B-8C15-F3D4C8E92B90}.SL5Debug|Mixed Platforms.ActiveCfg = Debug|Any CPU
		{E202B4E1-2CE6-401B-8C15-F3D4C8E92B90}.SL5Debug|Mixed Platforms.Build.0 = Debug|Any CPU
		{E202B4E1-2CE6-401B-8C15-F3D4C8E92B90}.SL5Debug|x86.ActiveCfg = Debug|Any CPU
		{E202B4E1-2CE6-401B-8C15-F3D4C8E92B90}.SL5Release|Any CPU.ActiveCfg = Release|Any CPU
		{E202B4E1-2CE6-401B-8C15-F3D4C8E92B90}.SL5Release|Mixed Platforms.ActiveCfg = Release|Any CPU
		{E202B4E1-2CE6-401B-8C15-F3D4C8E92B90}.SL5Release|Mixed Platforms.Build.0 = Release|Any CPU
		{E202B4E1-2CE6-401B-8C15-F3D4C8E92B90}.SL5Release|x86.ActiveCfg = Release|Any CPU
		{51D5810A-17DA-4A4E-9D40-3A6E3FB74852}.SL5Debug|Any CPU.ActiveCfg = Debug|Any CPU
		{51D5810A-17DA-4A4E-9D40-3A6E3FB74852}.SL5Debug|Mixed Platforms.ActiveCfg = Debug|Any CPU
		{51D5810A-17DA-4A4E-9D40-3A6E3FB74852}.SL5Debug|Mixed Platforms.Build.0 = Debug|Any CPU
		{51D5810A-17DA-4A4E-9D40-3A6E3FB74852}.SL5Debug|x86.ActiveCfg = Debug|Any CPU
		{51D5810A-17DA-4A4E-9D40-3A6E3FB74852}.SL5Release|Any CPU.ActiveCfg = Release|Any CPU
		{51D5810A-17DA-4A4E-9D40-3A6E3FB74852}.SL5Release|Mixed Platforms.ActiveCfg = Release|Any CPU
		{51D5810A-17DA-4A4E-9D40-3A6E3FB74852}.SL5Release|Mixed Platforms.Build.0 = Release|Any CPU
		{51D5810A-17DA-4A4E-9D40-3A6E3FB74852}.SL5Release|x86.ActiveCfg = Release|Any CPU
	EndGlobalSection
	GlobalSection(SolutionProperties) = preSolution
		HideSolutionNode = FALSE
	EndGlobalSection
	GlobalSection(NestedProjects) = preSolution
		{676C7702-0B62-4E50-8211-EA5BC21A5DF5} = {1EAB961C-47EC-4015-B61E-E672AE1C82A1}
		{FC473D51-36A2-4437-BC06-92A8E92374B7} = {1EAB961C-47EC-4015-B61E-E672AE1C82A1}
		{E1A9CC1D-88A0-4CF6-9A8F-05E80D371DE4} = {1EAB961C-47EC-4015-B61E-E672AE1C82A1}
		{DC26813F-4527-477E-8068-272E10CF5C37} = {1EAB961C-47EC-4015-B61E-E672AE1C82A1}
		{F81A4DA2-7E93-40F1-9A7E-F76D06B7E5F1} = {1EAB961C-47EC-4015-B61E-E672AE1C82A1}
		{45FF3045-DD29-4F9D-B36B-80F08DFE8FD6} = {676C7702-0B62-4E50-8211-EA5BC21A5DF5}
		{9084C289-E14E-441B-AC02-CCCA6338F578} = {FC473D51-36A2-4437-BC06-92A8E92374B7}
		{C9FFCF3D-BFF5-4701-8084-DD178E6A902F} = {E1A9CC1D-88A0-4CF6-9A8F-05E80D371DE4}
		{63A38F72-2DBC-4F94-9C1A-4C2C85999216} = {E1A9CC1D-88A0-4CF6-9A8F-05E80D371DE4}
		{DEFC5B4C-D547-46F9-9518-26CD300EC3EF} = {E1A9CC1D-88A0-4CF6-9A8F-05E80D371DE4}
		{DF2663E8-5CCB-4D39-AE18-AA71F05157F5} = {DC26813F-4527-477E-8068-272E10CF5C37}
		{42965FEF-7841-4706-82DF-9B385A1EEE70} = {DC26813F-4527-477E-8068-272E10CF5C37}
		{E202B4E1-2CE6-401B-8C15-F3D4C8E92B90} = {47B1A6E3-B79C-481B-9A52-10E561745651}
		{51D5810A-17DA-4A4E-9D40-3A6E3FB74852} = {47B1A6E3-B79C-481B-9A52-10E561745651}
	EndGlobalSection
EndGlobal
