
Microsoft Visual Studio Solution File, Format Version 11.00
# Visual Studio 2010
Project("{2150E333-8FDC-42A3-9474-1A3956D46DE8}") = "Core", "Core", "{1EAB961C-47EC-4015-B61E-E672AE1C82A1}"
EndProject
Project("{FAE04EC0-301F-11D3-BF4B-00C04F79EFBC}") = "Axiom.OSX", "Core\Axiom\Axiom.OSX.csproj", "{BAA6AE8A-B259-4883-9805-CE538660A59A}"
EndProject
Project("{FAE04EC0-301F-11D3-BF4B-00C04F79EFBC}") = "Axiom.RenderSystems.OpenGL.OSX", "Core\Axiom.RenderSystems.OpenGL\Axiom.RenderSystems.OpenGL.OSX.csproj", "{B4CE9E05-F5E9-4839-A928-27B4D30F4EE3}"
EndProject
Project("{FAE04EC0-301F-11D3-BF4B-00C04F79EFBC}") = "Axiom.Platforms.OSX", "Core\Axiom.Platforms.OSX\Axiom.Platforms.OSX.csproj", "{081F78DE-8224-4CA6-BD34-8B7939CF21AB}"
EndProject
Project("{FAE04EC0-301F-11D3-BF4B-00C04F79EFBC}") = "Axiom.Plugins.FreeImageCodecs.OSX", "Core\Axiom.Plugins.FreeImageCodecs\Axiom.Plugins.FreeImageCodecs.OSX.csproj", "{3FA3E842-91DE-4A78-99A8-DE3546763136}"
EndProject
Project("{2150E333-8FDC-42A3-9474-1A3956D46DE8}") = "Framework", "Framework", "{7019B845-6A46-406F-864C-AC9DCE41CE3C}"
EndProject
Project("{FAE04EC0-301F-11D3-BF4B-00C04F79EFBC}") = "Axiom.Framework.OSX", "Framework\Axiom.Framework\Axiom.Framework.OSX.csproj", "{AF0AAC88-68C8-4CF4-AFFA-526AD899758A}"
EndProject
Project("{2150E333-8FDC-42A3-9474-1A3956D46DE8}") = "Samples", "Samples", "{4A833E18-CD75-4536-AEF5-CEAC4E9592A6}"
EndProject
Project("{FAE04EC0-301F-11D3-BF4B-00C04F79EFBC}") = "Axiom.Samples.Common.OSX", "Samples\Axiom.Samples.Common\Axiom.Samples.Common.OSX.csproj", "{A9B352AA-24CF-42F6-9D2E-812382055F5E}"
EndProject
Project("{FAE04EC0-301F-11D3-BF4B-00C04F79EFBC}") = "Axiom.Samples.Browser.OSX", "Samples\Axiom.Samples.Browser\Axiom.Samples.Browser.OSX.csproj", "{4E65C33E-A3AA-4DBB-988F-03A291A06ECF}"
EndProject
Global
	GlobalSection(SolutionConfigurationPlatforms) = preSolution
		Debug|Any CPU = Debug|Any CPU
		Release|Any CPU = Release|Any CPU
	EndGlobalSection
	GlobalSection(ProjectConfigurationPlatforms) = postSolution
		{081F78DE-8224-4CA6-BD34-8B7939CF21AB}.Debug|Any CPU.ActiveCfg = Debug|Any CPU
		{081F78DE-8224-4CA6-BD34-8B7939CF21AB}.Debug|Any CPU.Build.0 = Debug|Any CPU
		{081F78DE-8224-4CA6-BD34-8B7939CF21AB}.Release|Any CPU.ActiveCfg = Release|Any CPU
		{081F78DE-8224-4CA6-BD34-8B7939CF21AB}.Release|Any CPU.Build.0 = Release|Any CPU
		{3FA3E842-91DE-4A78-99A8-DE3546763136}.Debug|Any CPU.ActiveCfg = Debug|Any CPU
		{3FA3E842-91DE-4A78-99A8-DE3546763136}.Debug|Any CPU.Build.0 = Debug|Any CPU
		{3FA3E842-91DE-4A78-99A8-DE3546763136}.Release|Any CPU.ActiveCfg = Release|Any CPU
		{3FA3E842-91DE-4A78-99A8-DE3546763136}.Release|Any CPU.Build.0 = Release|Any CPU
		{4E65C33E-A3AA-4DBB-988F-03A291A06ECF}.Debug|Any CPU.ActiveCfg = Debug|Any CPU
		{4E65C33E-A3AA-4DBB-988F-03A291A06ECF}.Debug|Any CPU.Build.0 = Debug|Any CPU
		{4E65C33E-A3AA-4DBB-988F-03A291A06ECF}.Release|Any CPU.ActiveCfg = Release|Any CPU
		{4E65C33E-A3AA-4DBB-988F-03A291A06ECF}.Release|Any CPU.Build.0 = Release|Any CPU
		{A9B352AA-24CF-42F6-9D2E-812382055F5E}.Debug|Any CPU.ActiveCfg = Debug|Any CPU
		{A9B352AA-24CF-42F6-9D2E-812382055F5E}.Debug|Any CPU.Build.0 = Debug|Any CPU
		{A9B352AA-24CF-42F6-9D2E-812382055F5E}.Release|Any CPU.ActiveCfg = Release|Any CPU
		{A9B352AA-24CF-42F6-9D2E-812382055F5E}.Release|Any CPU.Build.0 = Release|Any CPU
		{AF0AAC88-68C8-4CF4-AFFA-526AD899758A}.Debug|Any CPU.ActiveCfg = Debug|Any CPU
		{AF0AAC88-68C8-4CF4-AFFA-526AD899758A}.Debug|Any CPU.Build.0 = Debug|Any CPU
		{AF0AAC88-68C8-4CF4-AFFA-526AD899758A}.Release|Any CPU.ActiveCfg = Release|Any CPU
		{AF0AAC88-68C8-4CF4-AFFA-526AD899758A}.Release|Any CPU.Build.0 = Release|Any CPU
		{B4CE9E05-F5E9-4839-A928-27B4D30F4EE3}.Debug|Any CPU.ActiveCfg = Debug|Any CPU
		{B4CE9E05-F5E9-4839-A928-27B4D30F4EE3}.Debug|Any CPU.Build.0 = Debug|Any CPU
		{B4CE9E05-F5E9-4839-A928-27B4D30F4EE3}.Release|Any CPU.ActiveCfg = Release|Any CPU
		{B4CE9E05-F5E9-4839-A928-27B4D30F4EE3}.Release|Any CPU.Build.0 = Release|Any CPU
		{BAA6AE8A-B259-4883-9805-CE538660A59A}.Debug|Any CPU.ActiveCfg = Debug|Any CPU
		{BAA6AE8A-B259-4883-9805-CE538660A59A}.Debug|Any CPU.Build.0 = Debug|Any CPU
		{BAA6AE8A-B259-4883-9805-CE538660A59A}.Release|Any CPU.ActiveCfg = Release|Any CPU
		{BAA6AE8A-B259-4883-9805-CE538660A59A}.Release|Any CPU.Build.0 = Release|Any CPU
	EndGlobalSection
	GlobalSection(NestedProjects) = preSolution
		{BAA6AE8A-B259-4883-9805-CE538660A59A} = {1EAB961C-47EC-4015-B61E-E672AE1C82A1}
		{B4CE9E05-F5E9-4839-A928-27B4D30F4EE3} = {1EAB961C-47EC-4015-B61E-E672AE1C82A1}
		{081F78DE-8224-4CA6-BD34-8B7939CF21AB} = {1EAB961C-47EC-4015-B61E-E672AE1C82A1}
		{3FA3E842-91DE-4A78-99A8-DE3546763136} = {1EAB961C-47EC-4015-B61E-E672AE1C82A1}
		{AF0AAC88-68C8-4CF4-AFFA-526AD899758A} = {7019B845-6A46-406F-864C-AC9DCE41CE3C}
		{A9B352AA-24CF-42F6-9D2E-812382055F5E} = {4A833E18-CD75-4536-AEF5-CEAC4E9592A6}
		{4E65C33E-A3AA-4DBB-988F-03A291A06ECF} = {4A833E18-CD75-4536-AEF5-CEAC4E9592A6}
	EndGlobalSection
	GlobalSection(MonoDevelopProperties) = preSolution
		StartupItem = Samples\Axiom.Samples.Browser\Axiom.Samples.Browser.OSX.csproj
		Policies = $0
		$0.DotNetNamingPolicy = $1
		$1.DirectoryNamespaceAssociation = None
		$1.ResourceNamePolicy = FileFormatDefault
		$0.StandardHeader = $2
		$2.Text = 
		$2.IncludeInNewFiles = True
		$0.VersionControlPolicy = $3
		$3.inheritsSet = Mono
	EndGlobalSection
	GlobalSection(SolutionProperties) = preSolution
		HideSolutionNode = FALSE
	EndGlobalSection
	GlobalSection(ExtensibilityGlobals) = postSolution
		CodeStyleEnforcer_Active = -1
		CodeStyleEnforcer_RulesLocation = 0
	EndGlobalSection
EndGlobal
